{
  "version": 4,
  "terraform_version": "1.12.2",
  "serial": 150,
  "lineage": "9d35a593-e181-3285-9749-855459b86a5e",
  "outputs": {
    "jumpbox_vm_admin_password": {
      "value": "\u003c6N%Slg%Whh]n+2E",
      "type": "string",
      "sensitive": true
    }
  },
  "resources": [
    {
      "mode": "data",
      "type": "azurerm_client_config",
      "name": "current",
      "provider": "provider[\"registry.terraform.io/hashicorp/azurerm\"]",
      "instances": [
        {
          "schema_version": 0,
          "attributes": {
            "client_id": "04b07795-8ddb-461a-bbee-02f9e1bf7b46",
            "id": "Y2xpZW50Q29uZmlncy9jbGllbnRJZD0wNGIwNzc5NS04ZGRiLTQ2MWEtYmJlZS0wMmY5ZTFiZjdiNDY7b2JqZWN0SWQ9MDgyNjdkNzQtNzMyYS00ZDQyLWE3YzQtYWQ2ZTVlNTIzOTI1O3N1YnNjcmlwdGlvbklkPWUzMmRhYmZjLTE5MDQtNGFlNy1hNTQzLTFkYjAxM2IzYzYwYzt0ZW5hbnRJZD05OTE1M2M2Ni0wNGRhLTQ1MzQtYjgzZi0wMDBkMDQ1ZWE4YWY=",
            "object_id": "08267d74-732a-4d42-a7c4-ad6e5e523925",
            "subscription_id": "e32dabfc-1904-4ae7-a543-1db013b3c60c",
            "tenant_id": "99153c66-04da-4534-b83f-000d045ea8af",
            "timeouts": null
          },
          "sensitive_attributes": [],
          "identity_schema_version": 0
        }
      ]
    },
    {
      "mode": "data",
      "type": "azurerm_subscription",
      "name": "primary",
      "provider": "provider[\"registry.terraform.io/hashicorp/azurerm\"]",
      "instances": [
        {
          "schema_version": 0,
          "attributes": {
            "display_name": "ME-MngEnvMCAP069409-akhajour-1",
            "id": "/subscriptions/e32dabfc-1904-4ae7-a543-1db013b3c60c",
            "location_placement_id": "Internal_2014-09-01",
            "quota_id": "Internal_2014-09-01",
            "spending_limit": "Off",
            "state": "Enabled",
            "subscription_id": "e32dabfc-1904-4ae7-a543-1db013b3c60c",
            "tags": {
              "Division": "Core",
              "Environment": "Hybrid",
              "Purpose": "UserTenant",
              "TimeZone": "_P29145_France_444350001"
            },
            "tenant_id": "99153c66-04da-4534-b83f-000d045ea8af",
            "timeouts": null
          },
          "sensitive_attributes": [],
          "identity_schema_version": 0
        }
      ]
    },
    {
      "mode": "managed",
      "type": "azapi_resource",
      "name": "ai_foundry_instance",
      "provider": "provider[\"registry.terraform.io/azure/azapi\"]",
      "instances": [
        {
          "schema_version": 2,
          "attributes": {
            "body": {
              "value": {
                "kind": "AIServices",
                "properties": {
                  "allowProjectManagement": true,
                  "customSubDomainName": "aif-assistant",
                  "defaultProject": "project-001",
                  "networkAcls": {
                    "defaultAction": "Deny",
                    "ipRules": [],
                    "virtualNetworkRules": [
                      {
                        "id": "/subscriptions/e32dabfc-1904-4ae7-a543-1db013b3c60c/resourceGroups/rg-assistant/providers/Microsoft.Network/virtualNetworks/vnet_ai_services/subnets/subnet-jumpbox",
                        "ignoreMissingVnetServiceEndpoint": true
                      },
                      {
                        "id": "/subscriptions/e32dabfc-1904-4ae7-a543-1db013b3c60c/resourceGroups/rg-assistant/providers/Microsoft.Network/virtualNetworks/vnet_ai_services/subnets/subnet-pep",
                        "ignoreMissingVnetServiceEndpoint": false
                      }
                    ]
                  },
                  "networkInjections": null,
                  "publicNetworkAccess": "Enabled",
                  "restore": false
                },
                "sku": {
                  "name": "S0"
                }
              },
              "type": [
                "object",
                {
                  "kind": "string",
                  "properties": [
                    "object",
                    {
                      "allowProjectManagement": "bool",
                      "customSubDomainName": "string",
                      "defaultProject": "string",
                      "networkAcls": [
                        "object",
                        {
                          "defaultAction": "string",
                          "ipRules": [
                            "tuple",
                            []
                          ],
                          "virtualNetworkRules": [
                            "tuple",
                            [
                              [
                                "object",
                                {
                                  "id": "string",
                                  "ignoreMissingVnetServiceEndpoint": "bool"
                                }
                              ],
                              [
                                "object",
                                {
                                  "id": "string",
                                  "ignoreMissingVnetServiceEndpoint": "bool"
                                }
                              ]
                            ]
                          ]
                        }
                      ],
                      "networkInjections": [
                        "tuple",
                        [
                          [
                            "object",
                            {
                              "subnetArmId": "string",
                              "useMicrosoftManagedNetwork": "bool"
                            }
                          ]
                        ]
                      ],
                      "publicNetworkAccess": "string",
                      "restore": "bool"
                    }
                  ],
                  "sku": [
                    "object",
                    {
                      "name": "string"
                    }
                  ]
                }
              ]
            },
            "create_headers": null,
            "create_query_parameters": null,
            "delete_headers": null,
            "delete_query_parameters": null,
            "id": "/subscriptions/e32dabfc-1904-4ae7-a543-1db013b3c60c/resourceGroups/rg-assistant/providers/Microsoft.CognitiveServices/accounts/aif-assistant",
            "identity": [
              {
                "identity_ids": null,
                "principal_id": "dda26dc6-5056-44fb-a87f-5dc7b8e507d3",
                "tenant_id": "99153c66-04da-4534-b83f-000d045ea8af",
                "type": "SystemAssigned"
              }
            ],
            "ignore_casing": false,
            "ignore_missing_property": true,
            "ignore_null_property": false,
            "location": "swedencentral",
            "locks": null,
            "name": "aif-assistant",
            "output": {
              "value": {
                "id": "/subscriptions/e32dabfc-1904-4ae7-a543-1db013b3c60c/resourceGroups/rg-assistant/providers/Microsoft.CognitiveServices/accounts/aif-assistant",
                "identity": {
                  "principalId": "dda26dc6-5056-44fb-a87f-5dc7b8e507d3",
                  "tenantId": "99153c66-04da-4534-b83f-000d045ea8af"
                },
                "properties": {
                  "associatedProjects": [
                    "project-001"
                  ],
                  "callRateLimit": {
                    "rules": [
                      {
                        "matchPatterns": [
                          {}
                        ]
                      },
                      {
                        "matchPatterns": [
                          {}
                        ]
                      },
                      {
                        "matchPatterns": [
                          {}
                        ]
                      },
                      {
                        "matchPatterns": [
                          {}
                        ]
                      },
                      {
                        "matchPatterns": [
                          {}
                        ]
                      },
                      {
                        "matchPatterns": [
                          {}
                        ]
                      },
                      {
                        "matchPatterns": [
                          {}
                        ]
                      },
                      {
                        "matchPatterns": [
                          {}
                        ]
                      },
                      {
                        "matchPatterns": [
                          {}
                        ]
                      },
                      {
                        "matchPatterns": [
                          {}
                        ]
                      },
                      {
                        "matchPatterns": [
                          {}
                        ]
                      },
                      {
                        "matchPatterns": [
                          {}
                        ]
                      },
                      {
                        "matchPatterns": [
                          {}
                        ]
                      },
                      {
                        "matchPatterns": [
                          {}
                        ]
                      },
                      {
                        "matchPatterns": [
                          {}
                        ]
                      },
                      {
                        "matchPatterns": [
                          {}
                        ]
                      },
                      {
                        "matchPatterns": [
                          {}
                        ]
                      },
                      {
                        "matchPatterns": [
                          {}
                        ]
                      },
                      {
                        "matchPatterns": [
                          {}
                        ]
                      },
                      {
                        "matchPatterns": [
                          {}
                        ]
                      },
                      {
                        "matchPatterns": [
                          {}
                        ]
                      },
                      {
                        "matchPatterns": [
                          {}
                        ]
                      },
                      {
                        "matchPatterns": [
                          {}
                        ]
                      },
                      {
                        "matchPatterns": [
                          {}
                        ]
                      },
                      {
                        "matchPatterns": [
                          {}
                        ]
                      },
                      {
                        "matchPatterns": [
                          {}
                        ]
                      },
                      {
                        "matchPatterns": [
                          {}
                        ]
                      },
                      {
                        "matchPatterns": [
                          {}
                        ]
                      },
                      {
                        "matchPatterns": [
                          {}
                        ]
                      },
                      {
                        "matchPatterns": [
                          {}
                        ]
                      },
                      {
                        "matchPatterns": [
                          {},
                          {},
                          {}
                        ]
                      },
                      {
                        "matchPatterns": [
                          {},
                          {},
                          {}
                        ]
                      },
                      {
                        "matchPatterns": [
                          {}
                        ]
                      },
                      {
                        "matchPatterns": [
                          {}
                        ]
                      },
                      {
                        "matchPatterns": [
                          {}
                        ]
                      },
                      {
                        "matchPatterns": [
                          {}
                        ]
                      },
                      {
                        "matchPatterns": [
                          {}
                        ]
                      },
                      {
                        "matchPatterns": [
                          {}
                        ]
                      },
                      {
                        "matchPatterns": [
                          {}
                        ]
                      },
                      {
                        "matchPatterns": [
                          {}
                        ]
                      },
                      {
                        "matchPatterns": [
                          {}
                        ]
                      },
                      {
                        "matchPatterns": [
                          {}
                        ]
                      },
                      {
                        "matchPatterns": [
                          {}
                        ]
                      },
                      {
                        "matchPatterns": [
                          {}
                        ]
                      },
                      {
                        "matchPatterns": [
                          {}
                        ]
                      },
                      {
                        "matchPatterns": [
                          {}
                        ]
                      },
                      {
                        "matchPatterns": [
                          {}
                        ]
                      },
                      {
                        "matchPatterns": [
                          {}
                        ]
                      },
                      {
                        "matchPatterns": [
                          {}
                        ]
                      },
                      {
                        "matchPatterns": [
                          {},
                          {},
                          {}
                        ]
                      },
                      {
                        "matchPatterns": [
                          {}
                        ]
                      },
                      {
                        "matchPatterns": [
                          {}
                        ]
                      },
                      {
                        "matchPatterns": [
                          {}
                        ]
                      },
                      {
                        "matchPatterns": [
                          {}
                        ]
                      },
                      {
                        "matchPatterns": [
                          {},
                          {}
                        ]
                      },
                      {
                        "matchPatterns": [
                          {}
                        ]
                      },
                      {
                        "matchPatterns": [
                          {},
                          {},
                          {},
                          {},
                          {},
                          {},
                          {},
                          {},
                          {},
                          {},
                          {},
                          {},
                          {},
                          {},
                          {},
                          {}
                        ]
                      },
                      {
                        "matchPatterns": [
                          {},
                          {},
                          {},
                          {},
                          {},
                          {},
                          {},
                          {},
                          {},
                          {},
                          {},
                          {},
                          {},
                          {},
                          {},
                          {},
                          {},
                          {},
                          {},
                          {},
                          {},
                          {},
                          {},
                          {},
                          {}
                        ]
                      },
                      {
                        "matchPatterns": [
                          {},
                          {},
                          {},
                          {},
                          {},
                          {},
                          {},
                          {},
                          {},
                          {}
                        ]
                      },
                      {
                        "matchPatterns": [
                          {},
                          {},
                          {},
                          {},
                          {},
                          {},
                          {},
                          {},
                          {},
                          {},
                          {},
                          {},
                          {},
                          {},
                          {},
                          {},
                          {},
                          {},
                          {},
                          {},
                          {},
                          {},
                          {},
                          {},
                          {}
                        ]
                      },
                      {
                        "matchPatterns": [
                          {}
                        ]
                      },
                      {
                        "matchPatterns": [
                          {}
                        ]
                      },
                      {
                        "matchPatterns": [
                          {},
                          {},
                          {},
                          {}
                        ]
                      },
                      {
                        "matchPatterns": [
                          {},
                          {},
                          {}
                        ]
                      },
                      {
                        "matchPatterns": [
                          {}
                        ]
                      },
                      {
                        "matchPatterns": [
                          {}
                        ]
                      },
                      {
                        "matchPatterns": [
                          {}
                        ]
                      },
                      {
                        "matchPatterns": [
                          {}
                        ]
                      },
                      {
                        "matchPatterns": [
                          {}
                        ]
                      },
                      {
                        "matchPatterns": [
                          {}
                        ]
                      },
                      {
                        "matchPatterns": [
                          {}
                        ]
                      },
                      {
                        "matchPatterns": [
                          {}
                        ]
                      },
                      {
                        "matchPatterns": [
                          {}
                        ]
                      },
                      {
                        "matchPatterns": [
                          {}
                        ]
                      },
                      {
                        "matchPatterns": [
                          {}
                        ]
                      },
                      {
                        "matchPatterns": [
                          {}
                        ]
                      },
                      {
                        "matchPatterns": [
                          {}
                        ]
                      },
                      {
                        "matchPatterns": [
                          {}
                        ]
                      },
                      {
                        "matchPatterns": [
                          {}
                        ]
                      },
                      {
                        "matchPatterns": [
                          {}
                        ]
                      },
                      {
                        "matchPatterns": [
                          {}
                        ]
                      },
                      {
                        "matchPatterns": [
                          {}
                        ]
                      },
                      {
                        "matchPatterns": [
                          {}
                        ]
                      },
                      {
                        "matchPatterns": [
                          {}
                        ]
                      },
                      {
                        "matchPatterns": [
                          {}
                        ]
                      },
                      {
                        "matchPatterns": [
                          {}
                        ]
                      },
                      {
                        "matchPatterns": [
                          {}
                        ]
                      },
                      {
                        "matchPatterns": [
                          {}
                        ]
                      },
                      {
                        "matchPatterns": [
                          {}
                        ]
                      },
                      {
                        "matchPatterns": [
                          {}
                        ]
                      },
                      {
                        "matchPatterns": [
                          {}
                        ]
                      },
                      {
                        "matchPatterns": [
                          {}
                        ]
                      },
                      {
                        "matchPatterns": [
                          {}
                        ]
                      },
                      {
                        "matchPatterns": [
                          {},
                          {},
                          {},
                          {},
                          {},
                          {}
                        ]
                      },
                      {
                        "matchPatterns": [
                          {}
                        ]
                      },
                      {
                        "matchPatterns": [
                          {},
                          {},
                          {}
                        ]
                      },
                      {
                        "matchPatterns": [
                          {},
                          {},
                          {},
                          {}
                        ]
                      },
                      {
                        "matchPatterns": [
                          {},
                          {},
                          {},
                          {},
                          {},
                          {},
                          {},
                          {},
                          {},
                          {},
                          {}
                        ]
                      },
                      {
                        "matchPatterns": [
                          {}
                        ]
                      },
                      {
                        "matchPatterns": [
                          {},
                          {}
                        ]
                      },
                      {
                        "matchPatterns": [
                          {},
                          {}
                        ]
                      },
                      {
                        "matchPatterns": [
                          {}
                        ]
                      },
                      {
                        "matchPatterns": [
                          {}
                        ]
                      },
                      {
                        "matchPatterns": [
                          {}
                        ]
                      },
                      {
                        "matchPatterns": [
                          {},
                          {},
                          {},
                          {},
                          {},
                          {}
                        ]
                      },
                      {
                        "matchPatterns": [
                          {},
                          {}
                        ]
                      },
                      {
                        "matchPatterns": [
                          {},
                          {}
                        ]
                      },
                      {
                        "matchPatterns": [
                          {},
                          {}
                        ]
                      },
                      {
                        "matchPatterns": [
                          {},
                          {}
                        ]
                      },
                      {
                        "matchPatterns": [
                          {}
                        ]
                      },
                      {
                        "matchPatterns": [
                          {}
                        ]
                      },
                      {
                        "matchPatterns": [
                          {}
                        ]
                      }
                    ]
                  },
                  "capabilities": [
                    {},
                    {},
                    {},
                    {},
                    {},
                    {},
                    {},
                    {},
                    {},
                    {},
                    {},
                    {},
                    {}
                  ],
                  "dateCreated": "2025-08-01T14:33:26.5250745Z",
                  "endpoint": "https://aif-assistant.cognitiveservices.azure.com/",
                  "endpoints": {
                    "AI Foundry API": "https://aif-assistant.services.ai.azure.com/",
                    "Azure AI Model Inference API": "https://aif-assistant.services.ai.azure.com/",
                    "Cohere AI API": "https://aif-assistant.services.ai.azure.com/",
                    "Computer Vision": "https://aif-assistant.cognitiveservices.azure.com/",
                    "Container": "https://aif-assistant.cognitiveservices.azure.com/",
                    "Content Safety": "https://aif-assistant.cognitiveservices.azure.com/",
                    "Content Understanding": "https://aif-assistant.services.ai.azure.com/",
                    "Conversational Language Understanding Authoring": "https://aif-assistant.cognitiveservices.azure.com/",
                    "ConversationalLURuntime": "https://aif-assistant.cognitiveservices.azure.com/",
                    "Custom Question Answering": "https://aif-assistant.cognitiveservices.azure.com/",
                    "Custom Question Answering Authoring": "https://aif-assistant.cognitiveservices.azure.com/",
                    "Custom Text Authoring": "https://aif-assistant.cognitiveservices.azure.com/",
                    "CustomTranslator": "https://aif-assistant.cognitiveservices.azure.com/",
                    "DocumentTranslation": "https://aif-assistant.cognitiveservices.azure.com/",
                    "FormRecognizer": "https://aif-assistant.cognitiveservices.azure.com/",
                    "LUIS": "https://aif-assistant.cognitiveservices.azure.com/",
                    "Language": "https://aif-assistant.cognitiveservices.azure.com/",
                    "Mistral AI API": "https://aif-assistant.services.ai.azure.com/",
                    "OpenAI Dall-E API": "https://aif-assistant.openai.azure.com/",
                    "OpenAI Language Model Instance API": "https://aif-assistant.openai.azure.com/",
                    "OpenAI Model Scaleset API": "https://aif-assistant.openai.azure.com/",
                    "OpenAI Moderations API": "https://aif-assistant.openai.azure.com/",
                    "OpenAI Realtime API": "https://aif-assistant.openai.azure.com/",
                    "OpenAI Sora API": "https://aif-assistant.openai.azure.com/",
                    "OpenAI Whisper API": "https://aif-assistant.openai.azure.com/",
                    "QnAMaker": "https://aif-assistant.cognitiveservices.azure.com/",
                    "QuestionAnswering": "https://aif-assistant.cognitiveservices.azure.com/",
                    "Speech Services Audio Content Creation": "https://aif-assistant.cognitiveservices.azure.com/",
                    "Speech Services Batch Avatar": "https://aif-assistant.cognitiveservices.azure.com/",
                    "Speech Services Batch Text to Speech": "https://aif-assistant.cognitiveservices.azure.com/",
                    "Speech Services Custom Avatar": "https://aif-assistant.cognitiveservices.azure.com/",
                    "Speech Services Custom Voice": "https://aif-assistant.cognitiveservices.azure.com/",
                    "Speech Services Custom Voice Trial": "https://aif-assistant.cognitiveservices.azure.com/",
                    "Speech Services Speaker Identification": "https://aif-assistant.cognitiveservices.azure.com/",
                    "Speech Services Speaker Verification": "https://aif-assistant.cognitiveservices.azure.com/",
                    "Speech Services Speech to Text": "https://aif-assistant.cognitiveservices.azure.com/",
                    "Speech Services Speech to Text (Standard)": "https://swedencentral.stt.speech.microsoft.com",
                    "Speech Services Speech to Text 2024-05-15-preview": "https://aif-assistant.cognitiveservices.azure.com/",
                    "Speech Services Speech to Text 2024-11-15": "https://aif-assistant.cognitiveservices.azure.com/",
                    "Speech Services Speech to Text v3.2": "https://aif-assistant.cognitiveservices.azure.com/",
                    "Speech Services Speech to Text v3.2_internal.1": "https://aif-assistant.cognitiveservices.azure.com/",
                    "Speech Services Text to Speech (Neural)": "https://swedencentral.tts.speech.microsoft.com",
                    "Text Analytics": "https://aif-assistant.cognitiveservices.azure.com/",
                    "TextTranslation": "https://aif-assistant.cognitiveservices.azure.com/",
                    "TextTranslation-Global": "https://api.cognitive.microsofttranslator.com/",
                    "Token": "https://aif-assistant.cognitiveservices.azure.com/",
                    "Token Service API": "https://aif-assistant.openai.azure.com/",
                    "Turing": "https://aif-assistant.cognitiveservices.azure.com/",
                    "Video Translation": "https://aif-assistant.cognitiveservices.azure.com/",
                    "Voice Agent Realtime API": "https://aif-assistant.cognitiveservices.azure.com/",
                    "Voice Live Realtime API": "https://aif-assistant.cognitiveservices.azure.com/"
                  },
                  "internalId": "d24de409960640ebaa6087e4bd39dccd",
                  "isMigrated": false,
                  "networkAcls": {
                    "virtualNetworkRules": [
                      {},
                      {}
                    ]
                  },
                  "privateEndpointConnections": [
                    {
                      "id": "/subscriptions/e32dabfc-1904-4ae7-a543-1db013b3c60c/resourceGroups/rg-assistant/providers/Microsoft.CognitiveServices/accounts/aif-assistant/privateEndpointConnections/pep-ai-foundry.9b575da9-5bf0-49db-87ee-4b06162f3534",
                      "name": "aif-assistant/pep-ai-foundry.9b575da9-5bf0-49db-87ee-4b06162f3534",
                      "properties": {
                        "groupIds": [
                          "account"
                        ],
                        "privateEndpoint": {
                          "id": "/subscriptions/e32dabfc-1904-4ae7-a543-1db013b3c60c/resourceGroups/rg-assistant/providers/Microsoft.Network/privateEndpoints/pep-ai-foundry"
                        }
                      },
                      "type": "Microsoft.CognitiveServices/accounts/privateEndpointConnections"
                    }
                  ],
                  "provisioningState": "Succeeded"
                },
                "tags": {
                  "environment": "dev"
                },
                "type": "Microsoft.CognitiveServices/accounts"
              },
              "type": [
                "object",
                {
                  "id": "string",
                  "identity": [
                    "object",
                    {
                      "principalId": "string",
                      "tenantId": "string"
                    }
                  ],
                  "properties": [
                    "object",
                    {
                      "associatedProjects": [
                        "tuple",
                        [
                          "string"
                        ]
                      ],
                      "callRateLimit": [
                        "object",
                        {
                          "rules": [
                            "tuple",
                            [
                              [
                                "object",
                                {
                                  "matchPatterns": [
                                    "tuple",
                                    [
                                      [
                                        "object",
                                        {}
                                      ]
                                    ]
                                  ]
                                }
                              ],
                              [
                                "object",
                                {
                                  "matchPatterns": [
                                    "tuple",
                                    [
                                      [
                                        "object",
                                        {}
                                      ]
                                    ]
                                  ]
                                }
                              ],
                              [
                                "object",
                                {
                                  "matchPatterns": [
                                    "tuple",
                                    [
                                      [
                                        "object",
                                        {}
                                      ]
                                    ]
                                  ]
                                }
                              ],
                              [
                                "object",
                                {
                                  "matchPatterns": [
                                    "tuple",
                                    [
                                      [
                                        "object",
                                        {}
                                      ]
                                    ]
                                  ]
                                }
                              ],
                              [
                                "object",
                                {
                                  "matchPatterns": [
                                    "tuple",
                                    [
                                      [
                                        "object",
                                        {}
                                      ]
                                    ]
                                  ]
                                }
                              ],
                              [
                                "object",
                                {
                                  "matchPatterns": [
                                    "tuple",
                                    [
                                      [
                                        "object",
                                        {}
                                      ]
                                    ]
                                  ]
                                }
                              ],
                              [
                                "object",
                                {
                                  "matchPatterns": [
                                    "tuple",
                                    [
                                      [
                                        "object",
                                        {}
                                      ]
                                    ]
                                  ]
                                }
                              ],
                              [
                                "object",
                                {
                                  "matchPatterns": [
                                    "tuple",
                                    [
                                      [
                                        "object",
                                        {}
                                      ]
                                    ]
                                  ]
                                }
                              ],
                              [
                                "object",
                                {
                                  "matchPatterns": [
                                    "tuple",
                                    [
                                      [
                                        "object",
                                        {}
                                      ]
                                    ]
                                  ]
                                }
                              ],
                              [
                                "object",
                                {
                                  "matchPatterns": [
                                    "tuple",
                                    [
                                      [
                                        "object",
                                        {}
                                      ]
                                    ]
                                  ]
                                }
                              ],
                              [
                                "object",
                                {
                                  "matchPatterns": [
                                    "tuple",
                                    [
                                      [
                                        "object",
                                        {}
                                      ]
                                    ]
                                  ]
                                }
                              ],
                              [
                                "object",
                                {
                                  "matchPatterns": [
                                    "tuple",
                                    [
                                      [
                                        "object",
                                        {}
                                      ]
                                    ]
                                  ]
                                }
                              ],
                              [
                                "object",
                                {
                                  "matchPatterns": [
                                    "tuple",
                                    [
                                      [
                                        "object",
                                        {}
                                      ]
                                    ]
                                  ]
                                }
                              ],
                              [
                                "object",
                                {
                                  "matchPatterns": [
                                    "tuple",
                                    [
                                      [
                                        "object",
                                        {}
                                      ]
                                    ]
                                  ]
                                }
                              ],
                              [
                                "object",
                                {
                                  "matchPatterns": [
                                    "tuple",
                                    [
                                      [
                                        "object",
                                        {}
                                      ]
                                    ]
                                  ]
                                }
                              ],
                              [
                                "object",
                                {
                                  "matchPatterns": [
                                    "tuple",
                                    [
                                      [
                                        "object",
                                        {}
                                      ]
                                    ]
                                  ]
                                }
                              ],
                              [
                                "object",
                                {
                                  "matchPatterns": [
                                    "tuple",
                                    [
                                      [
                                        "object",
                                        {}
                                      ]
                                    ]
                                  ]
                                }
                              ],
                              [
                                "object",
                                {
                                  "matchPatterns": [
                                    "tuple",
                                    [
                                      [
                                        "object",
                                        {}
                                      ]
                                    ]
                                  ]
                                }
                              ],
                              [
                                "object",
                                {
                                  "matchPatterns": [
                                    "tuple",
                                    [
                                      [
                                        "object",
                                        {}
                                      ]
                                    ]
                                  ]
                                }
                              ],
                              [
                                "object",
                                {
                                  "matchPatterns": [
                                    "tuple",
                                    [
                                      [
                                        "object",
                                        {}
                                      ]
                                    ]
                                  ]
                                }
                              ],
                              [
                                "object",
                                {
                                  "matchPatterns": [
                                    "tuple",
                                    [
                                      [
                                        "object",
                                        {}
                                      ]
                                    ]
                                  ]
                                }
                              ],
                              [
                                "object",
                                {
                                  "matchPatterns": [
                                    "tuple",
                                    [
                                      [
                                        "object",
                                        {}
                                      ]
                                    ]
                                  ]
                                }
                              ],
                              [
                                "object",
                                {
                                  "matchPatterns": [
                                    "tuple",
                                    [
                                      [
                                        "object",
                                        {}
                                      ]
                                    ]
                                  ]
                                }
                              ],
                              [
                                "object",
                                {
                                  "matchPatterns": [
                                    "tuple",
                                    [
                                      [
                                        "object",
                                        {}
                                      ]
                                    ]
                                  ]
                                }
                              ],
                              [
                                "object",
                                {
                                  "matchPatterns": [
                                    "tuple",
                                    [
                                      [
                                        "object",
                                        {}
                                      ]
                                    ]
                                  ]
                                }
                              ],
                              [
                                "object",
                                {
                                  "matchPatterns": [
                                    "tuple",
                                    [
                                      [
                                        "object",
                                        {}
                                      ]
                                    ]
                                  ]
                                }
                              ],
                              [
                                "object",
                                {
                                  "matchPatterns": [
                                    "tuple",
                                    [
                                      [
                                        "object",
                                        {}
                                      ]
                                    ]
                                  ]
                                }
                              ],
                              [
                                "object",
                                {
                                  "matchPatterns": [
                                    "tuple",
                                    [
                                      [
                                        "object",
                                        {}
                                      ]
                                    ]
                                  ]
                                }
                              ],
                              [
                                "object",
                                {
                                  "matchPatterns": [
                                    "tuple",
                                    [
                                      [
                                        "object",
                                        {}
                                      ]
                                    ]
                                  ]
                                }
                              ],
                              [
                                "object",
                                {
                                  "matchPatterns": [
                                    "tuple",
                                    [
                                      [
                                        "object",
                                        {}
                                      ]
                                    ]
                                  ]
                                }
                              ],
                              [
                                "object",
                                {
                                  "matchPatterns": [
                                    "tuple",
                                    [
                                      [
                                        "object",
                                        {}
                                      ],
                                      [
                                        "object",
                                        {}
                                      ],
                                      [
                                        "object",
                                        {}
                                      ]
                                    ]
                                  ]
                                }
                              ],
                              [
                                "object",
                                {
                                  "matchPatterns": [
                                    "tuple",
                                    [
                                      [
                                        "object",
                                        {}
                                      ],
                                      [
                                        "object",
                                        {}
                                      ],
                                      [
                                        "object",
                                        {}
                                      ]
                                    ]
                                  ]
                                }
                              ],
                              [
                                "object",
                                {
                                  "matchPatterns": [
                                    "tuple",
                                    [
                                      [
                                        "object",
                                        {}
                                      ]
                                    ]
                                  ]
                                }
                              ],
                              [
                                "object",
                                {
                                  "matchPatterns": [
                                    "tuple",
                                    [
                                      [
                                        "object",
                                        {}
                                      ]
                                    ]
                                  ]
                                }
                              ],
                              [
                                "object",
                                {
                                  "matchPatterns": [
                                    "tuple",
                                    [
                                      [
                                        "object",
                                        {}
                                      ]
                                    ]
                                  ]
                                }
                              ],
                              [
                                "object",
                                {
                                  "matchPatterns": [
                                    "tuple",
                                    [
                                      [
                                        "object",
                                        {}
                                      ]
                                    ]
                                  ]
                                }
                              ],
                              [
                                "object",
                                {
                                  "matchPatterns": [
                                    "tuple",
                                    [
                                      [
                                        "object",
                                        {}
                                      ]
                                    ]
                                  ]
                                }
                              ],
                              [
                                "object",
                                {
                                  "matchPatterns": [
                                    "tuple",
                                    [
                                      [
                                        "object",
                                        {}
                                      ]
                                    ]
                                  ]
                                }
                              ],
                              [
                                "object",
                                {
                                  "matchPatterns": [
                                    "tuple",
                                    [
                                      [
                                        "object",
                                        {}
                                      ]
                                    ]
                                  ]
                                }
                              ],
                              [
                                "object",
                                {
                                  "matchPatterns": [
                                    "tuple",
                                    [
                                      [
                                        "object",
                                        {}
                                      ]
                                    ]
                                  ]
                                }
                              ],
                              [
                                "object",
                                {
                                  "matchPatterns": [
                                    "tuple",
                                    [
                                      [
                                        "object",
                                        {}
                                      ]
                                    ]
                                  ]
                                }
                              ],
                              [
                                "object",
                                {
                                  "matchPatterns": [
                                    "tuple",
                                    [
                                      [
                                        "object",
                                        {}
                                      ]
                                    ]
                                  ]
                                }
                              ],
                              [
                                "object",
                                {
                                  "matchPatterns": [
                                    "tuple",
                                    [
                                      [
                                        "object",
                                        {}
                                      ]
                                    ]
                                  ]
                                }
                              ],
                              [
                                "object",
                                {
                                  "matchPatterns": [
                                    "tuple",
                                    [
                                      [
                                        "object",
                                        {}
                                      ]
                                    ]
                                  ]
                                }
                              ],
                              [
                                "object",
                                {
                                  "matchPatterns": [
                                    "tuple",
                                    [
                                      [
                                        "object",
                                        {}
                                      ]
                                    ]
                                  ]
                                }
                              ],
                              [
                                "object",
                                {
                                  "matchPatterns": [
                                    "tuple",
                                    [
                                      [
                                        "object",
                                        {}
                                      ]
                                    ]
                                  ]
                                }
                              ],
                              [
                                "object",
                                {
                                  "matchPatterns": [
                                    "tuple",
                                    [
                                      [
                                        "object",
                                        {}
                                      ]
                                    ]
                                  ]
                                }
                              ],
                              [
                                "object",
                                {
                                  "matchPatterns": [
                                    "tuple",
                                    [
                                      [
                                        "object",
                                        {}
                                      ]
                                    ]
                                  ]
                                }
                              ],
                              [
                                "object",
                                {
                                  "matchPatterns": [
                                    "tuple",
                                    [
                                      [
                                        "object",
                                        {}
                                      ]
                                    ]
                                  ]
                                }
                              ],
                              [
                                "object",
                                {
                                  "matchPatterns": [
                                    "tuple",
                                    [
                                      [
                                        "object",
                                        {}
                                      ],
                                      [
                                        "object",
                                        {}
                                      ],
                                      [
                                        "object",
                                        {}
                                      ]
                                    ]
                                  ]
                                }
                              ],
                              [
                                "object",
                                {
                                  "matchPatterns": [
                                    "tuple",
                                    [
                                      [
                                        "object",
                                        {}
                                      ]
                                    ]
                                  ]
                                }
                              ],
                              [
                                "object",
                                {
                                  "matchPatterns": [
                                    "tuple",
                                    [
                                      [
                                        "object",
                                        {}
                                      ]
                                    ]
                                  ]
                                }
                              ],
                              [
                                "object",
                                {
                                  "matchPatterns": [
                                    "tuple",
                                    [
                                      [
                                        "object",
                                        {}
                                      ]
                                    ]
                                  ]
                                }
                              ],
                              [
                                "object",
                                {
                                  "matchPatterns": [
                                    "tuple",
                                    [
                                      [
                                        "object",
                                        {}
                                      ]
                                    ]
                                  ]
                                }
                              ],
                              [
                                "object",
                                {
                                  "matchPatterns": [
                                    "tuple",
                                    [
                                      [
                                        "object",
                                        {}
                                      ],
                                      [
                                        "object",
                                        {}
                                      ]
                                    ]
                                  ]
                                }
                              ],
                              [
                                "object",
                                {
                                  "matchPatterns": [
                                    "tuple",
                                    [
                                      [
                                        "object",
                                        {}
                                      ]
                                    ]
                                  ]
                                }
                              ],
                              [
                                "object",
                                {
                                  "matchPatterns": [
                                    "tuple",
                                    [
                                      [
                                        "object",
                                        {}
                                      ],
                                      [
                                        "object",
                                        {}
                                      ],
                                      [
                                        "object",
                                        {}
                                      ],
                                      [
                                        "object",
                                        {}
                                      ],
                                      [
                                        "object",
                                        {}
                                      ],
                                      [
                                        "object",
                                        {}
                                      ],
                                      [
                                        "object",
                                        {}
                                      ],
                                      [
                                        "object",
                                        {}
                                      ],
                                      [
                                        "object",
                                        {}
                                      ],
                                      [
                                        "object",
                                        {}
                                      ],
                                      [
                                        "object",
                                        {}
                                      ],
                                      [
                                        "object",
                                        {}
                                      ],
                                      [
                                        "object",
                                        {}
                                      ],
                                      [
                                        "object",
                                        {}
                                      ],
                                      [
                                        "object",
                                        {}
                                      ],
                                      [
                                        "object",
                                        {}
                                      ]
                                    ]
                                  ]
                                }
                              ],
                              [
                                "object",
                                {
                                  "matchPatterns": [
                                    "tuple",
                                    [
                                      [
                                        "object",
                                        {}
                                      ],
                                      [
                                        "object",
                                        {}
                                      ],
                                      [
                                        "object",
                                        {}
                                      ],
                                      [
                                        "object",
                                        {}
                                      ],
                                      [
                                        "object",
                                        {}
                                      ],
                                      [
                                        "object",
                                        {}
                                      ],
                                      [
                                        "object",
                                        {}
                                      ],
                                      [
                                        "object",
                                        {}
                                      ],
                                      [
                                        "object",
                                        {}
                                      ],
                                      [
                                        "object",
                                        {}
                                      ],
                                      [
                                        "object",
                                        {}
                                      ],
                                      [
                                        "object",
                                        {}
                                      ],
                                      [
                                        "object",
                                        {}
                                      ],
                                      [
                                        "object",
                                        {}
                                      ],
                                      [
                                        "object",
                                        {}
                                      ],
                                      [
                                        "object",
                                        {}
                                      ],
                                      [
                                        "object",
                                        {}
                                      ],
                                      [
                                        "object",
                                        {}
                                      ],
                                      [
                                        "object",
                                        {}
                                      ],
                                      [
                                        "object",
                                        {}
                                      ],
                                      [
                                        "object",
                                        {}
                                      ],
                                      [
                                        "object",
                                        {}
                                      ],
                                      [
                                        "object",
                                        {}
                                      ],
                                      [
                                        "object",
                                        {}
                                      ],
                                      [
                                        "object",
                                        {}
                                      ]
                                    ]
                                  ]
                                }
                              ],
                              [
                                "object",
                                {
                                  "matchPatterns": [
                                    "tuple",
                                    [
                                      [
                                        "object",
                                        {}
                                      ],
                                      [
                                        "object",
                                        {}
                                      ],
                                      [
                                        "object",
                                        {}
                                      ],
                                      [
                                        "object",
                                        {}
                                      ],
                                      [
                                        "object",
                                        {}
                                      ],
                                      [
                                        "object",
                                        {}
                                      ],
                                      [
                                        "object",
                                        {}
                                      ],
                                      [
                                        "object",
                                        {}
                                      ],
                                      [
                                        "object",
                                        {}
                                      ],
                                      [
                                        "object",
                                        {}
                                      ]
                                    ]
                                  ]
                                }
                              ],
                              [
                                "object",
                                {
                                  "matchPatterns": [
                                    "tuple",
                                    [
                                      [
                                        "object",
                                        {}
                                      ],
                                      [
                                        "object",
                                        {}
                                      ],
                                      [
                                        "object",
                                        {}
                                      ],
                                      [
                                        "object",
                                        {}
                                      ],
                                      [
                                        "object",
                                        {}
                                      ],
                                      [
                                        "object",
                                        {}
                                      ],
                                      [
                                        "object",
                                        {}
                                      ],
                                      [
                                        "object",
                                        {}
                                      ],
                                      [
                                        "object",
                                        {}
                                      ],
                                      [
                                        "object",
                                        {}
                                      ],
                                      [
                                        "object",
                                        {}
                                      ],
                                      [
                                        "object",
                                        {}
                                      ],
                                      [
                                        "object",
                                        {}
                                      ],
                                      [
                                        "object",
                                        {}
                                      ],
                                      [
                                        "object",
                                        {}
                                      ],
                                      [
                                        "object",
                                        {}
                                      ],
                                      [
                                        "object",
                                        {}
                                      ],
                                      [
                                        "object",
                                        {}
                                      ],
                                      [
                                        "object",
                                        {}
                                      ],
                                      [
                                        "object",
                                        {}
                                      ],
                                      [
                                        "object",
                                        {}
                                      ],
                                      [
                                        "object",
                                        {}
                                      ],
                                      [
                                        "object",
                                        {}
                                      ],
                                      [
                                        "object",
                                        {}
                                      ],
                                      [
                                        "object",
                                        {}
                                      ]
                                    ]
                                  ]
                                }
                              ],
                              [
                                "object",
                                {
                                  "matchPatterns": [
                                    "tuple",
                                    [
                                      [
                                        "object",
                                        {}
                                      ]
                                    ]
                                  ]
                                }
                              ],
                              [
                                "object",
                                {
                                  "matchPatterns": [
                                    "tuple",
                                    [
                                      [
                                        "object",
                                        {}
                                      ]
                                    ]
                                  ]
                                }
                              ],
                              [
                                "object",
                                {
                                  "matchPatterns": [
                                    "tuple",
                                    [
                                      [
                                        "object",
                                        {}
                                      ],
                                      [
                                        "object",
                                        {}
                                      ],
                                      [
                                        "object",
                                        {}
                                      ],
                                      [
                                        "object",
                                        {}
                                      ]
                                    ]
                                  ]
                                }
                              ],
                              [
                                "object",
                                {
                                  "matchPatterns": [
                                    "tuple",
                                    [
                                      [
                                        "object",
                                        {}
                                      ],
                                      [
                                        "object",
                                        {}
                                      ],
                                      [
                                        "object",
                                        {}
                                      ]
                                    ]
                                  ]
                                }
                              ],
                              [
                                "object",
                                {
                                  "matchPatterns": [
                                    "tuple",
                                    [
                                      [
                                        "object",
                                        {}
                                      ]
                                    ]
                                  ]
                                }
                              ],
                              [
                                "object",
                                {
                                  "matchPatterns": [
                                    "tuple",
                                    [
                                      [
                                        "object",
                                        {}
                                      ]
                                    ]
                                  ]
                                }
                              ],
                              [
                                "object",
                                {
                                  "matchPatterns": [
                                    "tuple",
                                    [
                                      [
                                        "object",
                                        {}
                                      ]
                                    ]
                                  ]
                                }
                              ],
                              [
                                "object",
                                {
                                  "matchPatterns": [
                                    "tuple",
                                    [
                                      [
                                        "object",
                                        {}
                                      ]
                                    ]
                                  ]
                                }
                              ],
                              [
                                "object",
                                {
                                  "matchPatterns": [
                                    "tuple",
                                    [
                                      [
                                        "object",
                                        {}
                                      ]
                                    ]
                                  ]
                                }
                              ],
                              [
                                "object",
                                {
                                  "matchPatterns": [
                                    "tuple",
                                    [
                                      [
                                        "object",
                                        {}
                                      ]
                                    ]
                                  ]
                                }
                              ],
                              [
                                "object",
                                {
                                  "matchPatterns": [
                                    "tuple",
                                    [
                                      [
                                        "object",
                                        {}
                                      ]
                                    ]
                                  ]
                                }
                              ],
                              [
                                "object",
                                {
                                  "matchPatterns": [
                                    "tuple",
                                    [
                                      [
                                        "object",
                                        {}
                                      ]
                                    ]
                                  ]
                                }
                              ],
                              [
                                "object",
                                {
                                  "matchPatterns": [
                                    "tuple",
                                    [
                                      [
                                        "object",
                                        {}
                                      ]
                                    ]
                                  ]
                                }
                              ],
                              [
                                "object",
                                {
                                  "matchPatterns": [
                                    "tuple",
                                    [
                                      [
                                        "object",
                                        {}
                                      ]
                                    ]
                                  ]
                                }
                              ],
                              [
                                "object",
                                {
                                  "matchPatterns": [
                                    "tuple",
                                    [
                                      [
                                        "object",
                                        {}
                                      ]
                                    ]
                                  ]
                                }
                              ],
                              [
                                "object",
                                {
                                  "matchPatterns": [
                                    "tuple",
                                    [
                                      [
                                        "object",
                                        {}
                                      ]
                                    ]
                                  ]
                                }
                              ],
                              [
                                "object",
                                {
                                  "matchPatterns": [
                                    "tuple",
                                    [
                                      [
                                        "object",
                                        {}
                                      ]
                                    ]
                                  ]
                                }
                              ],
                              [
                                "object",
                                {
                                  "matchPatterns": [
                                    "tuple",
                                    [
                                      [
                                        "object",
                                        {}
                                      ]
                                    ]
                                  ]
                                }
                              ],
                              [
                                "object",
                                {
                                  "matchPatterns": [
                                    "tuple",
                                    [
                                      [
                                        "object",
                                        {}
                                      ]
                                    ]
                                  ]
                                }
                              ],
                              [
                                "object",
                                {
                                  "matchPatterns": [
                                    "tuple",
                                    [
                                      [
                                        "object",
                                        {}
                                      ]
                                    ]
                                  ]
                                }
                              ],
                              [
                                "object",
                                {
                                  "matchPatterns": [
                                    "tuple",
                                    [
                                      [
                                        "object",
                                        {}
                                      ]
                                    ]
                                  ]
                                }
                              ],
                              [
                                "object",
                                {
                                  "matchPatterns": [
                                    "tuple",
                                    [
                                      [
                                        "object",
                                        {}
                                      ]
                                    ]
                                  ]
                                }
                              ],
                              [
                                "object",
                                {
                                  "matchPatterns": [
                                    "tuple",
                                    [
                                      [
                                        "object",
                                        {}
                                      ]
                                    ]
                                  ]
                                }
                              ],
                              [
                                "object",
                                {
                                  "matchPatterns": [
                                    "tuple",
                                    [
                                      [
                                        "object",
                                        {}
                                      ]
                                    ]
                                  ]
                                }
                              ],
                              [
                                "object",
                                {
                                  "matchPatterns": [
                                    "tuple",
                                    [
                                      [
                                        "object",
                                        {}
                                      ]
                                    ]
                                  ]
                                }
                              ],
                              [
                                "object",
                                {
                                  "matchPatterns": [
                                    "tuple",
                                    [
                                      [
                                        "object",
                                        {}
                                      ]
                                    ]
                                  ]
                                }
                              ],
                              [
                                "object",
                                {
                                  "matchPatterns": [
                                    "tuple",
                                    [
                                      [
                                        "object",
                                        {}
                                      ]
                                    ]
                                  ]
                                }
                              ],
                              [
                                "object",
                                {
                                  "matchPatterns": [
                                    "tuple",
                                    [
                                      [
                                        "object",
                                        {}
                                      ]
                                    ]
                                  ]
                                }
                              ],
                              [
                                "object",
                                {
                                  "matchPatterns": [
                                    "tuple",
                                    [
                                      [
                                        "object",
                                        {}
                                      ]
                                    ]
                                  ]
                                }
                              ],
                              [
                                "object",
                                {
                                  "matchPatterns": [
                                    "tuple",
                                    [
                                      [
                                        "object",
                                        {}
                                      ]
                                    ]
                                  ]
                                }
                              ],
                              [
                                "object",
                                {
                                  "matchPatterns": [
                                    "tuple",
                                    [
                                      [
                                        "object",
                                        {}
                                      ]
                                    ]
                                  ]
                                }
                              ],
                              [
                                "object",
                                {
                                  "matchPatterns": [
                                    "tuple",
                                    [
                                      [
                                        "object",
                                        {}
                                      ]
                                    ]
                                  ]
                                }
                              ],
                              [
                                "object",
                                {
                                  "matchPatterns": [
                                    "tuple",
                                    [
                                      [
                                        "object",
                                        {}
                                      ]
                                    ]
                                  ]
                                }
                              ],
                              [
                                "object",
                                {
                                  "matchPatterns": [
                                    "tuple",
                                    [
                                      [
                                        "object",
                                        {}
                                      ],
                                      [
                                        "object",
                                        {}
                                      ],
                                      [
                                        "object",
                                        {}
                                      ],
                                      [
                                        "object",
                                        {}
                                      ],
                                      [
                                        "object",
                                        {}
                                      ],
                                      [
                                        "object",
                                        {}
                                      ]
                                    ]
                                  ]
                                }
                              ],
                              [
                                "object",
                                {
                                  "matchPatterns": [
                                    "tuple",
                                    [
                                      [
                                        "object",
                                        {}
                                      ]
                                    ]
                                  ]
                                }
                              ],
                              [
                                "object",
                                {
                                  "matchPatterns": [
                                    "tuple",
                                    [
                                      [
                                        "object",
                                        {}
                                      ],
                                      [
                                        "object",
                                        {}
                                      ],
                                      [
                                        "object",
                                        {}
                                      ]
                                    ]
                                  ]
                                }
                              ],
                              [
                                "object",
                                {
                                  "matchPatterns": [
                                    "tuple",
                                    [
                                      [
                                        "object",
                                        {}
                                      ],
                                      [
                                        "object",
                                        {}
                                      ],
                                      [
                                        "object",
                                        {}
                                      ],
                                      [
                                        "object",
                                        {}
                                      ]
                                    ]
                                  ]
                                }
                              ],
                              [
                                "object",
                                {
                                  "matchPatterns": [
                                    "tuple",
                                    [
                                      [
                                        "object",
                                        {}
                                      ],
                                      [
                                        "object",
                                        {}
                                      ],
                                      [
                                        "object",
                                        {}
                                      ],
                                      [
                                        "object",
                                        {}
                                      ],
                                      [
                                        "object",
                                        {}
                                      ],
                                      [
                                        "object",
                                        {}
                                      ],
                                      [
                                        "object",
                                        {}
                                      ],
                                      [
                                        "object",
                                        {}
                                      ],
                                      [
                                        "object",
                                        {}
                                      ],
                                      [
                                        "object",
                                        {}
                                      ],
                                      [
                                        "object",
                                        {}
                                      ]
                                    ]
                                  ]
                                }
                              ],
                              [
                                "object",
                                {
                                  "matchPatterns": [
                                    "tuple",
                                    [
                                      [
                                        "object",
                                        {}
                                      ]
                                    ]
                                  ]
                                }
                              ],
                              [
                                "object",
                                {
                                  "matchPatterns": [
                                    "tuple",
                                    [
                                      [
                                        "object",
                                        {}
                                      ],
                                      [
                                        "object",
                                        {}
                                      ]
                                    ]
                                  ]
                                }
                              ],
                              [
                                "object",
                                {
                                  "matchPatterns": [
                                    "tuple",
                                    [
                                      [
                                        "object",
                                        {}
                                      ],
                                      [
                                        "object",
                                        {}
                                      ]
                                    ]
                                  ]
                                }
                              ],
                              [
                                "object",
                                {
                                  "matchPatterns": [
                                    "tuple",
                                    [
                                      [
                                        "object",
                                        {}
                                      ]
                                    ]
                                  ]
                                }
                              ],
                              [
                                "object",
                                {
                                  "matchPatterns": [
                                    "tuple",
                                    [
                                      [
                                        "object",
                                        {}
                                      ]
                                    ]
                                  ]
                                }
                              ],
                              [
                                "object",
                                {
                                  "matchPatterns": [
                                    "tuple",
                                    [
                                      [
                                        "object",
                                        {}
                                      ]
                                    ]
                                  ]
                                }
                              ],
                              [
                                "object",
                                {
                                  "matchPatterns": [
                                    "tuple",
                                    [
                                      [
                                        "object",
                                        {}
                                      ],
                                      [
                                        "object",
                                        {}
                                      ],
                                      [
                                        "object",
                                        {}
                                      ],
                                      [
                                        "object",
                                        {}
                                      ],
                                      [
                                        "object",
                                        {}
                                      ],
                                      [
                                        "object",
                                        {}
                                      ]
                                    ]
                                  ]
                                }
                              ],
                              [
                                "object",
                                {
                                  "matchPatterns": [
                                    "tuple",
                                    [
                                      [
                                        "object",
                                        {}
                                      ],
                                      [
                                        "object",
                                        {}
                                      ]
                                    ]
                                  ]
                                }
                              ],
                              [
                                "object",
                                {
                                  "matchPatterns": [
                                    "tuple",
                                    [
                                      [
                                        "object",
                                        {}
                                      ],
                                      [
                                        "object",
                                        {}
                                      ]
                                    ]
                                  ]
                                }
                              ],
                              [
                                "object",
                                {
                                  "matchPatterns": [
                                    "tuple",
                                    [
                                      [
                                        "object",
                                        {}
                                      ],
                                      [
                                        "object",
                                        {}
                                      ]
                                    ]
                                  ]
                                }
                              ],
                              [
                                "object",
                                {
                                  "matchPatterns": [
                                    "tuple",
                                    [
                                      [
                                        "object",
                                        {}
                                      ],
                                      [
                                        "object",
                                        {}
                                      ]
                                    ]
                                  ]
                                }
                              ],
                              [
                                "object",
                                {
                                  "matchPatterns": [
                                    "tuple",
                                    [
                                      [
                                        "object",
                                        {}
                                      ]
                                    ]
                                  ]
                                }
                              ],
                              [
                                "object",
                                {
                                  "matchPatterns": [
                                    "tuple",
                                    [
                                      [
                                        "object",
                                        {}
                                      ]
                                    ]
                                  ]
                                }
                              ],
                              [
                                "object",
                                {
                                  "matchPatterns": [
                                    "tuple",
                                    [
                                      [
                                        "object",
                                        {}
                                      ]
                                    ]
                                  ]
                                }
                              ]
                            ]
                          ]
                        }
                      ],
                      "capabilities": [
                        "tuple",
                        [
                          [
                            "object",
                            {}
                          ],
                          [
                            "object",
                            {}
                          ],
                          [
                            "object",
                            {}
                          ],
                          [
                            "object",
                            {}
                          ],
                          [
                            "object",
                            {}
                          ],
                          [
                            "object",
                            {}
                          ],
                          [
                            "object",
                            {}
                          ],
                          [
                            "object",
                            {}
                          ],
                          [
                            "object",
                            {}
                          ],
                          [
                            "object",
                            {}
                          ],
                          [
                            "object",
                            {}
                          ],
                          [
                            "object",
                            {}
                          ],
                          [
                            "object",
                            {}
                          ]
                        ]
                      ],
                      "dateCreated": "string",
                      "endpoint": "string",
                      "endpoints": [
                        "object",
                        {
                          "AI Foundry API": "string",
                          "Azure AI Model Inference API": "string",
                          "Cohere AI API": "string",
                          "Computer Vision": "string",
                          "Container": "string",
                          "Content Safety": "string",
                          "Content Understanding": "string",
                          "Conversational Language Understanding Authoring": "string",
                          "ConversationalLURuntime": "string",
                          "Custom Question Answering": "string",
                          "Custom Question Answering Authoring": "string",
                          "Custom Text Authoring": "string",
                          "CustomTranslator": "string",
                          "DocumentTranslation": "string",
                          "FormRecognizer": "string",
                          "LUIS": "string",
                          "Language": "string",
                          "Mistral AI API": "string",
                          "OpenAI Dall-E API": "string",
                          "OpenAI Language Model Instance API": "string",
                          "OpenAI Model Scaleset API": "string",
                          "OpenAI Moderations API": "string",
                          "OpenAI Realtime API": "string",
                          "OpenAI Sora API": "string",
                          "OpenAI Whisper API": "string",
                          "QnAMaker": "string",
                          "QuestionAnswering": "string",
                          "Speech Services Audio Content Creation": "string",
                          "Speech Services Batch Avatar": "string",
                          "Speech Services Batch Text to Speech": "string",
                          "Speech Services Custom Avatar": "string",
                          "Speech Services Custom Voice": "string",
                          "Speech Services Custom Voice Trial": "string",
                          "Speech Services Speaker Identification": "string",
                          "Speech Services Speaker Verification": "string",
                          "Speech Services Speech to Text": "string",
                          "Speech Services Speech to Text (Standard)": "string",
                          "Speech Services Speech to Text 2024-05-15-preview": "string",
                          "Speech Services Speech to Text 2024-11-15": "string",
                          "Speech Services Speech to Text v3.2": "string",
                          "Speech Services Speech to Text v3.2_internal.1": "string",
                          "Speech Services Text to Speech (Neural)": "string",
                          "Text Analytics": "string",
                          "TextTranslation": "string",
                          "TextTranslation-Global": "string",
                          "Token": "string",
                          "Token Service API": "string",
                          "Turing": "string",
                          "Video Translation": "string",
                          "Voice Agent Realtime API": "string",
                          "Voice Live Realtime API": "string"
                        }
                      ],
                      "internalId": "string",
                      "isMigrated": "bool",
                      "networkAcls": [
                        "object",
                        {
                          "virtualNetworkRules": [
                            "tuple",
                            [
                              [
                                "object",
                                {}
                              ],
                              [
                                "object",
                                {}
                              ]
                            ]
                          ]
                        }
                      ],
                      "privateEndpointConnections": [
                        "tuple",
                        [
                          [
                            "object",
                            {
                              "id": "string",
                              "name": "string",
                              "properties": [
                                "object",
                                {
                                  "groupIds": [
                                    "tuple",
                                    [
                                      "string"
                                    ]
                                  ],
                                  "privateEndpoint": [
                                    "object",
                                    {
                                      "id": "string"
                                    }
                                  ]
                                }
                              ],
                              "type": "string"
                            }
                          ]
                        ]
                      ],
                      "provisioningState": "string"
                    }
                  ],
                  "tags": [
                    "object",
                    {
                      "environment": "string"
                    }
                  ],
                  "type": "string"
                }
              ]
            },
            "parent_id": "/subscriptions/e32dabfc-1904-4ae7-a543-1db013b3c60c/resourceGroups/rg-assistant",
            "read_headers": null,
            "read_query_parameters": null,
            "replace_triggers_external_values": null,
            "replace_triggers_refs": null,
            "response_export_values": null,
            "retry": null,
            "schema_validation_enabled": false,
            "sensitive_body": null,
            "sensitive_body_version": null,
            "tags": {
              "environment": "dev"
            },
            "timeouts": null,
            "type": "Microsoft.CognitiveServices/accounts@2025-06-01",
            "update_headers": null,
            "update_query_parameters": null
          },
          "sensitive_attributes": [],
          "identity_schema_version": 0,
          "private": "eyJzZW5zaXRpdmVfYm9keSI6ImV5Sm9ZWE5vSWpvaVpFTk9UMjFMTDI1VFdTc3hNblpJZW1GelRGaHBjM2Q2YkVkVU5WVklRVGRxUVVkWmEzWnRRM1ZSY3owaWZRPT0ifQ==",
          "dependencies": [
            "azurerm_resource_group.rg",
            "azurerm_subnet.subnet_agents",
            "azurerm_subnet.subnet_jumpbox",
            "azurerm_subnet.subnet_pep",
            "azurerm_virtual_network.vnet_ai_services"
          ]
        }
      ]
    },
    {
      "mode": "managed",
      "type": "azapi_resource",
      "name": "ai_project_instance",
      "provider": "provider[\"registry.terraform.io/azure/azapi\"]",
      "instances": [
        {
          "schema_version": 2,
          "attributes": {
            "body": {
              "value": {
                "identity": {
                  "type": "SystemAssigned"
                },
                "properties": {
                  "description": "AI Project for project-001 workloads",
                  "displayName": "project-001"
                }
              },
              "type": [
                "object",
                {
                  "identity": [
                    "object",
                    {
                      "type": "string"
                    }
                  ],
                  "properties": [
                    "object",
                    {
                      "description": "string",
                      "displayName": "string"
                    }
                  ]
                }
              ]
            },
            "create_headers": null,
            "create_query_parameters": null,
            "delete_headers": null,
            "delete_query_parameters": null,
            "id": "/subscriptions/e32dabfc-1904-4ae7-a543-1db013b3c60c/resourceGroups/rg-assistant/providers/Microsoft.CognitiveServices/accounts/aif-assistant/projects/project-001",
            "identity": [],
            "ignore_casing": false,
            "ignore_missing_property": true,
            "ignore_null_property": false,
            "location": "swedencentral",
            "locks": null,
            "name": "project-001",
            "output": {
              "value": {
                "id": "/subscriptions/e32dabfc-1904-4ae7-a543-1db013b3c60c/resourceGroups/rg-assistant/providers/Microsoft.CognitiveServices/accounts/aif-assistant/projects/project-001",
                "identity": {
                  "principalId": "5020af27-6cf7-4093-b76f-2dfb0de83d96",
                  "tenantId": "99153c66-04da-4534-b83f-000d045ea8af"
                },
                "properties": {
                  "endpoints": {
                    "AI Foundry API": "https://aif-assistant.services.ai.azure.com/api/projects/project-001"
                  },
                  "isDefault": true,
                  "provisioningState": "Succeeded"
                },
                "tags": {
                  "environment": "dev"
                },
                "type": "Microsoft.CognitiveServices/accounts/projects"
              },
              "type": [
                "object",
                {
                  "id": "string",
                  "identity": [
                    "object",
                    {
                      "principalId": "string",
                      "tenantId": "string"
                    }
                  ],
                  "properties": [
                    "object",
                    {
                      "endpoints": [
                        "object",
                        {
                          "AI Foundry API": "string"
                        }
                      ],
                      "isDefault": "bool",
                      "provisioningState": "string"
                    }
                  ],
                  "tags": [
                    "object",
                    {
                      "environment": "string"
                    }
                  ],
                  "type": "string"
                }
              ]
            },
            "parent_id": "/subscriptions/e32dabfc-1904-4ae7-a543-1db013b3c60c/resourceGroups/rg-assistant/providers/Microsoft.CognitiveServices/accounts/aif-assistant",
            "read_headers": null,
            "read_query_parameters": null,
            "replace_triggers_external_values": null,
            "replace_triggers_refs": null,
            "response_export_values": null,
            "retry": null,
            "schema_validation_enabled": false,
            "sensitive_body": null,
            "sensitive_body_version": null,
            "tags": {
              "environment": "dev"
            },
            "timeouts": null,
            "type": "Microsoft.CognitiveServices/accounts/projects@2025-06-01",
            "update_headers": null,
            "update_query_parameters": null
          },
          "sensitive_attributes": [],
          "identity_schema_version": 0,
          "private": "eyJzZW5zaXRpdmVfYm9keSI6ImV5Sm9ZWE5vSWpvaVpFTk9UMjFMTDI1VFdTc3hNblpJZW1GelRGaHBjM2Q2YkVkVU5WVklRVGRxUVVkWmEzWnRRM1ZSY3owaWZRPT0ifQ==",
          "dependencies": [
            "azapi_resource.ai_foundry_instance",
            "azurerm_resource_group.rg",
            "azurerm_subnet.subnet_agents",
            "azurerm_subnet.subnet_jumpbox",
            "azurerm_subnet.subnet_pep",
            "azurerm_virtual_network.vnet_ai_services"
          ]
        }
      ]
    },
    {
      "mode": "managed",
      "type": "azapi_resource",
      "name": "model_deployment",
      "provider": "provider[\"registry.terraform.io/azure/azapi\"]",
      "instances": [
        {
          "schema_version": 2,
          "attributes": {
            "body": {
              "value": {
                "properties": {
                  "model": {
                    "format": "OpenAI",
                    "name": "gpt-4o",
                    "version": "2024-11-20"
                  },
                  "raiPolicyName": "Microsoft.DefaultV2",
                  "versionUpgradeOption": "NoAutoUpgrade"
                },
                "sku": {
                  "capacity": 50,
                  "name": "DataZoneStandard"
                }
              },
              "type": [
                "object",
                {
                  "properties": [
                    "object",
                    {
                      "model": [
                        "object",
                        {
                          "format": "string",
                          "name": "string",
                          "version": "string"
                        }
                      ],
                      "raiPolicyName": "string",
                      "versionUpgradeOption": "string"
                    }
                  ],
                  "sku": [
                    "object",
                    {
                      "capacity": "number",
                      "name": "string"
                    }
                  ]
                }
              ]
            },
            "create_headers": null,
            "create_query_parameters": null,
            "delete_headers": null,
            "delete_query_parameters": null,
            "id": "/subscriptions/e32dabfc-1904-4ae7-a543-1db013b3c60c/resourceGroups/rg-assistant/providers/Microsoft.CognitiveServices/accounts/aif-assistant/deployments/gpt-4o-model_deployment",
            "identity": [],
            "ignore_casing": false,
            "ignore_missing_property": true,
            "ignore_null_property": false,
            "location": "swedencentral",
            "locks": null,
            "name": "gpt-4o-model_deployment",
            "output": {
              "value": {
                "id": "/subscriptions/e32dabfc-1904-4ae7-a543-1db013b3c60c/resourceGroups/rg-assistant/providers/Microsoft.CognitiveServices/accounts/aif-assistant/deployments/gpt-4o-model_deployment",
                "properties": {
                  "capabilities": {
                    "area": "EUR",
                    "assistants": "true",
                    "chatCompletion": "true",
                    "jsonSchemaResponse": "true",
                    "responses": "true"
                  },
                  "provisioningState": "Succeeded",
                  "rateLimits": [
                    {},
                    {}
                  ]
                },
                "tags": {
                  "environment": "dev"
                },
                "type": "Microsoft.CognitiveServices/accounts/deployments"
              },
              "type": [
                "object",
                {
                  "id": "string",
                  "properties": [
                    "object",
                    {
                      "capabilities": [
                        "object",
                        {
                          "area": "string",
                          "assistants": "string",
                          "chatCompletion": "string",
                          "jsonSchemaResponse": "string",
                          "responses": "string"
                        }
                      ],
                      "provisioningState": "string",
                      "rateLimits": [
                        "tuple",
                        [
                          [
                            "object",
                            {}
                          ],
                          [
                            "object",
                            {}
                          ]
                        ]
                      ]
                    }
                  ],
                  "tags": [
                    "object",
                    {
                      "environment": "string"
                    }
                  ],
                  "type": "string"
                }
              ]
            },
            "parent_id": "/subscriptions/e32dabfc-1904-4ae7-a543-1db013b3c60c/resourceGroups/rg-assistant/providers/Microsoft.CognitiveServices/accounts/aif-assistant",
            "read_headers": null,
            "read_query_parameters": null,
            "replace_triggers_external_values": null,
            "replace_triggers_refs": null,
            "response_export_values": null,
            "retry": null,
            "schema_validation_enabled": false,
            "sensitive_body": null,
            "sensitive_body_version": null,
            "tags": {
              "environment": "dev"
            },
            "timeouts": null,
            "type": "Microsoft.CognitiveServices/accounts/deployments@2025-06-01",
            "update_headers": null,
            "update_query_parameters": null
          },
          "sensitive_attributes": [],
          "identity_schema_version": 0,
          "private": "eyJzZW5zaXRpdmVfYm9keSI6ImV5Sm9ZWE5vSWpvaVpFTk9UMjFMTDI1VFdTc3hNblpJZW1GelRGaHBjM2Q2YkVkVU5WVklRVGRxUVVkWmEzWnRRM1ZSY3owaWZRPT0ifQ==",
          "dependencies": [
            "azapi_resource.ai_foundry_instance",
            "azapi_resource.ai_project_instance",
            "azurerm_resource_group.rg",
            "azurerm_subnet.subnet_agents",
            "azurerm_subnet.subnet_jumpbox",
            "azurerm_subnet.subnet_pep",
            "azurerm_virtual_network.vnet_ai_services"
          ]
        }
      ]
    },
    {
      "mode": "managed",
      "type": "azurerm_bastion_host",
      "name": "bastion_we",
      "provider": "provider[\"registry.terraform.io/hashicorp/azurerm\"]",
      "instances": [
        {
          "schema_version": 0,
          "attributes": {
            "copy_paste_enabled": true,
            "dns_name": "bst-3d21e10a-991c-45ec-ac62-f920fe6d3628.bastion.azure.com",
            "file_copy_enabled": false,
            "id": "/subscriptions/e32dabfc-1904-4ae7-a543-1db013b3c60c/resourceGroups/rg-assistant/providers/Microsoft.Network/bastionHosts/bastion-host",
            "ip_configuration": [
              {
                "name": "configuration",
                "public_ip_address_id": "/subscriptions/e32dabfc-1904-4ae7-a543-1db013b3c60c/resourceGroups/rg-assistant/providers/Microsoft.Network/publicIPAddresses/pip_bastion",
                "subnet_id": "/subscriptions/e32dabfc-1904-4ae7-a543-1db013b3c60c/resourceGroups/rg-assistant/providers/Microsoft.Network/virtualNetworks/vnet_ai_services/subnets/AzureBastionSubnet"
              }
            ],
            "ip_connect_enabled": false,
            "kerberos_enabled": false,
            "location": "swedencentral",
            "name": "bastion-host",
            "resource_group_name": "rg-assistant",
            "scale_units": 2,
            "session_recording_enabled": false,
            "shareable_link_enabled": false,
            "sku": "Basic",
            "tags": {},
            "timeouts": null,
            "tunneling_enabled": false,
            "virtual_network_id": "",
            "zones": []
          },
          "sensitive_attributes": [],
          "identity_schema_version": 0,
          "identity": {
            "name": "bastion-host",
            "resource_group_name": "rg-assistant",
            "subscription_id": "e32dabfc-1904-4ae7-a543-1db013b3c60c"
          },
          "private": "eyJlMmJmYjczMC1lY2FhLTExZTYtOGY4OC0zNDM2M2JjN2M0YzAiOnsiY3JlYXRlIjoxODAwMDAwMDAwMDAwLCJkZWxldGUiOjE4MDAwMDAwMDAwMDAsInJlYWQiOjMwMDAwMDAwMDAwMCwidXBkYXRlIjoxODAwMDAwMDAwMDAwfX0=",
          "dependencies": [
            "azurerm_public_ip.pip_bastion",
            "azurerm_resource_group.rg",
            "azurerm_subnet.AzureBastionSubnet",
            "azurerm_virtual_network.vnet_ai_services"
          ]
        }
      ]
    },
    {
      "mode": "managed",
      "type": "azurerm_key_vault",
      "name": "kv-ai-assistant",
      "provider": "provider[\"registry.terraform.io/hashicorp/azurerm\"]",
      "instances": [
        {
          "schema_version": 2,
          "attributes": {
            "access_policy": [],
            "contact": [],
            "enable_rbac_authorization": true,
            "enabled_for_deployment": true,
            "enabled_for_disk_encryption": true,
            "enabled_for_template_deployment": true,
            "id": "/subscriptions/e32dabfc-1904-4ae7-a543-1db013b3c60c/resourceGroups/rg-assistant/providers/Microsoft.KeyVault/vaults/kv-ai-assistant-e32dabgr",
            "location": "swedencentral",
            "name": "kv-ai-assistant-e32dabgr",
            "network_acls": [
              {
                "bypass": "AzureServices",
                "default_action": "Deny",
                "ip_rules": [],
                "virtual_network_subnet_ids": []
              }
            ],
            "public_network_access_enabled": false,
            "purge_protection_enabled": true,
            "resource_group_name": "rg-assistant",
            "sku_name": "standard",
            "soft_delete_retention_days": 7,
            "tags": {
              "environment": "dev"
            },
            "tenant_id": "99153c66-04da-4534-b83f-000d045ea8af",
            "timeouts": null,
            "vault_uri": "https://kv-ai-assistant-e32dabgr.vault.azure.net/"
          },
          "sensitive_attributes": [],
          "identity_schema_version": 0,
          "private": "eyJlMmJmYjczMC1lY2FhLTExZTYtOGY4OC0zNDM2M2JjN2M0YzAiOnsiY3JlYXRlIjoxODAwMDAwMDAwMDAwLCJkZWxldGUiOjE4MDAwMDAwMDAwMDAsInJlYWQiOjMwMDAwMDAwMDAwMCwidXBkYXRlIjoxODAwMDAwMDAwMDAwfSwic2NoZW1hX3ZlcnNpb24iOiIyIn0=",
          "dependencies": [
            "azurerm_resource_group.rg",
            "data.azurerm_client_config.current"
          ]
        }
      ]
    },
    {
      "mode": "managed",
      "type": "azurerm_network_interface",
      "name": "nic1",
      "provider": "provider[\"registry.terraform.io/hashicorp/azurerm\"]",
      "instances": [
        {
          "schema_version": 0,
          "attributes": {
            "accelerated_networking_enabled": false,
            "applied_dns_servers": [],
            "auxiliary_mode": "",
            "auxiliary_sku": "",
            "dns_servers": [],
            "edge_zone": "",
            "id": "/subscriptions/e32dabfc-1904-4ae7-a543-1db013b3c60c/resourceGroups/rg-assistant/providers/Microsoft.Network/networkInterfaces/nic1-vm-jumpbox",
            "internal_dns_name_label": "",
            "internal_domain_name_suffix": "",
            "ip_configuration": [
              {
                "gateway_load_balancer_frontend_ip_configuration_id": "",
                "name": "primary",
                "primary": true,
                "private_ip_address": "10.1.2.5",
                "private_ip_address_allocation": "Dynamic",
                "private_ip_address_version": "IPv4",
                "public_ip_address_id": "",
                "subnet_id": "/subscriptions/e32dabfc-1904-4ae7-a543-1db013b3c60c/resourceGroups/rg-assistant/providers/Microsoft.Network/virtualNetworks/vnet_ai_services/subnets/subnet-jumpbox"
              }
            ],
            "ip_forwarding_enabled": false,
            "location": "swedencentral",
            "mac_address": "60-45-BD-C8-90-75",
            "name": "nic1-vm-jumpbox",
            "private_ip_address": "10.1.2.5",
            "private_ip_addresses": [
              "10.1.2.5"
            ],
            "resource_group_name": "rg-assistant",
            "tags": {},
            "timeouts": null,
            "virtual_machine_id": "/subscriptions/e32dabfc-1904-4ae7-a543-1db013b3c60c/resourceGroups/rg-assistant/providers/Microsoft.Compute/virtualMachines/vm-jumpbox"
          },
          "sensitive_attributes": [],
          "identity_schema_version": 0,
          "identity": {
            "name": "nic1-vm-jumpbox",
            "resource_group_name": "rg-assistant",
            "subscription_id": "e32dabfc-1904-4ae7-a543-1db013b3c60c"
          },
          "private": "eyJlMmJmYjczMC1lY2FhLTExZTYtOGY4OC0zNDM2M2JjN2M0YzAiOnsiY3JlYXRlIjoxODAwMDAwMDAwMDAwLCJkZWxldGUiOjE4MDAwMDAwMDAwMDAsInJlYWQiOjMwMDAwMDAwMDAwMCwidXBkYXRlIjoxODAwMDAwMDAwMDAwfX0=",
          "dependencies": [
            "azurerm_resource_group.rg",
            "azurerm_subnet.subnet_jumpbox",
            "azurerm_virtual_network.vnet_ai_services"
          ]
        }
      ]
    },
    {
      "mode": "managed",
      "type": "azurerm_network_security_group",
      "name": "nsg_main",
      "provider": "provider[\"registry.terraform.io/hashicorp/azurerm\"]",
      "instances": [
        {
          "schema_version": 0,
          "attributes": {
            "id": "/subscriptions/e32dabfc-1904-4ae7-a543-1db013b3c60c/resourceGroups/rg-assistant/providers/Microsoft.Network/networkSecurityGroups/nsg_main",
            "location": "swedencentral",
            "name": "nsg_main",
            "resource_group_name": "rg-assistant",
            "security_rule": [
              {
                "access": "Allow",
                "description": "",
                "destination_address_prefix": "AzureCloud",
                "destination_address_prefixes": [],
                "destination_application_security_group_ids": [],
                "destination_port_range": "*",
                "destination_port_ranges": [],
                "direction": "Outbound",
                "name": "AllowAzureCloud",
                "priority": 500,
                "protocol": "Tcp",
                "source_address_prefix": "VirtualNetwork",
                "source_address_prefixes": [],
                "source_application_security_group_ids": [],
                "source_port_range": "*",
                "source_port_ranges": []
              },
              {
                "access": "Allow",
                "description": "",
                "destination_address_prefix": "Internet",
                "destination_address_prefixes": [],
                "destination_application_security_group_ids": [],
                "destination_port_range": "*",
                "destination_port_ranges": [],
                "direction": "Outbound",
                "name": "AllowOutboundInternet",
                "priority": 600,
                "protocol": "Tcp",
                "source_address_prefix": "*",
                "source_address_prefixes": [],
                "source_application_security_group_ids": [],
                "source_port_range": "*",
                "source_port_ranges": []
              }
            ],
            "tags": {
              "environment": "dev"
            },
            "timeouts": null
          },
          "sensitive_attributes": [],
          "identity_schema_version": 0,
          "identity": {
            "name": "nsg_main",
            "resource_group_name": "rg-assistant",
            "subscription_id": "e32dabfc-1904-4ae7-a543-1db013b3c60c"
          },
          "private": "eyJlMmJmYjczMC1lY2FhLTExZTYtOGY4OC0zNDM2M2JjN2M0YzAiOnsiY3JlYXRlIjoxODAwMDAwMDAwMDAwLCJkZWxldGUiOjE4MDAwMDAwMDAwMDAsInJlYWQiOjMwMDAwMDAwMDAwMCwidXBkYXRlIjoxODAwMDAwMDAwMDAwfX0=",
          "dependencies": [
            "azurerm_resource_group.rg"
          ]
        }
      ]
    },
    {
      "mode": "managed",
      "type": "azurerm_private_dns_zone",
      "name": "ai_foundry_dns_zone",
      "provider": "provider[\"registry.terraform.io/hashicorp/azurerm\"]",
      "instances": [
        {
          "schema_version": 0,
          "attributes": {
            "id": "/subscriptions/e32dabfc-1904-4ae7-a543-1db013b3c60c/resourceGroups/rg-assistant/providers/Microsoft.Network/privateDnsZones/privatelink.services.ai.azure.com",
            "max_number_of_record_sets": 25000,
            "max_number_of_virtual_network_links": 1000,
            "max_number_of_virtual_network_links_with_registration": 100,
            "name": "privatelink.services.ai.azure.com",
            "number_of_record_sets": 2,
            "resource_group_name": "rg-assistant",
            "soa_record": [
              {
                "email": "azureprivatedns-host.microsoft.com",
                "expire_time": 2419200,
                "fqdn": "privatelink.services.ai.azure.com.",
                "host_name": "azureprivatedns.net",
                "minimum_ttl": 10,
                "refresh_time": 3600,
                "retry_time": 300,
                "serial_number": 1,
                "tags": {},
                "ttl": 3600
              }
            ],
            "tags": {
              "environment": "dev"
            },
            "timeouts": null
          },
          "sensitive_attributes": [],
          "identity_schema_version": 0,
          "identity": {
            "name": "privatelink.services.ai.azure.com",
            "resource_group_name": "rg-assistant",
            "subscription_id": "e32dabfc-1904-4ae7-a543-1db013b3c60c"
          },
          "private": "eyJlMmJmYjczMC1lY2FhLTExZTYtOGY4OC0zNDM2M2JjN2M0YzAiOnsiY3JlYXRlIjoxODAwMDAwMDAwMDAwLCJkZWxldGUiOjE4MDAwMDAwMDAwMDAsInJlYWQiOjMwMDAwMDAwMDAwMCwidXBkYXRlIjoxODAwMDAwMDAwMDAwfX0=",
          "dependencies": [
            "azurerm_resource_group.rg"
          ]
        }
      ]
    },
    {
      "mode": "managed",
      "type": "azurerm_private_dns_zone",
      "name": "cognitiveservices_dns_zone",
      "provider": "provider[\"registry.terraform.io/hashicorp/azurerm\"]",
      "instances": [
        {
          "schema_version": 0,
          "attributes": {
            "id": "/subscriptions/e32dabfc-1904-4ae7-a543-1db013b3c60c/resourceGroups/rg-assistant/providers/Microsoft.Network/privateDnsZones/privatelink.cognitiveservices.azure.com",
            "max_number_of_record_sets": 25000,
            "max_number_of_virtual_network_links": 1000,
            "max_number_of_virtual_network_links_with_registration": 100,
            "name": "privatelink.cognitiveservices.azure.com",
            "number_of_record_sets": 2,
            "resource_group_name": "rg-assistant",
            "soa_record": [
              {
                "email": "azureprivatedns-host.microsoft.com",
                "expire_time": 2419200,
                "fqdn": "privatelink.cognitiveservices.azure.com.",
                "host_name": "azureprivatedns.net",
                "minimum_ttl": 10,
                "refresh_time": 3600,
                "retry_time": 300,
                "serial_number": 1,
                "tags": {},
                "ttl": 3600
              }
            ],
            "tags": {
              "environment": "dev"
            },
            "timeouts": null
          },
          "sensitive_attributes": [],
          "identity_schema_version": 0,
          "identity": {
            "name": "privatelink.cognitiveservices.azure.com",
            "resource_group_name": "rg-assistant",
            "subscription_id": "e32dabfc-1904-4ae7-a543-1db013b3c60c"
          },
          "private": "eyJlMmJmYjczMC1lY2FhLTExZTYtOGY4OC0zNDM2M2JjN2M0YzAiOnsiY3JlYXRlIjoxODAwMDAwMDAwMDAwLCJkZWxldGUiOjE4MDAwMDAwMDAwMDAsInJlYWQiOjMwMDAwMDAwMDAwMCwidXBkYXRlIjoxODAwMDAwMDAwMDAwfX0=",
          "dependencies": [
            "azurerm_resource_group.rg"
          ]
        }
      ]
    },
    {
      "mode": "managed",
      "type": "azurerm_private_dns_zone",
      "name": "openai_dns_zone",
      "provider": "provider[\"registry.terraform.io/hashicorp/azurerm\"]",
      "instances": [
        {
          "schema_version": 0,
          "attributes": {
            "id": "/subscriptions/e32dabfc-1904-4ae7-a543-1db013b3c60c/resourceGroups/rg-assistant/providers/Microsoft.Network/privateDnsZones/privatelink.openai.azure.com",
            "max_number_of_record_sets": 25000,
            "max_number_of_virtual_network_links": 1000,
            "max_number_of_virtual_network_links_with_registration": 100,
            "name": "privatelink.openai.azure.com",
            "number_of_record_sets": 2,
            "resource_group_name": "rg-assistant",
            "soa_record": [
              {
                "email": "azureprivatedns-host.microsoft.com",
                "expire_time": 2419200,
                "fqdn": "privatelink.openai.azure.com.",
                "host_name": "azureprivatedns.net",
                "minimum_ttl": 10,
                "refresh_time": 3600,
                "retry_time": 300,
                "serial_number": 1,
                "tags": {},
                "ttl": 3600
              }
            ],
            "tags": {
              "environment": "dev"
            },
            "timeouts": null
          },
          "sensitive_attributes": [],
          "identity_schema_version": 0,
          "identity": {
            "name": "privatelink.openai.azure.com",
            "resource_group_name": "rg-assistant",
            "subscription_id": "e32dabfc-1904-4ae7-a543-1db013b3c60c"
          },
          "private": "eyJlMmJmYjczMC1lY2FhLTExZTYtOGY4OC0zNDM2M2JjN2M0YzAiOnsiY3JlYXRlIjoxODAwMDAwMDAwMDAwLCJkZWxldGUiOjE4MDAwMDAwMDAwMDAsInJlYWQiOjMwMDAwMDAwMDAwMCwidXBkYXRlIjoxODAwMDAwMDAwMDAwfX0=",
          "dependencies": [
            "azurerm_resource_group.rg"
          ]
        }
      ]
    },
    {
      "mode": "managed",
      "type": "azurerm_private_dns_zone",
      "name": "vault_dns_zone",
      "provider": "provider[\"registry.terraform.io/hashicorp/azurerm\"]",
      "instances": [
        {
          "schema_version": 0,
          "attributes": {
            "id": "/subscriptions/e32dabfc-1904-4ae7-a543-1db013b3c60c/resourceGroups/rg-assistant/providers/Microsoft.Network/privateDnsZones/vault.contoso.com",
            "max_number_of_record_sets": 25000,
            "max_number_of_virtual_network_links": 1000,
            "max_number_of_virtual_network_links_with_registration": 100,
            "name": "vault.contoso.com",
            "number_of_record_sets": 1,
            "resource_group_name": "rg-assistant",
            "soa_record": [
              {
                "email": "azureprivatedns-host.microsoft.com",
                "expire_time": 2419200,
                "fqdn": "vault.contoso.com.",
                "host_name": "azureprivatedns.net",
                "minimum_ttl": 10,
                "refresh_time": 3600,
                "retry_time": 300,
                "serial_number": 1,
                "tags": {},
                "ttl": 3600
              }
            ],
            "tags": {},
            "timeouts": null
          },
          "sensitive_attributes": [],
          "identity_schema_version": 0,
          "identity": {
            "name": "vault.contoso.com",
            "resource_group_name": "rg-assistant",
            "subscription_id": "e32dabfc-1904-4ae7-a543-1db013b3c60c"
          },
          "private": "eyJlMmJmYjczMC1lY2FhLTExZTYtOGY4OC0zNDM2M2JjN2M0YzAiOnsiY3JlYXRlIjoxODAwMDAwMDAwMDAwLCJkZWxldGUiOjE4MDAwMDAwMDAwMDAsInJlYWQiOjMwMDAwMDAwMDAwMCwidXBkYXRlIjoxODAwMDAwMDAwMDAwfX0=",
          "dependencies": [
            "azurerm_resource_group.rg"
          ]
        }
      ]
    },
    {
      "mode": "managed",
      "type": "azurerm_private_endpoint",
      "name": "ai_foundry_pe",
      "provider": "provider[\"registry.terraform.io/hashicorp/azurerm\"]",
      "instances": [
        {
          "schema_version": 0,
          "attributes": {
            "custom_dns_configs": [],
            "custom_network_interface_name": "nic-pep-ai-foundry",
            "id": "/subscriptions/e32dabfc-1904-4ae7-a543-1db013b3c60c/resourceGroups/rg-assistant/providers/Microsoft.Network/privateEndpoints/pep-ai-foundry",
            "ip_configuration": [],
            "location": "swedencentral",
            "name": "pep-ai-foundry",
            "network_interface": [
              {
                "id": "/subscriptions/e32dabfc-1904-4ae7-a543-1db013b3c60c/resourceGroups/rg-assistant/providers/Microsoft.Network/networkInterfaces/nic-pep-ai-foundry",
                "name": "nic-pep-ai-foundry"
              }
            ],
            "private_dns_zone_configs": [
              {
                "id": "/subscriptions/e32dabfc-1904-4ae7-a543-1db013b3c60c/resourceGroups/rg-assistant/providers/Microsoft.Network/privateEndpoints/pep-ai-foundry/privateDnsZoneGroups/ai-foundry-dns-zone-group/privateDnsZoneConfigs/privatelink.services.ai.azure.com",
                "name": "privatelink.services.ai.azure.com",
                "private_dns_zone_id": "/subscriptions/e32dabfc-1904-4ae7-a543-1db013b3c60c/resourceGroups/rg-assistant/providers/Microsoft.Network/privateDnsZones/privatelink.services.ai.azure.com",
                "record_sets": [
                  {
                    "fqdn": "aif-assistant.privatelink.services.ai.azure.com",
                    "ip_addresses": [
                      "10.1.0.6"
                    ],
                    "name": "aif-assistant",
                    "ttl": 10,
                    "type": "A"
                  }
                ]
              },
              {
                "id": "/subscriptions/e32dabfc-1904-4ae7-a543-1db013b3c60c/resourceGroups/rg-assistant/providers/Microsoft.Network/privateEndpoints/pep-ai-foundry/privateDnsZoneGroups/ai-foundry-dns-zone-group/privateDnsZoneConfigs/privatelink.openai.azure.com",
                "name": "privatelink.openai.azure.com",
                "private_dns_zone_id": "/subscriptions/e32dabfc-1904-4ae7-a543-1db013b3c60c/resourceGroups/rg-assistant/providers/Microsoft.Network/privateDnsZones/privatelink.openai.azure.com",
                "record_sets": [
                  {
                    "fqdn": "aif-assistant.privatelink.openai.azure.com",
                    "ip_addresses": [
                      "10.1.0.5"
                    ],
                    "name": "aif-assistant",
                    "ttl": 10,
                    "type": "A"
                  }
                ]
              },
              {
                "id": "/subscriptions/e32dabfc-1904-4ae7-a543-1db013b3c60c/resourceGroups/rg-assistant/providers/Microsoft.Network/privateEndpoints/pep-ai-foundry/privateDnsZoneGroups/ai-foundry-dns-zone-group/privateDnsZoneConfigs/privatelink.cognitiveservices.azure.com",
                "name": "privatelink.cognitiveservices.azure.com",
                "private_dns_zone_id": "/subscriptions/e32dabfc-1904-4ae7-a543-1db013b3c60c/resourceGroups/rg-assistant/providers/Microsoft.Network/privateDnsZones/privatelink.cognitiveservices.azure.com",
                "record_sets": [
                  {
                    "fqdn": "aif-assistant.privatelink.cognitiveservices.azure.com",
                    "ip_addresses": [
                      "10.1.0.4"
                    ],
                    "name": "aif-assistant",
                    "ttl": 10,
                    "type": "A"
                  }
                ]
              }
            ],
            "private_dns_zone_group": [
              {
                "id": "/subscriptions/e32dabfc-1904-4ae7-a543-1db013b3c60c/resourceGroups/rg-assistant/providers/Microsoft.Network/privateEndpoints/pep-ai-foundry/privateDnsZoneGroups/ai-foundry-dns-zone-group",
                "name": "ai-foundry-dns-zone-group",
                "private_dns_zone_ids": [
                  "/subscriptions/e32dabfc-1904-4ae7-a543-1db013b3c60c/resourceGroups/rg-assistant/providers/Microsoft.Network/privateDnsZones/privatelink.services.ai.azure.com",
                  "/subscriptions/e32dabfc-1904-4ae7-a543-1db013b3c60c/resourceGroups/rg-assistant/providers/Microsoft.Network/privateDnsZones/privatelink.openai.azure.com",
                  "/subscriptions/e32dabfc-1904-4ae7-a543-1db013b3c60c/resourceGroups/rg-assistant/providers/Microsoft.Network/privateDnsZones/privatelink.cognitiveservices.azure.com"
                ]
              }
            ],
            "private_service_connection": [
              {
                "is_manual_connection": false,
                "name": "ai-foundry-psc",
                "private_connection_resource_alias": "",
                "private_connection_resource_id": "/subscriptions/e32dabfc-1904-4ae7-a543-1db013b3c60c/resourceGroups/rg-assistant/providers/Microsoft.CognitiveServices/accounts/aif-assistant",
                "private_ip_address": "10.1.0.4",
                "request_message": "",
                "subresource_names": [
                  "account"
                ]
              }
            ],
            "resource_group_name": "rg-assistant",
            "subnet_id": "/subscriptions/e32dabfc-1904-4ae7-a543-1db013b3c60c/resourceGroups/rg-assistant/providers/Microsoft.Network/virtualNetworks/vnet_ai_services/subnets/subnet-pep",
            "tags": {
              "environment": "dev"
            },
            "timeouts": null
          },
          "sensitive_attributes": [],
          "identity_schema_version": 0,
          "identity": {
            "name": "pep-ai-foundry",
            "resource_group_name": "rg-assistant",
            "subscription_id": "e32dabfc-1904-4ae7-a543-1db013b3c60c"
          },
          "private": "eyJlMmJmYjczMC1lY2FhLTExZTYtOGY4OC0zNDM2M2JjN2M0YzAiOnsiY3JlYXRlIjozNjAwMDAwMDAwMDAwLCJkZWxldGUiOjM2MDAwMDAwMDAwMDAsInJlYWQiOjMwMDAwMDAwMDAwMCwidXBkYXRlIjozNjAwMDAwMDAwMDAwfX0=",
          "dependencies": [
            "azapi_resource.ai_foundry_instance",
            "azurerm_private_dns_zone.ai_foundry_dns_zone",
            "azurerm_private_dns_zone.cognitiveservices_dns_zone",
            "azurerm_private_dns_zone.openai_dns_zone",
            "azurerm_resource_group.rg",
            "azurerm_subnet.subnet_agents",
            "azurerm_subnet.subnet_jumpbox",
            "azurerm_subnet.subnet_pep",
            "azurerm_virtual_network.vnet_ai_services"
          ]
        }
      ]
    },
    {
      "mode": "managed",
      "type": "azurerm_public_ip",
      "name": "pip_bastion",
      "provider": "provider[\"registry.terraform.io/hashicorp/azurerm\"]",
      "instances": [
        {
          "schema_version": 0,
          "attributes": {
            "allocation_method": "Static",
            "ddos_protection_mode": "VirtualNetworkInherited",
            "ddos_protection_plan_id": null,
            "domain_name_label": null,
            "domain_name_label_scope": null,
            "edge_zone": "",
            "fqdn": null,
            "id": "/subscriptions/e32dabfc-1904-4ae7-a543-1db013b3c60c/resourceGroups/rg-assistant/providers/Microsoft.Network/publicIPAddresses/pip_bastion",
            "idle_timeout_in_minutes": 4,
            "ip_address": "4.223.101.47",
            "ip_tags": {},
            "ip_version": "IPv4",
            "location": "swedencentral",
            "name": "pip_bastion",
            "public_ip_prefix_id": null,
            "resource_group_name": "rg-assistant",
            "reverse_fqdn": null,
            "sku": "Standard",
            "sku_tier": "Regional",
            "tags": {},
            "timeouts": null,
            "zones": []
          },
          "sensitive_attributes": [],
          "identity_schema_version": 0,
          "private": "eyJlMmJmYjczMC1lY2FhLTExZTYtOGY4OC0zNDM2M2JjN2M0YzAiOnsiY3JlYXRlIjoxODAwMDAwMDAwMDAwLCJkZWxldGUiOjE4MDAwMDAwMDAwMDAsInJlYWQiOjMwMDAwMDAwMDAwMCwidXBkYXRlIjoxODAwMDAwMDAwMDAwfX0=",
          "dependencies": [
            "azurerm_resource_group.rg"
          ]
        }
      ]
    },
    {
      "mode": "managed",
      "type": "azurerm_resource_group",
      "name": "rg",
      "provider": "provider[\"registry.terraform.io/hashicorp/azurerm\"]",
      "instances": [
        {
          "schema_version": 0,
          "attributes": {
            "id": "/subscriptions/e32dabfc-1904-4ae7-a543-1db013b3c60c/resourceGroups/rg-assistant",
            "location": "swedencentral",
            "managed_by": "",
            "name": "rg-assistant",
            "tags": {
              "environment": "dev"
            },
            "timeouts": null
          },
          "sensitive_attributes": [],
          "identity_schema_version": 0,
          "private": "eyJlMmJmYjczMC1lY2FhLTExZTYtOGY4OC0zNDM2M2JjN2M0YzAiOnsiY3JlYXRlIjo1NDAwMDAwMDAwMDAwLCJkZWxldGUiOjU0MDAwMDAwMDAwMDAsInJlYWQiOjMwMDAwMDAwMDAwMCwidXBkYXRlIjo1NDAwMDAwMDAwMDAwfX0="
        }
      ]
    },
    {
      "mode": "managed",
      "type": "azurerm_role_assignment",
      "name": "ai_foundry_role_assignment",
      "provider": "provider[\"registry.terraform.io/hashicorp/azurerm\"]",
      "instances": [
        {
          "schema_version": 0,
          "attributes": {
            "condition": "",
            "condition_version": "",
            "delegated_managed_identity_resource_id": "",
            "description": "",
            "id": "/subscriptions/e32dabfc-1904-4ae7-a543-1db013b3c60c/providers/Microsoft.Authorization/roleAssignments/83062309-6c7e-19c1-7c0f-e0f423ce6c83",
            "name": "83062309-6c7e-19c1-7c0f-e0f423ce6c83",
            "principal_id": "08267d74-732a-4d42-a7c4-ad6e5e523925",
            "principal_type": "User",
            "role_definition_id": "/subscriptions/e32dabfc-1904-4ae7-a543-1db013b3c60c/providers/Microsoft.Authorization/roleDefinitions/a97b65f3-24c7-4388-baec-2e87135dc908",
            "role_definition_name": "Cognitive Services User",
            "scope": "/subscriptions/e32dabfc-1904-4ae7-a543-1db013b3c60c",
            "skip_service_principal_aad_check": null,
            "timeouts": null
          },
          "sensitive_attributes": [],
          "identity_schema_version": 0,
          "private": "eyJlMmJmYjczMC1lY2FhLTExZTYtOGY4OC0zNDM2M2JjN2M0YzAiOnsiY3JlYXRlIjoxODAwMDAwMDAwMDAwLCJkZWxldGUiOjE4MDAwMDAwMDAwMDAsInJlYWQiOjMwMDAwMDAwMDAwMH19",
          "dependencies": [
            "data.azurerm_client_config.current",
            "data.azurerm_subscription.primary"
          ]
        }
      ]
    },
    {
      "mode": "managed",
      "type": "azurerm_subnet",
      "name": "AzureBastionSubnet",
      "provider": "provider[\"registry.terraform.io/hashicorp/azurerm\"]",
      "instances": [
        {
          "schema_version": 0,
          "attributes": {
            "address_prefixes": [
              "10.1.3.0/26"
            ],
            "default_outbound_access_enabled": true,
            "delegation": [],
            "id": "/subscriptions/e32dabfc-1904-4ae7-a543-1db013b3c60c/resourceGroups/rg-assistant/providers/Microsoft.Network/virtualNetworks/vnet_ai_services/subnets/AzureBastionSubnet",
            "ip_address_pool": [],
            "name": "AzureBastionSubnet",
            "private_endpoint_network_policies": "Disabled",
            "private_link_service_network_policies_enabled": true,
            "resource_group_name": "rg-assistant",
            "service_endpoint_policy_ids": [],
            "service_endpoints": [],
            "timeouts": null,
            "virtual_network_name": "vnet_ai_services"
          },
          "sensitive_attributes": [],
          "identity_schema_version": 0,
          "identity": {
            "name": "AzureBastionSubnet",
            "resource_group_name": "rg-assistant",
            "subscription_id": "e32dabfc-1904-4ae7-a543-1db013b3c60c",
            "virtual_network_name": "vnet_ai_services"
          },
          "private": "eyJlMmJmYjczMC1lY2FhLTExZTYtOGY4OC0zNDM2M2JjN2M0YzAiOnsiY3JlYXRlIjoxODAwMDAwMDAwMDAwLCJkZWxldGUiOjE4MDAwMDAwMDAwMDAsInJlYWQiOjMwMDAwMDAwMDAwMCwidXBkYXRlIjoxODAwMDAwMDAwMDAwfX0=",
          "dependencies": [
            "azurerm_resource_group.rg",
            "azurerm_virtual_network.vnet_ai_services"
          ]
        }
      ]
    },
    {
      "mode": "managed",
      "type": "azurerm_subnet",
      "name": "subnet_agents",
      "provider": "provider[\"registry.terraform.io/hashicorp/azurerm\"]",
      "instances": [
        {
          "schema_version": 0,
          "attributes": {
            "address_prefixes": [
              "10.1.1.0/24"
            ],
            "default_outbound_access_enabled": true,
            "delegation": [],
            "id": "/subscriptions/e32dabfc-1904-4ae7-a543-1db013b3c60c/resourceGroups/rg-assistant/providers/Microsoft.Network/virtualNetworks/vnet_ai_services/subnets/subnet-agents",
            "ip_address_pool": [],
            "name": "subnet-agents",
            "private_endpoint_network_policies": "Disabled",
            "private_link_service_network_policies_enabled": true,
            "resource_group_name": "rg-assistant",
            "service_endpoint_policy_ids": [],
            "service_endpoints": [],
            "timeouts": null,
            "virtual_network_name": "vnet_ai_services"
          },
          "sensitive_attributes": [],
          "identity_schema_version": 0,
          "identity": {
            "name": "subnet-agents",
            "resource_group_name": "rg-assistant",
            "subscription_id": "e32dabfc-1904-4ae7-a543-1db013b3c60c",
            "virtual_network_name": "vnet_ai_services"
          },
          "private": "eyJlMmJmYjczMC1lY2FhLTExZTYtOGY4OC0zNDM2M2JjN2M0YzAiOnsiY3JlYXRlIjoxODAwMDAwMDAwMDAwLCJkZWxldGUiOjE4MDAwMDAwMDAwMDAsInJlYWQiOjMwMDAwMDAwMDAwMCwidXBkYXRlIjoxODAwMDAwMDAwMDAwfX0=",
          "dependencies": [
            "azurerm_resource_group.rg",
            "azurerm_virtual_network.vnet_ai_services"
          ]
        }
      ]
    },
    {
      "mode": "managed",
      "type": "azurerm_subnet",
      "name": "subnet_jumpbox",
      "provider": "provider[\"registry.terraform.io/hashicorp/azurerm\"]",
      "instances": [
        {
          "schema_version": 0,
          "attributes": {
            "address_prefixes": [
              "10.1.2.0/24"
            ],
            "default_outbound_access_enabled": false,
            "delegation": [],
            "id": "/subscriptions/e32dabfc-1904-4ae7-a543-1db013b3c60c/resourceGroups/rg-assistant/providers/Microsoft.Network/virtualNetworks/vnet_ai_services/subnets/subnet-jumpbox",
            "ip_address_pool": [],
            "name": "subnet-jumpbox",
            "private_endpoint_network_policies": "Disabled",
            "private_link_service_network_policies_enabled": true,
            "resource_group_name": "rg-assistant",
            "service_endpoint_policy_ids": [],
            "service_endpoints": [
              "Microsoft.CognitiveServices"
            ],
            "timeouts": null,
            "virtual_network_name": "vnet_ai_services"
          },
          "sensitive_attributes": [],
          "identity_schema_version": 0,
          "identity": {
            "name": "subnet-jumpbox",
            "resource_group_name": "rg-assistant",
            "subscription_id": "e32dabfc-1904-4ae7-a543-1db013b3c60c",
            "virtual_network_name": "vnet_ai_services"
          },
          "private": "eyJlMmJmYjczMC1lY2FhLTExZTYtOGY4OC0zNDM2M2JjN2M0YzAiOnsiY3JlYXRlIjoxODAwMDAwMDAwMDAwLCJkZWxldGUiOjE4MDAwMDAwMDAwMDAsInJlYWQiOjMwMDAwMDAwMDAwMCwidXBkYXRlIjoxODAwMDAwMDAwMDAwfX0=",
          "dependencies": [
            "azurerm_resource_group.rg",
            "azurerm_virtual_network.vnet_ai_services"
          ]
        }
      ]
    },
    {
      "mode": "managed",
      "type": "azurerm_subnet",
      "name": "subnet_pep",
      "provider": "provider[\"registry.terraform.io/hashicorp/azurerm\"]",
      "instances": [
        {
          "schema_version": 0,
          "attributes": {
            "address_prefixes": [
              "10.1.0.0/24"
            ],
            "default_outbound_access_enabled": true,
            "delegation": [],
            "id": "/subscriptions/e32dabfc-1904-4ae7-a543-1db013b3c60c/resourceGroups/rg-assistant/providers/Microsoft.Network/virtualNetworks/vnet_ai_services/subnets/subnet-pep",
            "ip_address_pool": [],
            "name": "subnet-pep",
            "private_endpoint_network_policies": "Disabled",
            "private_link_service_network_policies_enabled": true,
            "resource_group_name": "rg-assistant",
            "service_endpoint_policy_ids": [],
            "service_endpoints": [
              "Microsoft.CognitiveServices"
            ],
            "timeouts": null,
            "virtual_network_name": "vnet_ai_services"
          },
          "sensitive_attributes": [],
          "identity_schema_version": 0,
          "identity": {
            "name": "subnet-pep",
            "resource_group_name": "rg-assistant",
            "subscription_id": "e32dabfc-1904-4ae7-a543-1db013b3c60c",
            "virtual_network_name": "vnet_ai_services"
          },
          "private": "eyJlMmJmYjczMC1lY2FhLTExZTYtOGY4OC0zNDM2M2JjN2M0YzAiOnsiY3JlYXRlIjoxODAwMDAwMDAwMDAwLCJkZWxldGUiOjE4MDAwMDAwMDAwMDAsInJlYWQiOjMwMDAwMDAwMDAwMCwidXBkYXRlIjoxODAwMDAwMDAwMDAwfX0=",
          "dependencies": [
            "azurerm_resource_group.rg",
            "azurerm_virtual_network.vnet_ai_services"
          ]
        }
      ]
    },
    {
      "mode": "managed",
      "type": "azurerm_subnet_network_security_group_association",
      "name": "nsg_association_001",
      "provider": "provider[\"registry.terraform.io/hashicorp/azurerm\"]",
      "instances": [
        {
          "schema_version": 0,
          "attributes": {
            "id": "/subscriptions/e32dabfc-1904-4ae7-a543-1db013b3c60c/resourceGroups/rg-assistant/providers/Microsoft.Network/virtualNetworks/vnet_ai_services/subnets/subnet-pep",
            "network_security_group_id": "/subscriptions/e32dabfc-1904-4ae7-a543-1db013b3c60c/resourceGroups/rg-assistant/providers/Microsoft.Network/networkSecurityGroups/nsg_main",
            "subnet_id": "/subscriptions/e32dabfc-1904-4ae7-a543-1db013b3c60c/resourceGroups/rg-assistant/providers/Microsoft.Network/virtualNetworks/vnet_ai_services/subnets/subnet-pep",
            "timeouts": null
          },
          "sensitive_attributes": [],
          "identity_schema_version": 0,
          "private": "eyJlMmJmYjczMC1lY2FhLTExZTYtOGY4OC0zNDM2M2JjN2M0YzAiOnsiY3JlYXRlIjoxODAwMDAwMDAwMDAwLCJkZWxldGUiOjE4MDAwMDAwMDAwMDAsInJlYWQiOjMwMDAwMDAwMDAwMH19",
          "dependencies": [
            "azurerm_network_security_group.nsg_main",
            "azurerm_resource_group.rg",
            "azurerm_subnet.subnet_pep",
            "azurerm_virtual_network.vnet_ai_services"
          ]
        }
      ]
    },
    {
      "mode": "managed",
      "type": "azurerm_subnet_network_security_group_association",
      "name": "nsg_association_002",
      "provider": "provider[\"registry.terraform.io/hashicorp/azurerm\"]",
      "instances": [
        {
          "schema_version": 0,
          "attributes": {
            "id": "/subscriptions/e32dabfc-1904-4ae7-a543-1db013b3c60c/resourceGroups/rg-assistant/providers/Microsoft.Network/virtualNetworks/vnet_ai_services/subnets/subnet-agents",
            "network_security_group_id": "/subscriptions/e32dabfc-1904-4ae7-a543-1db013b3c60c/resourceGroups/rg-assistant/providers/Microsoft.Network/networkSecurityGroups/nsg_main",
            "subnet_id": "/subscriptions/e32dabfc-1904-4ae7-a543-1db013b3c60c/resourceGroups/rg-assistant/providers/Microsoft.Network/virtualNetworks/vnet_ai_services/subnets/subnet-agents",
            "timeouts": null
          },
          "sensitive_attributes": [],
          "identity_schema_version": 0,
          "private": "eyJlMmJmYjczMC1lY2FhLTExZTYtOGY4OC0zNDM2M2JjN2M0YzAiOnsiY3JlYXRlIjoxODAwMDAwMDAwMDAwLCJkZWxldGUiOjE4MDAwMDAwMDAwMDAsInJlYWQiOjMwMDAwMDAwMDAwMH19",
          "dependencies": [
            "azurerm_network_security_group.nsg_main",
            "azurerm_resource_group.rg",
            "azurerm_subnet.subnet_agents",
            "azurerm_virtual_network.vnet_ai_services"
          ]
        }
      ]
    },
    {
      "mode": "managed",
      "type": "azurerm_subnet_network_security_group_association",
      "name": "nsg_association_003",
      "provider": "provider[\"registry.terraform.io/hashicorp/azurerm\"]",
      "instances": [
        {
          "schema_version": 0,
          "attributes": {
            "id": "/subscriptions/e32dabfc-1904-4ae7-a543-1db013b3c60c/resourceGroups/rg-assistant/providers/Microsoft.Network/virtualNetworks/vnet_ai_services/subnets/subnet-jumpbox",
            "network_security_group_id": "/subscriptions/e32dabfc-1904-4ae7-a543-1db013b3c60c/resourceGroups/rg-assistant/providers/Microsoft.Network/networkSecurityGroups/nsg_main",
            "subnet_id": "/subscriptions/e32dabfc-1904-4ae7-a543-1db013b3c60c/resourceGroups/rg-assistant/providers/Microsoft.Network/virtualNetworks/vnet_ai_services/subnets/subnet-jumpbox",
            "timeouts": null
          },
          "sensitive_attributes": [],
          "identity_schema_version": 0,
          "private": "eyJlMmJmYjczMC1lY2FhLTExZTYtOGY4OC0zNDM2M2JjN2M0YzAiOnsiY3JlYXRlIjoxODAwMDAwMDAwMDAwLCJkZWxldGUiOjE4MDAwMDAwMDAwMDAsInJlYWQiOjMwMDAwMDAwMDAwMH19",
          "dependencies": [
            "azurerm_network_security_group.nsg_main",
            "azurerm_resource_group.rg",
            "azurerm_subnet.subnet_jumpbox",
            "azurerm_virtual_network.vnet_ai_services"
          ]
        }
      ]
    },
    {
      "mode": "managed",
      "type": "azurerm_virtual_machine_extension",
      "name": "installAzureCLI",
      "provider": "provider[\"registry.terraform.io/hashicorp/azurerm\"]",
      "instances": [
        {
          "schema_version": 0,
          "attributes": {
            "auto_upgrade_minor_version": false,
            "automatic_upgrade_enabled": false,
            "failure_suppression_enabled": false,
            "id": "/subscriptions/e32dabfc-1904-4ae7-a543-1db013b3c60c/resourceGroups/rg-assistant/providers/Microsoft.Compute/virtualMachines/vm-jumpbox/extensions/installAzureCLI",
            "name": "installAzureCLI",
            "protected_settings": null,
            "protected_settings_from_key_vault": [],
            "provision_after_extensions": [],
            "publisher": "Microsoft.Compute",
            "settings": "{\"commandToExecute\":\"powershell -ExecutionPolicy Unrestricted -Command \\\"Invoke-WebRequest -Uri https://aka.ms/installazurecliwindows -OutFile .\\\\AzureCLI.msi; Start-Process msiexec.exe -Wait -ArgumentList '/I AzureCLI.msi /quiet'\\\"\"}",
            "tags": {},
            "timeouts": null,
            "type": "CustomScriptExtension",
            "type_handler_version": "1.10",
            "virtual_machine_id": "/subscriptions/e32dabfc-1904-4ae7-a543-1db013b3c60c/resourceGroups/rg-assistant/providers/Microsoft.Compute/virtualMachines/vm-jumpbox"
          },
          "sensitive_attributes": [
            [
              {
                "type": "get_attr",
                "value": "protected_settings"
              }
            ]
          ],
          "identity_schema_version": 0,
          "identity": {
            "name": "installAzureCLI",
            "resource_group_name": "rg-assistant",
            "subscription_id": "e32dabfc-1904-4ae7-a543-1db013b3c60c",
            "virtual_machine_name": "vm-jumpbox"
          },
          "private": "eyJlMmJmYjczMC1lY2FhLTExZTYtOGY4OC0zNDM2M2JjN2M0YzAiOnsiY3JlYXRlIjoxODAwMDAwMDAwMDAwLCJkZWxldGUiOjE4MDAwMDAwMDAwMDAsInJlYWQiOjMwMDAwMDAwMDAwMCwidXBkYXRlIjoxODAwMDAwMDAwMDAwfX0=",
          "dependencies": [
            "azurerm_network_interface.nic1",
            "azurerm_resource_group.rg",
            "azurerm_subnet.subnet_jumpbox",
            "azurerm_virtual_network.vnet_ai_services",
            "azurerm_windows_virtual_machine.vm-jumpbox",
            "random_password.vm_jumpbox_admin_password"
          ]
        }
      ]
    },
    {
      "mode": "managed",
      "type": "azurerm_virtual_network",
      "name": "vnet_ai_services",
      "provider": "provider[\"registry.terraform.io/hashicorp/azurerm\"]",
      "instances": [
        {
          "schema_version": 0,
          "attributes": {
            "address_space": [
              "10.1.0.0/20"
            ],
            "bgp_community": "",
            "ddos_protection_plan": [],
            "dns_servers": [],
            "edge_zone": "",
            "encryption": [],
            "flow_timeout_in_minutes": 0,
            "guid": "89d18e88-9d2b-4010-a06b-8e03d056f3c8",
            "id": "/subscriptions/e32dabfc-1904-4ae7-a543-1db013b3c60c/resourceGroups/rg-assistant/providers/Microsoft.Network/virtualNetworks/vnet_ai_services",
            "ip_address_pool": [],
            "location": "swedencentral",
            "name": "vnet_ai_services",
            "private_endpoint_vnet_policies": "Disabled",
            "resource_group_name": "rg-assistant",
            "subnet": [
              {
                "address_prefixes": [
                  "10.1.0.0/24"
                ],
                "default_outbound_access_enabled": false,
                "delegation": [],
                "id": "/subscriptions/e32dabfc-1904-4ae7-a543-1db013b3c60c/resourceGroups/rg-assistant/providers/Microsoft.Network/virtualNetworks/vnet_ai_services/subnets/subnet-pep",
                "name": "subnet-pep",
                "private_endpoint_network_policies": "Disabled",
                "private_link_service_network_policies_enabled": true,
                "route_table_id": "",
                "security_group": "/subscriptions/e32dabfc-1904-4ae7-a543-1db013b3c60c/resourceGroups/rg-assistant/providers/Microsoft.Network/networkSecurityGroups/nsg_main",
                "service_endpoint_policy_ids": [],
                "service_endpoints": [
                  "Microsoft.CognitiveServices"
                ]
              },
              {
                "address_prefixes": [
                  "10.1.1.0/24"
                ],
                "default_outbound_access_enabled": false,
                "delegation": [],
                "id": "/subscriptions/e32dabfc-1904-4ae7-a543-1db013b3c60c/resourceGroups/rg-assistant/providers/Microsoft.Network/virtualNetworks/vnet_ai_services/subnets/subnet-agents",
                "name": "subnet-agents",
                "private_endpoint_network_policies": "Disabled",
                "private_link_service_network_policies_enabled": true,
                "route_table_id": "",
                "security_group": "/subscriptions/e32dabfc-1904-4ae7-a543-1db013b3c60c/resourceGroups/rg-assistant/providers/Microsoft.Network/networkSecurityGroups/nsg_main",
                "service_endpoint_policy_ids": [],
                "service_endpoints": []
              },
              {
                "address_prefixes": [
                  "10.1.2.0/24"
                ],
                "default_outbound_access_enabled": false,
                "delegation": [],
                "id": "/subscriptions/e32dabfc-1904-4ae7-a543-1db013b3c60c/resourceGroups/rg-assistant/providers/Microsoft.Network/virtualNetworks/vnet_ai_services/subnets/subnet-jumpbox",
                "name": "subnet-jumpbox",
                "private_endpoint_network_policies": "Disabled",
                "private_link_service_network_policies_enabled": true,
                "route_table_id": "",
                "security_group": "/subscriptions/e32dabfc-1904-4ae7-a543-1db013b3c60c/resourceGroups/rg-assistant/providers/Microsoft.Network/networkSecurityGroups/nsg_main",
                "service_endpoint_policy_ids": [],
                "service_endpoints": [
                  "Microsoft.CognitiveServices"
                ]
              },
              {
                "address_prefixes": [
                  "10.1.3.0/26"
                ],
                "default_outbound_access_enabled": false,
                "delegation": [],
                "id": "/subscriptions/e32dabfc-1904-4ae7-a543-1db013b3c60c/resourceGroups/rg-assistant/providers/Microsoft.Network/virtualNetworks/vnet_ai_services/subnets/AzureBastionSubnet",
                "name": "AzureBastionSubnet",
                "private_endpoint_network_policies": "Disabled",
                "private_link_service_network_policies_enabled": true,
                "route_table_id": "",
                "security_group": "/subscriptions/e32dabfc-1904-4ae7-a543-1db013b3c60c/resourceGroups/rg-assistant/providers/Microsoft.Network/networkSecurityGroups/vnet_ai_services-AzureBastionSubnet-nsg-swedencentral",
                "service_endpoint_policy_ids": [],
                "service_endpoints": []
              }
            ],
            "tags": {
              "environment": "dev"
            },
            "timeouts": null
          },
          "sensitive_attributes": [],
          "identity_schema_version": 0,
          "identity": {
            "name": "vnet_ai_services",
            "resource_group_name": "rg-assistant",
            "subscription_id": "e32dabfc-1904-4ae7-a543-1db013b3c60c"
          },
          "private": "eyJlMmJmYjczMC1lY2FhLTExZTYtOGY4OC0zNDM2M2JjN2M0YzAiOnsiY3JlYXRlIjoxODAwMDAwMDAwMDAwLCJkZWxldGUiOjE4MDAwMDAwMDAwMDAsInJlYWQiOjMwMDAwMDAwMDAwMCwidXBkYXRlIjoxODAwMDAwMDAwMDAwfX0=",
          "dependencies": [
            "azurerm_resource_group.rg"
          ]
        }
      ]
    },
    {
      "mode": "managed",
      "type": "azurerm_windows_virtual_machine",
      "name": "vm-jumpbox",
      "provider": "provider[\"registry.terraform.io/hashicorp/azurerm\"]",
      "instances": [
        {
          "schema_version": 0,
          "attributes": {
            "additional_capabilities": [],
            "additional_unattend_content": [],
            "admin_password": "\u003c6N%Slg%Whh]n+2E",
            "admin_username": "azure-user",
            "allow_extension_operations": true,
            "availability_set_id": "",
            "boot_diagnostics": [],
            "bypass_platform_safety_checks_on_user_schedule_enabled": false,
            "capacity_reservation_group_id": "",
            "computer_name": "vm-jumpbox",
            "custom_data": null,
            "dedicated_host_group_id": "",
            "dedicated_host_id": "",
            "disk_controller_type": "SCSI",
            "edge_zone": "",
            "enable_automatic_updates": true,
            "encryption_at_host_enabled": false,
            "eviction_policy": "",
            "extensions_time_budget": "PT1H30M",
            "gallery_application": [],
            "hotpatching_enabled": false,
            "id": "/subscriptions/e32dabfc-1904-4ae7-a543-1db013b3c60c/resourceGroups/rg-assistant/providers/Microsoft.Compute/virtualMachines/vm-jumpbox",
            "identity": [],
            "license_type": "Windows_Client",
            "location": "swedencentral",
            "max_bid_price": -1,
            "name": "vm-jumpbox",
            "network_interface_ids": [
              "/subscriptions/e32dabfc-1904-4ae7-a543-1db013b3c60c/resourceGroups/rg-assistant/providers/Microsoft.Network/networkInterfaces/nic1-vm-jumpbox"
            ],
            "os_disk": [
              {
                "caching": "ReadOnly",
                "diff_disk_settings": [],
                "disk_encryption_set_id": "",
                "disk_size_gb": 127,
                "id": "/subscriptions/e32dabfc-1904-4ae7-a543-1db013b3c60c/resourceGroups/RG-ASSISTANT/providers/Microsoft.Compute/disks/vm-jumpbox_OsDisk_1_98ad31eb8adc4ed6ac262bd4c7a5d73d",
                "name": "vm-jumpbox_OsDisk_1_98ad31eb8adc4ed6ac262bd4c7a5d73d",
                "secure_vm_disk_encryption_set_id": "",
                "security_encryption_type": "",
                "storage_account_type": "Standard_LRS",
                "write_accelerator_enabled": false
              }
            ],
            "os_image_notification": [],
            "patch_assessment_mode": "ImageDefault",
            "patch_mode": "AutomaticByOS",
            "plan": [],
            "platform_fault_domain": -1,
            "priority": "Regular",
            "private_ip_address": "10.1.2.5",
            "private_ip_addresses": [
              "10.1.2.5"
            ],
            "provision_vm_agent": true,
            "proximity_placement_group_id": "",
            "public_ip_address": "",
            "public_ip_addresses": [],
            "reboot_setting": "",
            "resource_group_name": "rg-assistant",
            "secret": [],
            "secure_boot_enabled": false,
            "size": "Standard_D4as_v5",
            "source_image_id": "",
            "source_image_reference": [
              {
                "offer": "windows-11",
                "publisher": "MicrosoftWindowsDesktop",
                "sku": "win11-21h2-avd",
                "version": "latest"
              }
            ],
            "tags": {
              "Version": "20230516",
              "environment": "dev"
            },
            "termination_notification": [],
            "timeouts": null,
            "timezone": "",
            "user_data": "",
            "virtual_machine_id": "a5c6e400-3068-4410-818a-e88e6f188cd5",
            "virtual_machine_scale_set_id": "",
            "vm_agent_platform_updates_enabled": false,
            "vtpm_enabled": false,
            "winrm_listener": [],
            "zone": ""
          },
          "sensitive_attributes": [
            [
              {
                "type": "get_attr",
                "value": "admin_password"
              }
            ],
            [
              {
                "type": "get_attr",
                "value": "custom_data"
              }
            ]
          ],
          "identity_schema_version": 0,
          "private": "eyJlMmJmYjczMC1lY2FhLTExZTYtOGY4OC0zNDM2M2JjN2M0YzAiOnsiY3JlYXRlIjoyNzAwMDAwMDAwMDAwLCJkZWxldGUiOjI3MDAwMDAwMDAwMDAsInJlYWQiOjMwMDAwMDAwMDAwMCwidXBkYXRlIjoyNzAwMDAwMDAwMDAwfX0=",
          "dependencies": [
            "azurerm_network_interface.nic1",
            "azurerm_resource_group.rg",
            "azurerm_subnet.subnet_jumpbox",
            "azurerm_virtual_network.vnet_ai_services",
            "random_password.vm_jumpbox_admin_password"
          ]
        }
      ]
    },
    {
      "mode": "managed",
      "type": "random_password",
      "name": "vm_jumpbox_admin_password",
      "provider": "provider[\"registry.terraform.io/hashicorp/random\"]",
      "instances": [
        {
          "schema_version": 3,
          "attributes": {
            "bcrypt_hash": "$2a$10$nsayhcBKU7m/YKxTnWBZWu9SThjGmHeCxJlIFaLoJ.Rx3C2zS5PCG",
            "id": "none",
            "keepers": null,
            "length": 16,
            "lower": true,
            "min_lower": 0,
            "min_numeric": 0,
            "min_special": 0,
            "min_upper": 0,
            "number": true,
            "numeric": true,
            "override_special": null,
            "result": "\u003c6N%Slg%Whh]n+2E",
            "special": true,
            "upper": true
          },
          "sensitive_attributes": [
            [
              {
                "type": "get_attr",
                "value": "bcrypt_hash"
              }
            ],
            [
              {
                "type": "get_attr",
                "value": "result"
              }
            ]
          ],
          "identity_schema_version": 0
        }
      ]
    }
  ],
  "check_results": null
}
