{
  "version": 4,
  "terraform_version": "1.12.2",
  "serial": 64,
  "lineage": "fd926ab3-f91f-f602-33c0-64f79ed2eee7",
  "outputs": {},
  "resources": [
    {
      "mode": "managed",
      "type": "azapi_resource",
      "name": "ai_foundry",
      "provider": "provider[\"registry.terraform.io/azure/azapi\"]",
      "instances": [
        {
          "schema_version": 2,
          "attributes": {
            "body": {
              "value": {
                "identity": {
                  "type": "SystemAssigned"
                },
                "kind": "AIServices",
                "properties": {
                  "allowProjectManagement": true,
                  "customSubDomainName": "aif-assistant",
                  "disableLocalAuth": false,
                  "networkAcls": {
                    "defaultAction": "Allow",
                    "ipRules": [],
                    "virtualNetworkRules": []
                  },
                  "networkInjections": null,
                  "publicNetworkAccess": "Enabled",
                  "restore": true
                },
                "sku": {
                  "name": "S0"
                }
              },
              "type": [
                "object",
                {
                  "identity": [
                    "object",
                    {
                      "type": "string"
                    }
                  ],
                  "kind": "string",
                  "properties": [
                    "object",
                    {
                      "allowProjectManagement": "bool",
                      "customSubDomainName": "string",
                      "disableLocalAuth": "bool",
                      "networkAcls": [
                        "object",
                        {
                          "defaultAction": "string",
                          "ipRules": [
                            "tuple",
                            []
                          ],
                          "virtualNetworkRules": [
                            "tuple",
                            []
                          ]
                        }
                      ],
                      "networkInjections": [
                        "tuple",
                        [
                          [
                            "object",
                            {
                              "scenario": "string",
                              "subnetArmId": "string",
                              "useMicrosoftManagedNetwork": "bool"
                            }
                          ]
                        ]
                      ],
                      "publicNetworkAccess": "string",
                      "restore": "bool"
                    }
                  ],
                  "sku": [
                    "object",
                    {
                      "name": "string"
                    }
                  ]
                }
              ]
            },
            "create_headers": null,
            "create_query_parameters": null,
            "delete_headers": null,
            "delete_query_parameters": null,
            "id": "/subscriptions/e32dabfc-1904-4ae7-a543-1db013b3c60c/resourceGroups/rg-assistant/providers/Microsoft.CognitiveServices/accounts/aif-assistant",
            "identity": [],
            "ignore_casing": false,
            "ignore_missing_property": true,
            "ignore_null_property": false,
            "location": "westeurope",
            "locks": null,
            "name": "aif-assistant",
            "output": {
              "value": {
                "id": "/subscriptions/e32dabfc-1904-4ae7-a543-1db013b3c60c/resourceGroups/rg-assistant/providers/Microsoft.CognitiveServices/accounts/aif-assistant",
                "identity": {
                  "principalId": "382663da-27f6-4af6-b287-587ad1440e8d",
                  "tenantId": "99153c66-04da-4534-b83f-000d045ea8af"
                },
                "properties": {
                  "callRateLimit": {
                    "rules": [
                      {
                        "matchPatterns": [
                          {}
                        ]
                      },
                      {
                        "matchPatterns": [
                          {}
                        ]
                      },
                      {
                        "matchPatterns": [
                          {}
                        ]
                      },
                      {
                        "matchPatterns": [
                          {}
                        ]
                      },
                      {
                        "matchPatterns": [
                          {}
                        ]
                      },
                      {
                        "matchPatterns": [
                          {}
                        ]
                      },
                      {
                        "matchPatterns": [
                          {}
                        ]
                      },
                      {
                        "matchPatterns": [
                          {}
                        ]
                      },
                      {
                        "matchPatterns": [
                          {}
                        ]
                      },
                      {
                        "matchPatterns": [
                          {}
                        ]
                      },
                      {
                        "matchPatterns": [
                          {}
                        ]
                      },
                      {
                        "matchPatterns": [
                          {}
                        ]
                      },
                      {
                        "matchPatterns": [
                          {}
                        ]
                      },
                      {
                        "matchPatterns": [
                          {}
                        ]
                      },
                      {
                        "matchPatterns": [
                          {}
                        ]
                      },
                      {
                        "matchPatterns": [
                          {}
                        ]
                      },
                      {
                        "matchPatterns": [
                          {}
                        ]
                      },
                      {
                        "matchPatterns": [
                          {}
                        ]
                      },
                      {
                        "matchPatterns": [
                          {}
                        ]
                      },
                      {
                        "matchPatterns": [
                          {}
                        ]
                      },
                      {
                        "matchPatterns": [
                          {}
                        ]
                      },
                      {
                        "matchPatterns": [
                          {}
                        ]
                      },
                      {
                        "matchPatterns": [
                          {}
                        ]
                      },
                      {
                        "matchPatterns": [
                          {}
                        ]
                      },
                      {
                        "matchPatterns": [
                          {}
                        ]
                      },
                      {
                        "matchPatterns": [
                          {}
                        ]
                      },
                      {
                        "matchPatterns": [
                          {}
                        ]
                      },
                      {
                        "matchPatterns": [
                          {}
                        ]
                      },
                      {
                        "matchPatterns": [
                          {}
                        ]
                      },
                      {
                        "matchPatterns": [
                          {}
                        ]
                      },
                      {
                        "matchPatterns": [
                          {},
                          {},
                          {}
                        ]
                      },
                      {
                        "matchPatterns": [
                          {},
                          {},
                          {}
                        ]
                      },
                      {
                        "matchPatterns": [
                          {}
                        ]
                      },
                      {
                        "matchPatterns": [
                          {}
                        ]
                      },
                      {
                        "matchPatterns": [
                          {}
                        ]
                      },
                      {
                        "matchPatterns": [
                          {}
                        ]
                      },
                      {
                        "matchPatterns": [
                          {}
                        ]
                      },
                      {
                        "matchPatterns": [
                          {}
                        ]
                      },
                      {
                        "matchPatterns": [
                          {}
                        ]
                      },
                      {
                        "matchPatterns": [
                          {}
                        ]
                      },
                      {
                        "matchPatterns": [
                          {}
                        ]
                      },
                      {
                        "matchPatterns": [
                          {}
                        ]
                      },
                      {
                        "matchPatterns": [
                          {}
                        ]
                      },
                      {
                        "matchPatterns": [
                          {}
                        ]
                      },
                      {
                        "matchPatterns": [
                          {}
                        ]
                      },
                      {
                        "matchPatterns": [
                          {}
                        ]
                      },
                      {
                        "matchPatterns": [
                          {}
                        ]
                      },
                      {
                        "matchPatterns": [
                          {}
                        ]
                      },
                      {
                        "matchPatterns": [
                          {}
                        ]
                      },
                      {
                        "matchPatterns": [
                          {},
                          {},
                          {}
                        ]
                      },
                      {
                        "matchPatterns": [
                          {}
                        ]
                      },
                      {
                        "matchPatterns": [
                          {}
                        ]
                      },
                      {
                        "matchPatterns": [
                          {}
                        ]
                      },
                      {
                        "matchPatterns": [
                          {}
                        ]
                      },
                      {
                        "matchPatterns": [
                          {},
                          {}
                        ]
                      },
                      {
                        "matchPatterns": [
                          {}
                        ]
                      },
                      {
                        "matchPatterns": [
                          {},
                          {},
                          {},
                          {},
                          {},
                          {},
                          {},
                          {},
                          {},
                          {},
                          {},
                          {},
                          {},
                          {},
                          {},
                          {}
                        ]
                      },
                      {
                        "matchPatterns": [
                          {},
                          {},
                          {},
                          {},
                          {},
                          {},
                          {},
                          {},
                          {},
                          {},
                          {},
                          {},
                          {},
                          {},
                          {},
                          {},
                          {},
                          {},
                          {},
                          {},
                          {},
                          {},
                          {},
                          {},
                          {}
                        ]
                      },
                      {
                        "matchPatterns": [
                          {},
                          {},
                          {},
                          {},
                          {},
                          {},
                          {},
                          {},
                          {},
                          {}
                        ]
                      },
                      {
                        "matchPatterns": [
                          {},
                          {},
                          {},
                          {},
                          {},
                          {},
                          {},
                          {},
                          {},
                          {},
                          {},
                          {},
                          {},
                          {},
                          {},
                          {},
                          {},
                          {},
                          {},
                          {},
                          {},
                          {},
                          {},
                          {},
                          {}
                        ]
                      },
                      {
                        "matchPatterns": [
                          {}
                        ]
                      },
                      {
                        "matchPatterns": [
                          {}
                        ]
                      },
                      {
                        "matchPatterns": [
                          {},
                          {},
                          {},
                          {}
                        ]
                      },
                      {
                        "matchPatterns": [
                          {},
                          {},
                          {}
                        ]
                      },
                      {
                        "matchPatterns": [
                          {}
                        ]
                      },
                      {
                        "matchPatterns": [
                          {}
                        ]
                      },
                      {
                        "matchPatterns": [
                          {}
                        ]
                      },
                      {
                        "matchPatterns": [
                          {}
                        ]
                      },
                      {
                        "matchPatterns": [
                          {}
                        ]
                      },
                      {
                        "matchPatterns": [
                          {}
                        ]
                      },
                      {
                        "matchPatterns": [
                          {}
                        ]
                      },
                      {
                        "matchPatterns": [
                          {}
                        ]
                      },
                      {
                        "matchPatterns": [
                          {}
                        ]
                      },
                      {
                        "matchPatterns": [
                          {}
                        ]
                      },
                      {
                        "matchPatterns": [
                          {}
                        ]
                      },
                      {
                        "matchPatterns": [
                          {}
                        ]
                      },
                      {
                        "matchPatterns": [
                          {}
                        ]
                      },
                      {
                        "matchPatterns": [
                          {}
                        ]
                      },
                      {
                        "matchPatterns": [
                          {}
                        ]
                      },
                      {
                        "matchPatterns": [
                          {}
                        ]
                      },
                      {
                        "matchPatterns": [
                          {}
                        ]
                      },
                      {
                        "matchPatterns": [
                          {}
                        ]
                      },
                      {
                        "matchPatterns": [
                          {}
                        ]
                      },
                      {
                        "matchPatterns": [
                          {}
                        ]
                      },
                      {
                        "matchPatterns": [
                          {}
                        ]
                      },
                      {
                        "matchPatterns": [
                          {}
                        ]
                      },
                      {
                        "matchPatterns": [
                          {}
                        ]
                      },
                      {
                        "matchPatterns": [
                          {}
                        ]
                      },
                      {
                        "matchPatterns": [
                          {}
                        ]
                      },
                      {
                        "matchPatterns": [
                          {}
                        ]
                      },
                      {
                        "matchPatterns": [
                          {}
                        ]
                      },
                      {
                        "matchPatterns": [
                          {}
                        ]
                      },
                      {
                        "matchPatterns": [
                          {}
                        ]
                      },
                      {
                        "matchPatterns": [
                          {},
                          {}
                        ]
                      },
                      {
                        "matchPatterns": [
                          {},
                          {}
                        ]
                      },
                      {
                        "matchPatterns": [
                          {}
                        ]
                      },
                      {
                        "matchPatterns": [
                          {}
                        ]
                      },
                      {
                        "matchPatterns": [
                          {}
                        ]
                      },
                      {
                        "matchPatterns": [
                          {},
                          {},
                          {},
                          {},
                          {},
                          {}
                        ]
                      },
                      {
                        "matchPatterns": [
                          {},
                          {}
                        ]
                      },
                      {
                        "matchPatterns": [
                          {},
                          {}
                        ]
                      },
                      {
                        "matchPatterns": [
                          {},
                          {}
                        ]
                      },
                      {
                        "matchPatterns": [
                          {},
                          {}
                        ]
                      },
                      {
                        "matchPatterns": [
                          {}
                        ]
                      },
                      {
                        "matchPatterns": [
                          {}
                        ]
                      },
                      {
                        "matchPatterns": [
                          {}
                        ]
                      }
                    ]
                  },
                  "capabilities": [
                    {},
                    {},
                    {},
                    {},
                    {},
                    {},
                    {},
                    {},
                    {},
                    {},
                    {},
                    {},
                    {}
                  ],
                  "dateCreated": "2025-07-16T18:29:30.5643512Z",
                  "endpoint": "https://aif-assistant.cognitiveservices.azure.com/",
                  "endpoints": {
                    "AI Foundry API": "https://aif-assistant.services.ai.azure.com/",
                    "Azure AI Model Inference API": "https://aif-assistant.services.ai.azure.com/",
                    "Cohere AI API": "https://aif-assistant.services.ai.azure.com/",
                    "Computer Vision": "https://aif-assistant.cognitiveservices.azure.com/",
                    "Container": "https://aif-assistant.cognitiveservices.azure.com/",
                    "Content Safety": "https://aif-assistant.cognitiveservices.azure.com/",
                    "Conversational Language Understanding Authoring": "https://aif-assistant.cognitiveservices.azure.com/",
                    "ConversationalLURuntime": "https://aif-assistant.cognitiveservices.azure.com/",
                    "Custom Question Answering": "https://aif-assistant.cognitiveservices.azure.com/",
                    "Custom Question Answering Authoring": "https://aif-assistant.cognitiveservices.azure.com/",
                    "Custom Text Authoring": "https://aif-assistant.cognitiveservices.azure.com/",
                    "CustomTranslator": "https://aif-assistant.cognitiveservices.azure.com/",
                    "DocumentTranslation": "https://aif-assistant.cognitiveservices.azure.com/",
                    "FormRecognizer": "https://aif-assistant.cognitiveservices.azure.com/",
                    "LUIS": "https://aif-assistant.cognitiveservices.azure.com/",
                    "Language": "https://aif-assistant.cognitiveservices.azure.com/",
                    "Mistral AI API": "https://aif-assistant.services.ai.azure.com/",
                    "OpenAI Dall-E API": "https://aif-assistant.openai.azure.com/",
                    "OpenAI Language Model Instance API": "https://aif-assistant.openai.azure.com/",
                    "OpenAI Model Scaleset API": "https://aif-assistant.openai.azure.com/",
                    "OpenAI Moderations API": "https://aif-assistant.openai.azure.com/",
                    "OpenAI Realtime API": "https://aif-assistant.openai.azure.com/",
                    "OpenAI Sora API": "https://aif-assistant.openai.azure.com/",
                    "OpenAI Whisper API": "https://aif-assistant.openai.azure.com/",
                    "QnAMaker": "https://aif-assistant.cognitiveservices.azure.com/",
                    "QuestionAnswering": "https://aif-assistant.cognitiveservices.azure.com/",
                    "Speech Services Audio Content Creation": "https://aif-assistant.cognitiveservices.azure.com/",
                    "Speech Services Batch Avatar": "https://aif-assistant.cognitiveservices.azure.com/",
                    "Speech Services Batch Text to Speech": "https://aif-assistant.cognitiveservices.azure.com/",
                    "Speech Services Custom Avatar": "https://aif-assistant.cognitiveservices.azure.com/",
                    "Speech Services Custom Voice": "https://aif-assistant.cognitiveservices.azure.com/",
                    "Speech Services Custom Voice Trial": "https://aif-assistant.cognitiveservices.azure.com/",
                    "Speech Services Speaker Identification": "https://aif-assistant.cognitiveservices.azure.com/",
                    "Speech Services Speaker Verification": "https://aif-assistant.cognitiveservices.azure.com/",
                    "Speech Services Speech to Text": "https://aif-assistant.cognitiveservices.azure.com/",
                    "Speech Services Speech to Text (Standard)": "https://westeurope.stt.speech.microsoft.com",
                    "Speech Services Speech to Text 2024-05-15-preview": "https://aif-assistant.cognitiveservices.azure.com/",
                    "Speech Services Speech to Text 2024-11-15": "https://aif-assistant.cognitiveservices.azure.com/",
                    "Speech Services Speech to Text v3.2": "https://aif-assistant.cognitiveservices.azure.com/",
                    "Speech Services Speech to Text v3.2_internal.1": "https://aif-assistant.cognitiveservices.azure.com/",
                    "Speech Services Text to Speech (Neural)": "https://westeurope.tts.speech.microsoft.com",
                    "Text Analytics": "https://aif-assistant.cognitiveservices.azure.com/",
                    "TextTranslation": "https://aif-assistant.cognitiveservices.azure.com/",
                    "TextTranslation-Global": "https://api.cognitive.microsofttranslator.com/",
                    "Token": "https://aif-assistant.cognitiveservices.azure.com/",
                    "Token Service API": "https://aif-assistant.openai.azure.com/",
                    "Turing": "https://aif-assistant.cognitiveservices.azure.com/",
                    "Video Translation": "https://aif-assistant.cognitiveservices.azure.com/",
                    "Voice Agent Realtime API": "https://aif-assistant.cognitiveservices.azure.com/",
                    "Voice Live Realtime API": "https://aif-assistant.cognitiveservices.azure.com/"
                  },
                  "internalId": "f2f0132952c445e9ac4220257249b93e",
                  "isMigrated": false,
                  "provisioningState": "Succeeded"
                },
                "tags": {
                  "environment": "development"
                },
                "type": "Microsoft.CognitiveServices/accounts"
              },
              "type": [
                "object",
                {
                  "id": "string",
                  "identity": [
                    "object",
                    {
                      "principalId": "string",
                      "tenantId": "string"
                    }
                  ],
                  "properties": [
                    "object",
                    {
                      "callRateLimit": [
                        "object",
                        {
                          "rules": [
                            "tuple",
                            [
                              [
                                "object",
                                {
                                  "matchPatterns": [
                                    "tuple",
                                    [
                                      [
                                        "object",
                                        {}
                                      ]
                                    ]
                                  ]
                                }
                              ],
                              [
                                "object",
                                {
                                  "matchPatterns": [
                                    "tuple",
                                    [
                                      [
                                        "object",
                                        {}
                                      ]
                                    ]
                                  ]
                                }
                              ],
                              [
                                "object",
                                {
                                  "matchPatterns": [
                                    "tuple",
                                    [
                                      [
                                        "object",
                                        {}
                                      ]
                                    ]
                                  ]
                                }
                              ],
                              [
                                "object",
                                {
                                  "matchPatterns": [
                                    "tuple",
                                    [
                                      [
                                        "object",
                                        {}
                                      ]
                                    ]
                                  ]
                                }
                              ],
                              [
                                "object",
                                {
                                  "matchPatterns": [
                                    "tuple",
                                    [
                                      [
                                        "object",
                                        {}
                                      ]
                                    ]
                                  ]
                                }
                              ],
                              [
                                "object",
                                {
                                  "matchPatterns": [
                                    "tuple",
                                    [
                                      [
                                        "object",
                                        {}
                                      ]
                                    ]
                                  ]
                                }
                              ],
                              [
                                "object",
                                {
                                  "matchPatterns": [
                                    "tuple",
                                    [
                                      [
                                        "object",
                                        {}
                                      ]
                                    ]
                                  ]
                                }
                              ],
                              [
                                "object",
                                {
                                  "matchPatterns": [
                                    "tuple",
                                    [
                                      [
                                        "object",
                                        {}
                                      ]
                                    ]
                                  ]
                                }
                              ],
                              [
                                "object",
                                {
                                  "matchPatterns": [
                                    "tuple",
                                    [
                                      [
                                        "object",
                                        {}
                                      ]
                                    ]
                                  ]
                                }
                              ],
                              [
                                "object",
                                {
                                  "matchPatterns": [
                                    "tuple",
                                    [
                                      [
                                        "object",
                                        {}
                                      ]
                                    ]
                                  ]
                                }
                              ],
                              [
                                "object",
                                {
                                  "matchPatterns": [
                                    "tuple",
                                    [
                                      [
                                        "object",
                                        {}
                                      ]
                                    ]
                                  ]
                                }
                              ],
                              [
                                "object",
                                {
                                  "matchPatterns": [
                                    "tuple",
                                    [
                                      [
                                        "object",
                                        {}
                                      ]
                                    ]
                                  ]
                                }
                              ],
                              [
                                "object",
                                {
                                  "matchPatterns": [
                                    "tuple",
                                    [
                                      [
                                        "object",
                                        {}
                                      ]
                                    ]
                                  ]
                                }
                              ],
                              [
                                "object",
                                {
                                  "matchPatterns": [
                                    "tuple",
                                    [
                                      [
                                        "object",
                                        {}
                                      ]
                                    ]
                                  ]
                                }
                              ],
                              [
                                "object",
                                {
                                  "matchPatterns": [
                                    "tuple",
                                    [
                                      [
                                        "object",
                                        {}
                                      ]
                                    ]
                                  ]
                                }
                              ],
                              [
                                "object",
                                {
                                  "matchPatterns": [
                                    "tuple",
                                    [
                                      [
                                        "object",
                                        {}
                                      ]
                                    ]
                                  ]
                                }
                              ],
                              [
                                "object",
                                {
                                  "matchPatterns": [
                                    "tuple",
                                    [
                                      [
                                        "object",
                                        {}
                                      ]
                                    ]
                                  ]
                                }
                              ],
                              [
                                "object",
                                {
                                  "matchPatterns": [
                                    "tuple",
                                    [
                                      [
                                        "object",
                                        {}
                                      ]
                                    ]
                                  ]
                                }
                              ],
                              [
                                "object",
                                {
                                  "matchPatterns": [
                                    "tuple",
                                    [
                                      [
                                        "object",
                                        {}
                                      ]
                                    ]
                                  ]
                                }
                              ],
                              [
                                "object",
                                {
                                  "matchPatterns": [
                                    "tuple",
                                    [
                                      [
                                        "object",
                                        {}
                                      ]
                                    ]
                                  ]
                                }
                              ],
                              [
                                "object",
                                {
                                  "matchPatterns": [
                                    "tuple",
                                    [
                                      [
                                        "object",
                                        {}
                                      ]
                                    ]
                                  ]
                                }
                              ],
                              [
                                "object",
                                {
                                  "matchPatterns": [
                                    "tuple",
                                    [
                                      [
                                        "object",
                                        {}
                                      ]
                                    ]
                                  ]
                                }
                              ],
                              [
                                "object",
                                {
                                  "matchPatterns": [
                                    "tuple",
                                    [
                                      [
                                        "object",
                                        {}
                                      ]
                                    ]
                                  ]
                                }
                              ],
                              [
                                "object",
                                {
                                  "matchPatterns": [
                                    "tuple",
                                    [
                                      [
                                        "object",
                                        {}
                                      ]
                                    ]
                                  ]
                                }
                              ],
                              [
                                "object",
                                {
                                  "matchPatterns": [
                                    "tuple",
                                    [
                                      [
                                        "object",
                                        {}
                                      ]
                                    ]
                                  ]
                                }
                              ],
                              [
                                "object",
                                {
                                  "matchPatterns": [
                                    "tuple",
                                    [
                                      [
                                        "object",
                                        {}
                                      ]
                                    ]
                                  ]
                                }
                              ],
                              [
                                "object",
                                {
                                  "matchPatterns": [
                                    "tuple",
                                    [
                                      [
                                        "object",
                                        {}
                                      ]
                                    ]
                                  ]
                                }
                              ],
                              [
                                "object",
                                {
                                  "matchPatterns": [
                                    "tuple",
                                    [
                                      [
                                        "object",
                                        {}
                                      ]
                                    ]
                                  ]
                                }
                              ],
                              [
                                "object",
                                {
                                  "matchPatterns": [
                                    "tuple",
                                    [
                                      [
                                        "object",
                                        {}
                                      ]
                                    ]
                                  ]
                                }
                              ],
                              [
                                "object",
                                {
                                  "matchPatterns": [
                                    "tuple",
                                    [
                                      [
                                        "object",
                                        {}
                                      ]
                                    ]
                                  ]
                                }
                              ],
                              [
                                "object",
                                {
                                  "matchPatterns": [
                                    "tuple",
                                    [
                                      [
                                        "object",
                                        {}
                                      ],
                                      [
                                        "object",
                                        {}
                                      ],
                                      [
                                        "object",
                                        {}
                                      ]
                                    ]
                                  ]
                                }
                              ],
                              [
                                "object",
                                {
                                  "matchPatterns": [
                                    "tuple",
                                    [
                                      [
                                        "object",
                                        {}
                                      ],
                                      [
                                        "object",
                                        {}
                                      ],
                                      [
                                        "object",
                                        {}
                                      ]
                                    ]
                                  ]
                                }
                              ],
                              [
                                "object",
                                {
                                  "matchPatterns": [
                                    "tuple",
                                    [
                                      [
                                        "object",
                                        {}
                                      ]
                                    ]
                                  ]
                                }
                              ],
                              [
                                "object",
                                {
                                  "matchPatterns": [
                                    "tuple",
                                    [
                                      [
                                        "object",
                                        {}
                                      ]
                                    ]
                                  ]
                                }
                              ],
                              [
                                "object",
                                {
                                  "matchPatterns": [
                                    "tuple",
                                    [
                                      [
                                        "object",
                                        {}
                                      ]
                                    ]
                                  ]
                                }
                              ],
                              [
                                "object",
                                {
                                  "matchPatterns": [
                                    "tuple",
                                    [
                                      [
                                        "object",
                                        {}
                                      ]
                                    ]
                                  ]
                                }
                              ],
                              [
                                "object",
                                {
                                  "matchPatterns": [
                                    "tuple",
                                    [
                                      [
                                        "object",
                                        {}
                                      ]
                                    ]
                                  ]
                                }
                              ],
                              [
                                "object",
                                {
                                  "matchPatterns": [
                                    "tuple",
                                    [
                                      [
                                        "object",
                                        {}
                                      ]
                                    ]
                                  ]
                                }
                              ],
                              [
                                "object",
                                {
                                  "matchPatterns": [
                                    "tuple",
                                    [
                                      [
                                        "object",
                                        {}
                                      ]
                                    ]
                                  ]
                                }
                              ],
                              [
                                "object",
                                {
                                  "matchPatterns": [
                                    "tuple",
                                    [
                                      [
                                        "object",
                                        {}
                                      ]
                                    ]
                                  ]
                                }
                              ],
                              [
                                "object",
                                {
                                  "matchPatterns": [
                                    "tuple",
                                    [
                                      [
                                        "object",
                                        {}
                                      ]
                                    ]
                                  ]
                                }
                              ],
                              [
                                "object",
                                {
                                  "matchPatterns": [
                                    "tuple",
                                    [
                                      [
                                        "object",
                                        {}
                                      ]
                                    ]
                                  ]
                                }
                              ],
                              [
                                "object",
                                {
                                  "matchPatterns": [
                                    "tuple",
                                    [
                                      [
                                        "object",
                                        {}
                                      ]
                                    ]
                                  ]
                                }
                              ],
                              [
                                "object",
                                {
                                  "matchPatterns": [
                                    "tuple",
                                    [
                                      [
                                        "object",
                                        {}
                                      ]
                                    ]
                                  ]
                                }
                              ],
                              [
                                "object",
                                {
                                  "matchPatterns": [
                                    "tuple",
                                    [
                                      [
                                        "object",
                                        {}
                                      ]
                                    ]
                                  ]
                                }
                              ],
                              [
                                "object",
                                {
                                  "matchPatterns": [
                                    "tuple",
                                    [
                                      [
                                        "object",
                                        {}
                                      ]
                                    ]
                                  ]
                                }
                              ],
                              [
                                "object",
                                {
                                  "matchPatterns": [
                                    "tuple",
                                    [
                                      [
                                        "object",
                                        {}
                                      ]
                                    ]
                                  ]
                                }
                              ],
                              [
                                "object",
                                {
                                  "matchPatterns": [
                                    "tuple",
                                    [
                                      [
                                        "object",
                                        {}
                                      ]
                                    ]
                                  ]
                                }
                              ],
                              [
                                "object",
                                {
                                  "matchPatterns": [
                                    "tuple",
                                    [
                                      [
                                        "object",
                                        {}
                                      ]
                                    ]
                                  ]
                                }
                              ],
                              [
                                "object",
                                {
                                  "matchPatterns": [
                                    "tuple",
                                    [
                                      [
                                        "object",
                                        {}
                                      ],
                                      [
                                        "object",
                                        {}
                                      ],
                                      [
                                        "object",
                                        {}
                                      ]
                                    ]
                                  ]
                                }
                              ],
                              [
                                "object",
                                {
                                  "matchPatterns": [
                                    "tuple",
                                    [
                                      [
                                        "object",
                                        {}
                                      ]
                                    ]
                                  ]
                                }
                              ],
                              [
                                "object",
                                {
                                  "matchPatterns": [
                                    "tuple",
                                    [
                                      [
                                        "object",
                                        {}
                                      ]
                                    ]
                                  ]
                                }
                              ],
                              [
                                "object",
                                {
                                  "matchPatterns": [
                                    "tuple",
                                    [
                                      [
                                        "object",
                                        {}
                                      ]
                                    ]
                                  ]
                                }
                              ],
                              [
                                "object",
                                {
                                  "matchPatterns": [
                                    "tuple",
                                    [
                                      [
                                        "object",
                                        {}
                                      ]
                                    ]
                                  ]
                                }
                              ],
                              [
                                "object",
                                {
                                  "matchPatterns": [
                                    "tuple",
                                    [
                                      [
                                        "object",
                                        {}
                                      ],
                                      [
                                        "object",
                                        {}
                                      ]
                                    ]
                                  ]
                                }
                              ],
                              [
                                "object",
                                {
                                  "matchPatterns": [
                                    "tuple",
                                    [
                                      [
                                        "object",
                                        {}
                                      ]
                                    ]
                                  ]
                                }
                              ],
                              [
                                "object",
                                {
                                  "matchPatterns": [
                                    "tuple",
                                    [
                                      [
                                        "object",
                                        {}
                                      ],
                                      [
                                        "object",
                                        {}
                                      ],
                                      [
                                        "object",
                                        {}
                                      ],
                                      [
                                        "object",
                                        {}
                                      ],
                                      [
                                        "object",
                                        {}
                                      ],
                                      [
                                        "object",
                                        {}
                                      ],
                                      [
                                        "object",
                                        {}
                                      ],
                                      [
                                        "object",
                                        {}
                                      ],
                                      [
                                        "object",
                                        {}
                                      ],
                                      [
                                        "object",
                                        {}
                                      ],
                                      [
                                        "object",
                                        {}
                                      ],
                                      [
                                        "object",
                                        {}
                                      ],
                                      [
                                        "object",
                                        {}
                                      ],
                                      [
                                        "object",
                                        {}
                                      ],
                                      [
                                        "object",
                                        {}
                                      ],
                                      [
                                        "object",
                                        {}
                                      ]
                                    ]
                                  ]
                                }
                              ],
                              [
                                "object",
                                {
                                  "matchPatterns": [
                                    "tuple",
                                    [
                                      [
                                        "object",
                                        {}
                                      ],
                                      [
                                        "object",
                                        {}
                                      ],
                                      [
                                        "object",
                                        {}
                                      ],
                                      [
                                        "object",
                                        {}
                                      ],
                                      [
                                        "object",
                                        {}
                                      ],
                                      [
                                        "object",
                                        {}
                                      ],
                                      [
                                        "object",
                                        {}
                                      ],
                                      [
                                        "object",
                                        {}
                                      ],
                                      [
                                        "object",
                                        {}
                                      ],
                                      [
                                        "object",
                                        {}
                                      ],
                                      [
                                        "object",
                                        {}
                                      ],
                                      [
                                        "object",
                                        {}
                                      ],
                                      [
                                        "object",
                                        {}
                                      ],
                                      [
                                        "object",
                                        {}
                                      ],
                                      [
                                        "object",
                                        {}
                                      ],
                                      [
                                        "object",
                                        {}
                                      ],
                                      [
                                        "object",
                                        {}
                                      ],
                                      [
                                        "object",
                                        {}
                                      ],
                                      [
                                        "object",
                                        {}
                                      ],
                                      [
                                        "object",
                                        {}
                                      ],
                                      [
                                        "object",
                                        {}
                                      ],
                                      [
                                        "object",
                                        {}
                                      ],
                                      [
                                        "object",
                                        {}
                                      ],
                                      [
                                        "object",
                                        {}
                                      ],
                                      [
                                        "object",
                                        {}
                                      ]
                                    ]
                                  ]
                                }
                              ],
                              [
                                "object",
                                {
                                  "matchPatterns": [
                                    "tuple",
                                    [
                                      [
                                        "object",
                                        {}
                                      ],
                                      [
                                        "object",
                                        {}
                                      ],
                                      [
                                        "object",
                                        {}
                                      ],
                                      [
                                        "object",
                                        {}
                                      ],
                                      [
                                        "object",
                                        {}
                                      ],
                                      [
                                        "object",
                                        {}
                                      ],
                                      [
                                        "object",
                                        {}
                                      ],
                                      [
                                        "object",
                                        {}
                                      ],
                                      [
                                        "object",
                                        {}
                                      ],
                                      [
                                        "object",
                                        {}
                                      ]
                                    ]
                                  ]
                                }
                              ],
                              [
                                "object",
                                {
                                  "matchPatterns": [
                                    "tuple",
                                    [
                                      [
                                        "object",
                                        {}
                                      ],
                                      [
                                        "object",
                                        {}
                                      ],
                                      [
                                        "object",
                                        {}
                                      ],
                                      [
                                        "object",
                                        {}
                                      ],
                                      [
                                        "object",
                                        {}
                                      ],
                                      [
                                        "object",
                                        {}
                                      ],
                                      [
                                        "object",
                                        {}
                                      ],
                                      [
                                        "object",
                                        {}
                                      ],
                                      [
                                        "object",
                                        {}
                                      ],
                                      [
                                        "object",
                                        {}
                                      ],
                                      [
                                        "object",
                                        {}
                                      ],
                                      [
                                        "object",
                                        {}
                                      ],
                                      [
                                        "object",
                                        {}
                                      ],
                                      [
                                        "object",
                                        {}
                                      ],
                                      [
                                        "object",
                                        {}
                                      ],
                                      [
                                        "object",
                                        {}
                                      ],
                                      [
                                        "object",
                                        {}
                                      ],
                                      [
                                        "object",
                                        {}
                                      ],
                                      [
                                        "object",
                                        {}
                                      ],
                                      [
                                        "object",
                                        {}
                                      ],
                                      [
                                        "object",
                                        {}
                                      ],
                                      [
                                        "object",
                                        {}
                                      ],
                                      [
                                        "object",
                                        {}
                                      ],
                                      [
                                        "object",
                                        {}
                                      ],
                                      [
                                        "object",
                                        {}
                                      ]
                                    ]
                                  ]
                                }
                              ],
                              [
                                "object",
                                {
                                  "matchPatterns": [
                                    "tuple",
                                    [
                                      [
                                        "object",
                                        {}
                                      ]
                                    ]
                                  ]
                                }
                              ],
                              [
                                "object",
                                {
                                  "matchPatterns": [
                                    "tuple",
                                    [
                                      [
                                        "object",
                                        {}
                                      ]
                                    ]
                                  ]
                                }
                              ],
                              [
                                "object",
                                {
                                  "matchPatterns": [
                                    "tuple",
                                    [
                                      [
                                        "object",
                                        {}
                                      ],
                                      [
                                        "object",
                                        {}
                                      ],
                                      [
                                        "object",
                                        {}
                                      ],
                                      [
                                        "object",
                                        {}
                                      ]
                                    ]
                                  ]
                                }
                              ],
                              [
                                "object",
                                {
                                  "matchPatterns": [
                                    "tuple",
                                    [
                                      [
                                        "object",
                                        {}
                                      ],
                                      [
                                        "object",
                                        {}
                                      ],
                                      [
                                        "object",
                                        {}
                                      ]
                                    ]
                                  ]
                                }
                              ],
                              [
                                "object",
                                {
                                  "matchPatterns": [
                                    "tuple",
                                    [
                                      [
                                        "object",
                                        {}
                                      ]
                                    ]
                                  ]
                                }
                              ],
                              [
                                "object",
                                {
                                  "matchPatterns": [
                                    "tuple",
                                    [
                                      [
                                        "object",
                                        {}
                                      ]
                                    ]
                                  ]
                                }
                              ],
                              [
                                "object",
                                {
                                  "matchPatterns": [
                                    "tuple",
                                    [
                                      [
                                        "object",
                                        {}
                                      ]
                                    ]
                                  ]
                                }
                              ],
                              [
                                "object",
                                {
                                  "matchPatterns": [
                                    "tuple",
                                    [
                                      [
                                        "object",
                                        {}
                                      ]
                                    ]
                                  ]
                                }
                              ],
                              [
                                "object",
                                {
                                  "matchPatterns": [
                                    "tuple",
                                    [
                                      [
                                        "object",
                                        {}
                                      ]
                                    ]
                                  ]
                                }
                              ],
                              [
                                "object",
                                {
                                  "matchPatterns": [
                                    "tuple",
                                    [
                                      [
                                        "object",
                                        {}
                                      ]
                                    ]
                                  ]
                                }
                              ],
                              [
                                "object",
                                {
                                  "matchPatterns": [
                                    "tuple",
                                    [
                                      [
                                        "object",
                                        {}
                                      ]
                                    ]
                                  ]
                                }
                              ],
                              [
                                "object",
                                {
                                  "matchPatterns": [
                                    "tuple",
                                    [
                                      [
                                        "object",
                                        {}
                                      ]
                                    ]
                                  ]
                                }
                              ],
                              [
                                "object",
                                {
                                  "matchPatterns": [
                                    "tuple",
                                    [
                                      [
                                        "object",
                                        {}
                                      ]
                                    ]
                                  ]
                                }
                              ],
                              [
                                "object",
                                {
                                  "matchPatterns": [
                                    "tuple",
                                    [
                                      [
                                        "object",
                                        {}
                                      ]
                                    ]
                                  ]
                                }
                              ],
                              [
                                "object",
                                {
                                  "matchPatterns": [
                                    "tuple",
                                    [
                                      [
                                        "object",
                                        {}
                                      ]
                                    ]
                                  ]
                                }
                              ],
                              [
                                "object",
                                {
                                  "matchPatterns": [
                                    "tuple",
                                    [
                                      [
                                        "object",
                                        {}
                                      ]
                                    ]
                                  ]
                                }
                              ],
                              [
                                "object",
                                {
                                  "matchPatterns": [
                                    "tuple",
                                    [
                                      [
                                        "object",
                                        {}
                                      ]
                                    ]
                                  ]
                                }
                              ],
                              [
                                "object",
                                {
                                  "matchPatterns": [
                                    "tuple",
                                    [
                                      [
                                        "object",
                                        {}
                                      ]
                                    ]
                                  ]
                                }
                              ],
                              [
                                "object",
                                {
                                  "matchPatterns": [
                                    "tuple",
                                    [
                                      [
                                        "object",
                                        {}
                                      ]
                                    ]
                                  ]
                                }
                              ],
                              [
                                "object",
                                {
                                  "matchPatterns": [
                                    "tuple",
                                    [
                                      [
                                        "object",
                                        {}
                                      ]
                                    ]
                                  ]
                                }
                              ],
                              [
                                "object",
                                {
                                  "matchPatterns": [
                                    "tuple",
                                    [
                                      [
                                        "object",
                                        {}
                                      ]
                                    ]
                                  ]
                                }
                              ],
                              [
                                "object",
                                {
                                  "matchPatterns": [
                                    "tuple",
                                    [
                                      [
                                        "object",
                                        {}
                                      ]
                                    ]
                                  ]
                                }
                              ],
                              [
                                "object",
                                {
                                  "matchPatterns": [
                                    "tuple",
                                    [
                                      [
                                        "object",
                                        {}
                                      ]
                                    ]
                                  ]
                                }
                              ],
                              [
                                "object",
                                {
                                  "matchPatterns": [
                                    "tuple",
                                    [
                                      [
                                        "object",
                                        {}
                                      ]
                                    ]
                                  ]
                                }
                              ],
                              [
                                "object",
                                {
                                  "matchPatterns": [
                                    "tuple",
                                    [
                                      [
                                        "object",
                                        {}
                                      ]
                                    ]
                                  ]
                                }
                              ],
                              [
                                "object",
                                {
                                  "matchPatterns": [
                                    "tuple",
                                    [
                                      [
                                        "object",
                                        {}
                                      ]
                                    ]
                                  ]
                                }
                              ],
                              [
                                "object",
                                {
                                  "matchPatterns": [
                                    "tuple",
                                    [
                                      [
                                        "object",
                                        {}
                                      ]
                                    ]
                                  ]
                                }
                              ],
                              [
                                "object",
                                {
                                  "matchPatterns": [
                                    "tuple",
                                    [
                                      [
                                        "object",
                                        {}
                                      ]
                                    ]
                                  ]
                                }
                              ],
                              [
                                "object",
                                {
                                  "matchPatterns": [
                                    "tuple",
                                    [
                                      [
                                        "object",
                                        {}
                                      ]
                                    ]
                                  ]
                                }
                              ],
                              [
                                "object",
                                {
                                  "matchPatterns": [
                                    "tuple",
                                    [
                                      [
                                        "object",
                                        {}
                                      ]
                                    ]
                                  ]
                                }
                              ],
                              [
                                "object",
                                {
                                  "matchPatterns": [
                                    "tuple",
                                    [
                                      [
                                        "object",
                                        {}
                                      ]
                                    ]
                                  ]
                                }
                              ],
                              [
                                "object",
                                {
                                  "matchPatterns": [
                                    "tuple",
                                    [
                                      [
                                        "object",
                                        {}
                                      ]
                                    ]
                                  ]
                                }
                              ],
                              [
                                "object",
                                {
                                  "matchPatterns": [
                                    "tuple",
                                    [
                                      [
                                        "object",
                                        {}
                                      ]
                                    ]
                                  ]
                                }
                              ],
                              [
                                "object",
                                {
                                  "matchPatterns": [
                                    "tuple",
                                    [
                                      [
                                        "object",
                                        {}
                                      ],
                                      [
                                        "object",
                                        {}
                                      ]
                                    ]
                                  ]
                                }
                              ],
                              [
                                "object",
                                {
                                  "matchPatterns": [
                                    "tuple",
                                    [
                                      [
                                        "object",
                                        {}
                                      ],
                                      [
                                        "object",
                                        {}
                                      ]
                                    ]
                                  ]
                                }
                              ],
                              [
                                "object",
                                {
                                  "matchPatterns": [
                                    "tuple",
                                    [
                                      [
                                        "object",
                                        {}
                                      ]
                                    ]
                                  ]
                                }
                              ],
                              [
                                "object",
                                {
                                  "matchPatterns": [
                                    "tuple",
                                    [
                                      [
                                        "object",
                                        {}
                                      ]
                                    ]
                                  ]
                                }
                              ],
                              [
                                "object",
                                {
                                  "matchPatterns": [
                                    "tuple",
                                    [
                                      [
                                        "object",
                                        {}
                                      ]
                                    ]
                                  ]
                                }
                              ],
                              [
                                "object",
                                {
                                  "matchPatterns": [
                                    "tuple",
                                    [
                                      [
                                        "object",
                                        {}
                                      ],
                                      [
                                        "object",
                                        {}
                                      ],
                                      [
                                        "object",
                                        {}
                                      ],
                                      [
                                        "object",
                                        {}
                                      ],
                                      [
                                        "object",
                                        {}
                                      ],
                                      [
                                        "object",
                                        {}
                                      ]
                                    ]
                                  ]
                                }
                              ],
                              [
                                "object",
                                {
                                  "matchPatterns": [
                                    "tuple",
                                    [
                                      [
                                        "object",
                                        {}
                                      ],
                                      [
                                        "object",
                                        {}
                                      ]
                                    ]
                                  ]
                                }
                              ],
                              [
                                "object",
                                {
                                  "matchPatterns": [
                                    "tuple",
                                    [
                                      [
                                        "object",
                                        {}
                                      ],
                                      [
                                        "object",
                                        {}
                                      ]
                                    ]
                                  ]
                                }
                              ],
                              [
                                "object",
                                {
                                  "matchPatterns": [
                                    "tuple",
                                    [
                                      [
                                        "object",
                                        {}
                                      ],
                                      [
                                        "object",
                                        {}
                                      ]
                                    ]
                                  ]
                                }
                              ],
                              [
                                "object",
                                {
                                  "matchPatterns": [
                                    "tuple",
                                    [
                                      [
                                        "object",
                                        {}
                                      ],
                                      [
                                        "object",
                                        {}
                                      ]
                                    ]
                                  ]
                                }
                              ],
                              [
                                "object",
                                {
                                  "matchPatterns": [
                                    "tuple",
                                    [
                                      [
                                        "object",
                                        {}
                                      ]
                                    ]
                                  ]
                                }
                              ],
                              [
                                "object",
                                {
                                  "matchPatterns": [
                                    "tuple",
                                    [
                                      [
                                        "object",
                                        {}
                                      ]
                                    ]
                                  ]
                                }
                              ],
                              [
                                "object",
                                {
                                  "matchPatterns": [
                                    "tuple",
                                    [
                                      [
                                        "object",
                                        {}
                                      ]
                                    ]
                                  ]
                                }
                              ]
                            ]
                          ]
                        }
                      ],
                      "capabilities": [
                        "tuple",
                        [
                          [
                            "object",
                            {}
                          ],
                          [
                            "object",
                            {}
                          ],
                          [
                            "object",
                            {}
                          ],
                          [
                            "object",
                            {}
                          ],
                          [
                            "object",
                            {}
                          ],
                          [
                            "object",
                            {}
                          ],
                          [
                            "object",
                            {}
                          ],
                          [
                            "object",
                            {}
                          ],
                          [
                            "object",
                            {}
                          ],
                          [
                            "object",
                            {}
                          ],
                          [
                            "object",
                            {}
                          ],
                          [
                            "object",
                            {}
                          ],
                          [
                            "object",
                            {}
                          ]
                        ]
                      ],
                      "dateCreated": "string",
                      "endpoint": "string",
                      "endpoints": [
                        "object",
                        {
                          "AI Foundry API": "string",
                          "Azure AI Model Inference API": "string",
                          "Cohere AI API": "string",
                          "Computer Vision": "string",
                          "Container": "string",
                          "Content Safety": "string",
                          "Conversational Language Understanding Authoring": "string",
                          "ConversationalLURuntime": "string",
                          "Custom Question Answering": "string",
                          "Custom Question Answering Authoring": "string",
                          "Custom Text Authoring": "string",
                          "CustomTranslator": "string",
                          "DocumentTranslation": "string",
                          "FormRecognizer": "string",
                          "LUIS": "string",
                          "Language": "string",
                          "Mistral AI API": "string",
                          "OpenAI Dall-E API": "string",
                          "OpenAI Language Model Instance API": "string",
                          "OpenAI Model Scaleset API": "string",
                          "OpenAI Moderations API": "string",
                          "OpenAI Realtime API": "string",
                          "OpenAI Sora API": "string",
                          "OpenAI Whisper API": "string",
                          "QnAMaker": "string",
                          "QuestionAnswering": "string",
                          "Speech Services Audio Content Creation": "string",
                          "Speech Services Batch Avatar": "string",
                          "Speech Services Batch Text to Speech": "string",
                          "Speech Services Custom Avatar": "string",
                          "Speech Services Custom Voice": "string",
                          "Speech Services Custom Voice Trial": "string",
                          "Speech Services Speaker Identification": "string",
                          "Speech Services Speaker Verification": "string",
                          "Speech Services Speech to Text": "string",
                          "Speech Services Speech to Text (Standard)": "string",
                          "Speech Services Speech to Text 2024-05-15-preview": "string",
                          "Speech Services Speech to Text 2024-11-15": "string",
                          "Speech Services Speech to Text v3.2": "string",
                          "Speech Services Speech to Text v3.2_internal.1": "string",
                          "Speech Services Text to Speech (Neural)": "string",
                          "Text Analytics": "string",
                          "TextTranslation": "string",
                          "TextTranslation-Global": "string",
                          "Token": "string",
                          "Token Service API": "string",
                          "Turing": "string",
                          "Video Translation": "string",
                          "Voice Agent Realtime API": "string",
                          "Voice Live Realtime API": "string"
                        }
                      ],
                      "internalId": "string",
                      "isMigrated": "bool",
                      "provisioningState": "string"
                    }
                  ],
                  "tags": [
                    "object",
                    {
                      "environment": "string"
                    }
                  ],
                  "type": "string"
                }
              ]
            },
            "parent_id": "/subscriptions/e32dabfc-1904-4ae7-a543-1db013b3c60c/resourceGroups/rg-assistant",
            "read_headers": null,
            "read_query_parameters": null,
            "replace_triggers_external_values": null,
            "replace_triggers_refs": null,
            "response_export_values": null,
            "retry": null,
            "schema_validation_enabled": false,
            "sensitive_body": null,
            "sensitive_body_version": null,
            "tags": {
              "environment": "development"
            },
            "timeouts": null,
            "type": "Microsoft.CognitiveServices/accounts@2025-06-01",
            "update_headers": null,
            "update_query_parameters": null
          },
          "sensitive_attributes": [],
          "identity_schema_version": 0,
          "private": "eyJzZW5zaXRpdmVfYm9keSI6ImV5Sm9ZWE5vSWpvaVpFTk9UMjFMTDI1VFdTc3hNblpJZW1GelRGaHBjM2Q2YkVkVU5WVklRVGRxUVVkWmEzWnRRM1ZSY3owaWZRPT0ifQ==",
          "dependencies": [
            "azurerm_resource_group.rg",
            "azurerm_subnet.subnetmain",
            "azurerm_virtual_network.vnetmain"
          ]
        }
      ]
    },
    {
      "mode": "managed",
      "type": "azurerm_resource_group",
      "name": "rg",
      "provider": "provider[\"registry.terraform.io/hashicorp/azurerm\"]",
      "instances": [
        {
          "schema_version": 0,
          "attributes": {
            "id": "/subscriptions/e32dabfc-1904-4ae7-a543-1db013b3c60c/resourceGroups/rg-assistant",
            "location": "westeurope",
            "managed_by": "",
            "name": "rg-assistant",
            "tags": {
              "environment": "development"
            },
            "timeouts": null
          },
          "sensitive_attributes": [],
          "identity_schema_version": 0,
          "private": "eyJlMmJmYjczMC1lY2FhLTExZTYtOGY4OC0zNDM2M2JjN2M0YzAiOnsiY3JlYXRlIjo1NDAwMDAwMDAwMDAwLCJkZWxldGUiOjU0MDAwMDAwMDAwMDAsInJlYWQiOjMwMDAwMDAwMDAwMCwidXBkYXRlIjo1NDAwMDAwMDAwMDAwfX0="
        }
      ]
    },
    {
      "mode": "managed",
      "type": "azurerm_subnet",
      "name": "subnetmain",
      "provider": "provider[\"registry.terraform.io/hashicorp/azurerm\"]",
      "instances": [
        {
          "schema_version": 0,
          "attributes": {
            "address_prefixes": [
              "10.1.0.0/24"
            ],
            "default_outbound_access_enabled": true,
            "delegation": [],
            "id": "/subscriptions/e32dabfc-1904-4ae7-a543-1db013b3c60c/resourceGroups/rg-assistant/providers/Microsoft.Network/virtualNetworks/vnet-assistant/subnets/subnet-assistant",
            "name": "subnet-assistant",
            "private_endpoint_network_policies": "Enabled",
            "private_link_service_network_policies_enabled": true,
            "resource_group_name": "rg-assistant",
            "service_endpoint_policy_ids": [],
            "service_endpoints": [],
            "timeouts": null,
            "virtual_network_name": "vnet-assistant"
          },
          "sensitive_attributes": [],
          "identity_schema_version": 0,
          "identity": {
            "name": "subnet-assistant",
            "resource_group_name": "rg-assistant",
            "subscription_id": "e32dabfc-1904-4ae7-a543-1db013b3c60c",
            "virtual_network_name": "vnet-assistant"
          },
          "private": "eyJlMmJmYjczMC1lY2FhLTExZTYtOGY4OC0zNDM2M2JjN2M0YzAiOnsiY3JlYXRlIjoxODAwMDAwMDAwMDAwLCJkZWxldGUiOjE4MDAwMDAwMDAwMDAsInJlYWQiOjMwMDAwMDAwMDAwMCwidXBkYXRlIjoxODAwMDAwMDAwMDAwfX0=",
          "dependencies": [
            "azurerm_resource_group.rg",
            "azurerm_virtual_network.vnetmain"
          ]
        }
      ]
    },
    {
      "mode": "managed",
      "type": "azurerm_virtual_network",
      "name": "vnetmain",
      "provider": "provider[\"registry.terraform.io/hashicorp/azurerm\"]",
      "instances": [
        {
          "schema_version": 0,
          "attributes": {
            "address_space": [
              "10.1.0.0/22"
            ],
            "bgp_community": "",
            "ddos_protection_plan": [],
            "dns_servers": [],
            "edge_zone": "",
            "encryption": [],
            "flow_timeout_in_minutes": 0,
            "guid": "81bbc443-151f-47d3-9c27-73826e417ba4",
            "id": "/subscriptions/e32dabfc-1904-4ae7-a543-1db013b3c60c/resourceGroups/rg-assistant/providers/Microsoft.Network/virtualNetworks/vnet-assistant",
            "ip_address_pool": [],
            "location": "westeurope",
            "name": "vnet-assistant",
            "private_endpoint_vnet_policies": "Disabled",
            "resource_group_name": "rg-assistant",
            "subnet": [
              {
                "address_prefixes": [
                  "10.1.0.0/24"
                ],
                "default_outbound_access_enabled": true,
                "delegation": [],
                "id": "/subscriptions/e32dabfc-1904-4ae7-a543-1db013b3c60c/resourceGroups/rg-assistant/providers/Microsoft.Network/virtualNetworks/vnet-assistant/subnets/subnet-assistant",
                "name": "subnet-assistant",
                "private_endpoint_network_policies": "Enabled",
                "private_link_service_network_policies_enabled": true,
                "route_table_id": "",
                "security_group": "",
                "service_endpoint_policy_ids": [],
                "service_endpoints": []
              }
            ],
            "tags": {
              "environment": "development"
            },
            "timeouts": null
          },
          "sensitive_attributes": [],
          "identity_schema_version": 0,
          "identity": {
            "name": "vnet-assistant",
            "resource_group_name": "rg-assistant",
            "subscription_id": "e32dabfc-1904-4ae7-a543-1db013b3c60c"
          },
          "private": "eyJlMmJmYjczMC1lY2FhLTExZTYtOGY4OC0zNDM2M2JjN2M0YzAiOnsiY3JlYXRlIjoxODAwMDAwMDAwMDAwLCJkZWxldGUiOjE4MDAwMDAwMDAwMDAsInJlYWQiOjMwMDAwMDAwMDAwMCwidXBkYXRlIjoxODAwMDAwMDAwMDAwfX0=",
          "dependencies": [
            "azurerm_resource_group.rg"
          ]
        }
      ]
    }
  ],
  "check_results": null
}
