{
  "version": 4,
  "terraform_version": "1.12.2",
  "serial": 147,
  "lineage": "fd926ab3-f91f-f602-33c0-64f79ed2eee7",
  "outputs": {},
  "resources": [
    {
      "mode": "managed",
      "type": "azapi_resource",
      "name": "ai_foundry_instance",
      "provider": "provider[\"registry.terraform.io/azure/azapi\"]",
      "instances": [
        {
          "schema_version": 2,
          "attributes": {
            "body": {
              "value": {
                "kind": "AIServices",
                "properties": {
                  "allowProjectManagement": true,
                  "customSubDomainName": "aif-assistant",
                  "defaultProject": "project-default-001",
                  "networkAcls": {
                    "defaultAction": "Deny",
                    "ipRules": [],
                    "virtualNetworkRules": []
                  },
                  "publicNetworkAccess": "Disabled",
                  "restore": false
                },
                "sku": {
                  "name": "S0"
                }
              },
              "type": [
                "object",
                {
                  "kind": "string",
                  "properties": [
                    "object",
                    {
                      "allowProjectManagement": "bool",
                      "customSubDomainName": "string",
                      "defaultProject": "string",
                      "networkAcls": [
                        "object",
                        {
                          "defaultAction": "string",
                          "ipRules": [
                            "tuple",
                            []
                          ],
                          "virtualNetworkRules": [
                            "tuple",
                            []
                          ]
                        }
                      ],
                      "publicNetworkAccess": "string",
                      "restore": "bool"
                    }
                  ],
                  "sku": [
                    "object",
                    {
                      "name": "string"
                    }
                  ]
                }
              ]
            },
            "create_headers": null,
            "create_query_parameters": null,
            "delete_headers": null,
            "delete_query_parameters": null,
            "id": "/subscriptions/e32dabfc-1904-4ae7-a543-1db013b3c60c/resourceGroups/rg-assistant/providers/Microsoft.CognitiveServices/accounts/aif-assistant",
            "identity": [
              {
                "identity_ids": null,
                "principal_id": "af50e2b8-e852-41ee-b05a-431844c47948",
                "tenant_id": "99153c66-04da-4534-b83f-000d045ea8af",
                "type": "SystemAssigned"
              }
            ],
            "ignore_casing": false,
            "ignore_missing_property": true,
            "ignore_null_property": false,
            "location": "westeurope",
            "locks": null,
            "name": "aif-assistant",
            "output": {
              "value": {
                "id": "/subscriptions/e32dabfc-1904-4ae7-a543-1db013b3c60c/resourceGroups/rg-assistant/providers/Microsoft.CognitiveServices/accounts/aif-assistant",
                "identity": {
                  "principalId": "af50e2b8-e852-41ee-b05a-431844c47948",
                  "tenantId": "99153c66-04da-4534-b83f-000d045ea8af"
                },
                "properties": {
                  "associatedProjects": [
                    "project-001"
                  ],
                  "callRateLimit": {
                    "rules": [
                      {
                        "matchPatterns": [
                          {}
                        ]
                      },
                      {
                        "matchPatterns": [
                          {}
                        ]
                      },
                      {
                        "matchPatterns": [
                          {}
                        ]
                      },
                      {
                        "matchPatterns": [
                          {}
                        ]
                      },
                      {
                        "matchPatterns": [
                          {}
                        ]
                      },
                      {
                        "matchPatterns": [
                          {}
                        ]
                      },
                      {
                        "matchPatterns": [
                          {}
                        ]
                      },
                      {
                        "matchPatterns": [
                          {}
                        ]
                      },
                      {
                        "matchPatterns": [
                          {}
                        ]
                      },
                      {
                        "matchPatterns": [
                          {}
                        ]
                      },
                      {
                        "matchPatterns": [
                          {}
                        ]
                      },
                      {
                        "matchPatterns": [
                          {}
                        ]
                      },
                      {
                        "matchPatterns": [
                          {}
                        ]
                      },
                      {
                        "matchPatterns": [
                          {}
                        ]
                      },
                      {
                        "matchPatterns": [
                          {}
                        ]
                      },
                      {
                        "matchPatterns": [
                          {}
                        ]
                      },
                      {
                        "matchPatterns": [
                          {}
                        ]
                      },
                      {
                        "matchPatterns": [
                          {}
                        ]
                      },
                      {
                        "matchPatterns": [
                          {}
                        ]
                      },
                      {
                        "matchPatterns": [
                          {}
                        ]
                      },
                      {
                        "matchPatterns": [
                          {}
                        ]
                      },
                      {
                        "matchPatterns": [
                          {}
                        ]
                      },
                      {
                        "matchPatterns": [
                          {}
                        ]
                      },
                      {
                        "matchPatterns": [
                          {}
                        ]
                      },
                      {
                        "matchPatterns": [
                          {}
                        ]
                      },
                      {
                        "matchPatterns": [
                          {}
                        ]
                      },
                      {
                        "matchPatterns": [
                          {}
                        ]
                      },
                      {
                        "matchPatterns": [
                          {}
                        ]
                      },
                      {
                        "matchPatterns": [
                          {}
                        ]
                      },
                      {
                        "matchPatterns": [
                          {}
                        ]
                      },
                      {
                        "matchPatterns": [
                          {},
                          {},
                          {}
                        ]
                      },
                      {
                        "matchPatterns": [
                          {},
                          {},
                          {}
                        ]
                      },
                      {
                        "matchPatterns": [
                          {}
                        ]
                      },
                      {
                        "matchPatterns": [
                          {}
                        ]
                      },
                      {
                        "matchPatterns": [
                          {}
                        ]
                      },
                      {
                        "matchPatterns": [
                          {}
                        ]
                      },
                      {
                        "matchPatterns": [
                          {}
                        ]
                      },
                      {
                        "matchPatterns": [
                          {}
                        ]
                      },
                      {
                        "matchPatterns": [
                          {}
                        ]
                      },
                      {
                        "matchPatterns": [
                          {}
                        ]
                      },
                      {
                        "matchPatterns": [
                          {}
                        ]
                      },
                      {
                        "matchPatterns": [
                          {}
                        ]
                      },
                      {
                        "matchPatterns": [
                          {}
                        ]
                      },
                      {
                        "matchPatterns": [
                          {}
                        ]
                      },
                      {
                        "matchPatterns": [
                          {}
                        ]
                      },
                      {
                        "matchPatterns": [
                          {}
                        ]
                      },
                      {
                        "matchPatterns": [
                          {}
                        ]
                      },
                      {
                        "matchPatterns": [
                          {}
                        ]
                      },
                      {
                        "matchPatterns": [
                          {}
                        ]
                      },
                      {
                        "matchPatterns": [
                          {},
                          {},
                          {}
                        ]
                      },
                      {
                        "matchPatterns": [
                          {}
                        ]
                      },
                      {
                        "matchPatterns": [
                          {}
                        ]
                      },
                      {
                        "matchPatterns": [
                          {}
                        ]
                      },
                      {
                        "matchPatterns": [
                          {}
                        ]
                      },
                      {
                        "matchPatterns": [
                          {},
                          {}
                        ]
                      },
                      {
                        "matchPatterns": [
                          {}
                        ]
                      },
                      {
                        "matchPatterns": [
                          {},
                          {},
                          {},
                          {},
                          {},
                          {},
                          {},
                          {},
                          {},
                          {},
                          {},
                          {},
                          {},
                          {},
                          {},
                          {}
                        ]
                      },
                      {
                        "matchPatterns": [
                          {},
                          {},
                          {},
                          {},
                          {},
                          {},
                          {},
                          {},
                          {},
                          {},
                          {},
                          {},
                          {},
                          {},
                          {},
                          {},
                          {},
                          {},
                          {},
                          {},
                          {},
                          {},
                          {},
                          {},
                          {}
                        ]
                      },
                      {
                        "matchPatterns": [
                          {},
                          {},
                          {},
                          {},
                          {},
                          {},
                          {},
                          {},
                          {},
                          {}
                        ]
                      },
                      {
                        "matchPatterns": [
                          {},
                          {},
                          {},
                          {},
                          {},
                          {},
                          {},
                          {},
                          {},
                          {},
                          {},
                          {},
                          {},
                          {},
                          {},
                          {},
                          {},
                          {},
                          {},
                          {},
                          {},
                          {},
                          {},
                          {},
                          {}
                        ]
                      },
                      {
                        "matchPatterns": [
                          {}
                        ]
                      },
                      {
                        "matchPatterns": [
                          {}
                        ]
                      },
                      {
                        "matchPatterns": [
                          {},
                          {},
                          {},
                          {}
                        ]
                      },
                      {
                        "matchPatterns": [
                          {},
                          {},
                          {}
                        ]
                      },
                      {
                        "matchPatterns": [
                          {}
                        ]
                      },
                      {
                        "matchPatterns": [
                          {}
                        ]
                      },
                      {
                        "matchPatterns": [
                          {}
                        ]
                      },
                      {
                        "matchPatterns": [
                          {}
                        ]
                      },
                      {
                        "matchPatterns": [
                          {}
                        ]
                      },
                      {
                        "matchPatterns": [
                          {}
                        ]
                      },
                      {
                        "matchPatterns": [
                          {}
                        ]
                      },
                      {
                        "matchPatterns": [
                          {}
                        ]
                      },
                      {
                        "matchPatterns": [
                          {}
                        ]
                      },
                      {
                        "matchPatterns": [
                          {}
                        ]
                      },
                      {
                        "matchPatterns": [
                          {}
                        ]
                      },
                      {
                        "matchPatterns": [
                          {}
                        ]
                      },
                      {
                        "matchPatterns": [
                          {}
                        ]
                      },
                      {
                        "matchPatterns": [
                          {}
                        ]
                      },
                      {
                        "matchPatterns": [
                          {}
                        ]
                      },
                      {
                        "matchPatterns": [
                          {}
                        ]
                      },
                      {
                        "matchPatterns": [
                          {}
                        ]
                      },
                      {
                        "matchPatterns": [
                          {}
                        ]
                      },
                      {
                        "matchPatterns": [
                          {}
                        ]
                      },
                      {
                        "matchPatterns": [
                          {}
                        ]
                      },
                      {
                        "matchPatterns": [
                          {}
                        ]
                      },
                      {
                        "matchPatterns": [
                          {}
                        ]
                      },
                      {
                        "matchPatterns": [
                          {}
                        ]
                      },
                      {
                        "matchPatterns": [
                          {}
                        ]
                      },
                      {
                        "matchPatterns": [
                          {}
                        ]
                      },
                      {
                        "matchPatterns": [
                          {}
                        ]
                      },
                      {
                        "matchPatterns": [
                          {}
                        ]
                      },
                      {
                        "matchPatterns": [
                          {}
                        ]
                      },
                      {
                        "matchPatterns": [
                          {}
                        ]
                      },
                      {
                        "matchPatterns": [
                          {},
                          {},
                          {},
                          {},
                          {},
                          {}
                        ]
                      },
                      {
                        "matchPatterns": [
                          {}
                        ]
                      },
                      {
                        "matchPatterns": [
                          {},
                          {},
                          {}
                        ]
                      },
                      {
                        "matchPatterns": [
                          {},
                          {},
                          {},
                          {}
                        ]
                      },
                      {
                        "matchPatterns": [
                          {},
                          {},
                          {},
                          {},
                          {},
                          {},
                          {},
                          {},
                          {},
                          {},
                          {}
                        ]
                      },
                      {
                        "matchPatterns": [
                          {}
                        ]
                      },
                      {
                        "matchPatterns": [
                          {},
                          {}
                        ]
                      },
                      {
                        "matchPatterns": [
                          {},
                          {}
                        ]
                      },
                      {
                        "matchPatterns": [
                          {}
                        ]
                      },
                      {
                        "matchPatterns": [
                          {}
                        ]
                      },
                      {
                        "matchPatterns": [
                          {}
                        ]
                      },
                      {
                        "matchPatterns": [
                          {},
                          {},
                          {},
                          {},
                          {},
                          {}
                        ]
                      },
                      {
                        "matchPatterns": [
                          {},
                          {}
                        ]
                      },
                      {
                        "matchPatterns": [
                          {},
                          {}
                        ]
                      },
                      {
                        "matchPatterns": [
                          {},
                          {}
                        ]
                      },
                      {
                        "matchPatterns": [
                          {},
                          {}
                        ]
                      },
                      {
                        "matchPatterns": [
                          {}
                        ]
                      },
                      {
                        "matchPatterns": [
                          {}
                        ]
                      },
                      {
                        "matchPatterns": [
                          {}
                        ]
                      }
                    ]
                  },
                  "capabilities": [
                    {},
                    {},
                    {},
                    {},
                    {},
                    {},
                    {},
                    {},
                    {},
                    {},
                    {},
                    {},
                    {}
                  ],
                  "dateCreated": "2025-07-26T12:48:02.3789637Z",
                  "endpoint": "https://aif-assistant.cognitiveservices.azure.com/",
                  "endpoints": {
                    "AI Foundry API": "https://aif-assistant.services.ai.azure.com/",
                    "Azure AI Model Inference API": "https://aif-assistant.services.ai.azure.com/",
                    "Cohere AI API": "https://aif-assistant.services.ai.azure.com/",
                    "Computer Vision": "https://aif-assistant.cognitiveservices.azure.com/",
                    "Container": "https://aif-assistant.cognitiveservices.azure.com/",
                    "Content Safety": "https://aif-assistant.cognitiveservices.azure.com/",
                    "Content Understanding": "https://aif-assistant.services.ai.azure.com/",
                    "Conversational Language Understanding Authoring": "https://aif-assistant.cognitiveservices.azure.com/",
                    "ConversationalLURuntime": "https://aif-assistant.cognitiveservices.azure.com/",
                    "Custom Question Answering": "https://aif-assistant.cognitiveservices.azure.com/",
                    "Custom Question Answering Authoring": "https://aif-assistant.cognitiveservices.azure.com/",
                    "Custom Text Authoring": "https://aif-assistant.cognitiveservices.azure.com/",
                    "CustomTranslator": "https://aif-assistant.cognitiveservices.azure.com/",
                    "DocumentTranslation": "https://aif-assistant.cognitiveservices.azure.com/",
                    "FormRecognizer": "https://aif-assistant.cognitiveservices.azure.com/",
                    "LUIS": "https://aif-assistant.cognitiveservices.azure.com/",
                    "Language": "https://aif-assistant.cognitiveservices.azure.com/",
                    "Mistral AI API": "https://aif-assistant.services.ai.azure.com/",
                    "OpenAI Dall-E API": "https://aif-assistant.openai.azure.com/",
                    "OpenAI Language Model Instance API": "https://aif-assistant.openai.azure.com/",
                    "OpenAI Model Scaleset API": "https://aif-assistant.openai.azure.com/",
                    "OpenAI Moderations API": "https://aif-assistant.openai.azure.com/",
                    "OpenAI Realtime API": "https://aif-assistant.openai.azure.com/",
                    "OpenAI Sora API": "https://aif-assistant.openai.azure.com/",
                    "OpenAI Whisper API": "https://aif-assistant.openai.azure.com/",
                    "QnAMaker": "https://aif-assistant.cognitiveservices.azure.com/",
                    "QuestionAnswering": "https://aif-assistant.cognitiveservices.azure.com/",
                    "Speech Services Audio Content Creation": "https://aif-assistant.cognitiveservices.azure.com/",
                    "Speech Services Batch Avatar": "https://aif-assistant.cognitiveservices.azure.com/",
                    "Speech Services Batch Text to Speech": "https://aif-assistant.cognitiveservices.azure.com/",
                    "Speech Services Custom Avatar": "https://aif-assistant.cognitiveservices.azure.com/",
                    "Speech Services Custom Voice": "https://aif-assistant.cognitiveservices.azure.com/",
                    "Speech Services Custom Voice Trial": "https://aif-assistant.cognitiveservices.azure.com/",
                    "Speech Services Speaker Identification": "https://aif-assistant.cognitiveservices.azure.com/",
                    "Speech Services Speaker Verification": "https://aif-assistant.cognitiveservices.azure.com/",
                    "Speech Services Speech to Text": "https://aif-assistant.cognitiveservices.azure.com/",
                    "Speech Services Speech to Text (Standard)": "https://westeurope.stt.speech.microsoft.com",
                    "Speech Services Speech to Text 2024-05-15-preview": "https://aif-assistant.cognitiveservices.azure.com/",
                    "Speech Services Speech to Text 2024-11-15": "https://aif-assistant.cognitiveservices.azure.com/",
                    "Speech Services Speech to Text v3.2": "https://aif-assistant.cognitiveservices.azure.com/",
                    "Speech Services Speech to Text v3.2_internal.1": "https://aif-assistant.cognitiveservices.azure.com/",
                    "Speech Services Text to Speech (Neural)": "https://westeurope.tts.speech.microsoft.com",
                    "Text Analytics": "https://aif-assistant.cognitiveservices.azure.com/",
                    "TextTranslation": "https://aif-assistant.cognitiveservices.azure.com/",
                    "TextTranslation-Global": "https://api.cognitive.microsofttranslator.com/",
                    "Token": "https://aif-assistant.cognitiveservices.azure.com/",
                    "Token Service API": "https://aif-assistant.openai.azure.com/",
                    "Turing": "https://aif-assistant.cognitiveservices.azure.com/",
                    "Video Translation": "https://aif-assistant.cognitiveservices.azure.com/",
                    "Voice Agent Realtime API": "https://aif-assistant.cognitiveservices.azure.com/",
                    "Voice Live Realtime API": "https://aif-assistant.cognitiveservices.azure.com/"
                  },
                  "internalId": "bbb6b3cc6fba48208ecb744d272db24e",
                  "isMigrated": false,
                  "provisioningState": "Succeeded"
                },
                "tags": {
                  "environment": "development"
                },
                "type": "Microsoft.CognitiveServices/accounts"
              },
              "type": [
                "object",
                {
                  "id": "string",
                  "identity": [
                    "object",
                    {
                      "principalId": "string",
                      "tenantId": "string"
                    }
                  ],
                  "properties": [
                    "object",
                    {
                      "associatedProjects": [
                        "tuple",
                        [
                          "string"
                        ]
                      ],
                      "callRateLimit": [
                        "object",
                        {
                          "rules": [
                            "tuple",
                            [
                              [
                                "object",
                                {
                                  "matchPatterns": [
                                    "tuple",
                                    [
                                      [
                                        "object",
                                        {}
                                      ]
                                    ]
                                  ]
                                }
                              ],
                              [
                                "object",
                                {
                                  "matchPatterns": [
                                    "tuple",
                                    [
                                      [
                                        "object",
                                        {}
                                      ]
                                    ]
                                  ]
                                }
                              ],
                              [
                                "object",
                                {
                                  "matchPatterns": [
                                    "tuple",
                                    [
                                      [
                                        "object",
                                        {}
                                      ]
                                    ]
                                  ]
                                }
                              ],
                              [
                                "object",
                                {
                                  "matchPatterns": [
                                    "tuple",
                                    [
                                      [
                                        "object",
                                        {}
                                      ]
                                    ]
                                  ]
                                }
                              ],
                              [
                                "object",
                                {
                                  "matchPatterns": [
                                    "tuple",
                                    [
                                      [
                                        "object",
                                        {}
                                      ]
                                    ]
                                  ]
                                }
                              ],
                              [
                                "object",
                                {
                                  "matchPatterns": [
                                    "tuple",
                                    [
                                      [
                                        "object",
                                        {}
                                      ]
                                    ]
                                  ]
                                }
                              ],
                              [
                                "object",
                                {
                                  "matchPatterns": [
                                    "tuple",
                                    [
                                      [
                                        "object",
                                        {}
                                      ]
                                    ]
                                  ]
                                }
                              ],
                              [
                                "object",
                                {
                                  "matchPatterns": [
                                    "tuple",
                                    [
                                      [
                                        "object",
                                        {}
                                      ]
                                    ]
                                  ]
                                }
                              ],
                              [
                                "object",
                                {
                                  "matchPatterns": [
                                    "tuple",
                                    [
                                      [
                                        "object",
                                        {}
                                      ]
                                    ]
                                  ]
                                }
                              ],
                              [
                                "object",
                                {
                                  "matchPatterns": [
                                    "tuple",
                                    [
                                      [
                                        "object",
                                        {}
                                      ]
                                    ]
                                  ]
                                }
                              ],
                              [
                                "object",
                                {
                                  "matchPatterns": [
                                    "tuple",
                                    [
                                      [
                                        "object",
                                        {}
                                      ]
                                    ]
                                  ]
                                }
                              ],
                              [
                                "object",
                                {
                                  "matchPatterns": [
                                    "tuple",
                                    [
                                      [
                                        "object",
                                        {}
                                      ]
                                    ]
                                  ]
                                }
                              ],
                              [
                                "object",
                                {
                                  "matchPatterns": [
                                    "tuple",
                                    [
                                      [
                                        "object",
                                        {}
                                      ]
                                    ]
                                  ]
                                }
                              ],
                              [
                                "object",
                                {
                                  "matchPatterns": [
                                    "tuple",
                                    [
                                      [
                                        "object",
                                        {}
                                      ]
                                    ]
                                  ]
                                }
                              ],
                              [
                                "object",
                                {
                                  "matchPatterns": [
                                    "tuple",
                                    [
                                      [
                                        "object",
                                        {}
                                      ]
                                    ]
                                  ]
                                }
                              ],
                              [
                                "object",
                                {
                                  "matchPatterns": [
                                    "tuple",
                                    [
                                      [
                                        "object",
                                        {}
                                      ]
                                    ]
                                  ]
                                }
                              ],
                              [
                                "object",
                                {
                                  "matchPatterns": [
                                    "tuple",
                                    [
                                      [
                                        "object",
                                        {}
                                      ]
                                    ]
                                  ]
                                }
                              ],
                              [
                                "object",
                                {
                                  "matchPatterns": [
                                    "tuple",
                                    [
                                      [
                                        "object",
                                        {}
                                      ]
                                    ]
                                  ]
                                }
                              ],
                              [
                                "object",
                                {
                                  "matchPatterns": [
                                    "tuple",
                                    [
                                      [
                                        "object",
                                        {}
                                      ]
                                    ]
                                  ]
                                }
                              ],
                              [
                                "object",
                                {
                                  "matchPatterns": [
                                    "tuple",
                                    [
                                      [
                                        "object",
                                        {}
                                      ]
                                    ]
                                  ]
                                }
                              ],
                              [
                                "object",
                                {
                                  "matchPatterns": [
                                    "tuple",
                                    [
                                      [
                                        "object",
                                        {}
                                      ]
                                    ]
                                  ]
                                }
                              ],
                              [
                                "object",
                                {
                                  "matchPatterns": [
                                    "tuple",
                                    [
                                      [
                                        "object",
                                        {}
                                      ]
                                    ]
                                  ]
                                }
                              ],
                              [
                                "object",
                                {
                                  "matchPatterns": [
                                    "tuple",
                                    [
                                      [
                                        "object",
                                        {}
                                      ]
                                    ]
                                  ]
                                }
                              ],
                              [
                                "object",
                                {
                                  "matchPatterns": [
                                    "tuple",
                                    [
                                      [
                                        "object",
                                        {}
                                      ]
                                    ]
                                  ]
                                }
                              ],
                              [
                                "object",
                                {
                                  "matchPatterns": [
                                    "tuple",
                                    [
                                      [
                                        "object",
                                        {}
                                      ]
                                    ]
                                  ]
                                }
                              ],
                              [
                                "object",
                                {
                                  "matchPatterns": [
                                    "tuple",
                                    [
                                      [
                                        "object",
                                        {}
                                      ]
                                    ]
                                  ]
                                }
                              ],
                              [
                                "object",
                                {
                                  "matchPatterns": [
                                    "tuple",
                                    [
                                      [
                                        "object",
                                        {}
                                      ]
                                    ]
                                  ]
                                }
                              ],
                              [
                                "object",
                                {
                                  "matchPatterns": [
                                    "tuple",
                                    [
                                      [
                                        "object",
                                        {}
                                      ]
                                    ]
                                  ]
                                }
                              ],
                              [
                                "object",
                                {
                                  "matchPatterns": [
                                    "tuple",
                                    [
                                      [
                                        "object",
                                        {}
                                      ]
                                    ]
                                  ]
                                }
                              ],
                              [
                                "object",
                                {
                                  "matchPatterns": [
                                    "tuple",
                                    [
                                      [
                                        "object",
                                        {}
                                      ]
                                    ]
                                  ]
                                }
                              ],
                              [
                                "object",
                                {
                                  "matchPatterns": [
                                    "tuple",
                                    [
                                      [
                                        "object",
                                        {}
                                      ],
                                      [
                                        "object",
                                        {}
                                      ],
                                      [
                                        "object",
                                        {}
                                      ]
                                    ]
                                  ]
                                }
                              ],
                              [
                                "object",
                                {
                                  "matchPatterns": [
                                    "tuple",
                                    [
                                      [
                                        "object",
                                        {}
                                      ],
                                      [
                                        "object",
                                        {}
                                      ],
                                      [
                                        "object",
                                        {}
                                      ]
                                    ]
                                  ]
                                }
                              ],
                              [
                                "object",
                                {
                                  "matchPatterns": [
                                    "tuple",
                                    [
                                      [
                                        "object",
                                        {}
                                      ]
                                    ]
                                  ]
                                }
                              ],
                              [
                                "object",
                                {
                                  "matchPatterns": [
                                    "tuple",
                                    [
                                      [
                                        "object",
                                        {}
                                      ]
                                    ]
                                  ]
                                }
                              ],
                              [
                                "object",
                                {
                                  "matchPatterns": [
                                    "tuple",
                                    [
                                      [
                                        "object",
                                        {}
                                      ]
                                    ]
                                  ]
                                }
                              ],
                              [
                                "object",
                                {
                                  "matchPatterns": [
                                    "tuple",
                                    [
                                      [
                                        "object",
                                        {}
                                      ]
                                    ]
                                  ]
                                }
                              ],
                              [
                                "object",
                                {
                                  "matchPatterns": [
                                    "tuple",
                                    [
                                      [
                                        "object",
                                        {}
                                      ]
                                    ]
                                  ]
                                }
                              ],
                              [
                                "object",
                                {
                                  "matchPatterns": [
                                    "tuple",
                                    [
                                      [
                                        "object",
                                        {}
                                      ]
                                    ]
                                  ]
                                }
                              ],
                              [
                                "object",
                                {
                                  "matchPatterns": [
                                    "tuple",
                                    [
                                      [
                                        "object",
                                        {}
                                      ]
                                    ]
                                  ]
                                }
                              ],
                              [
                                "object",
                                {
                                  "matchPatterns": [
                                    "tuple",
                                    [
                                      [
                                        "object",
                                        {}
                                      ]
                                    ]
                                  ]
                                }
                              ],
                              [
                                "object",
                                {
                                  "matchPatterns": [
                                    "tuple",
                                    [
                                      [
                                        "object",
                                        {}
                                      ]
                                    ]
                                  ]
                                }
                              ],
                              [
                                "object",
                                {
                                  "matchPatterns": [
                                    "tuple",
                                    [
                                      [
                                        "object",
                                        {}
                                      ]
                                    ]
                                  ]
                                }
                              ],
                              [
                                "object",
                                {
                                  "matchPatterns": [
                                    "tuple",
                                    [
                                      [
                                        "object",
                                        {}
                                      ]
                                    ]
                                  ]
                                }
                              ],
                              [
                                "object",
                                {
                                  "matchPatterns": [
                                    "tuple",
                                    [
                                      [
                                        "object",
                                        {}
                                      ]
                                    ]
                                  ]
                                }
                              ],
                              [
                                "object",
                                {
                                  "matchPatterns": [
                                    "tuple",
                                    [
                                      [
                                        "object",
                                        {}
                                      ]
                                    ]
                                  ]
                                }
                              ],
                              [
                                "object",
                                {
                                  "matchPatterns": [
                                    "tuple",
                                    [
                                      [
                                        "object",
                                        {}
                                      ]
                                    ]
                                  ]
                                }
                              ],
                              [
                                "object",
                                {
                                  "matchPatterns": [
                                    "tuple",
                                    [
                                      [
                                        "object",
                                        {}
                                      ]
                                    ]
                                  ]
                                }
                              ],
                              [
                                "object",
                                {
                                  "matchPatterns": [
                                    "tuple",
                                    [
                                      [
                                        "object",
                                        {}
                                      ]
                                    ]
                                  ]
                                }
                              ],
                              [
                                "object",
                                {
                                  "matchPatterns": [
                                    "tuple",
                                    [
                                      [
                                        "object",
                                        {}
                                      ]
                                    ]
                                  ]
                                }
                              ],
                              [
                                "object",
                                {
                                  "matchPatterns": [
                                    "tuple",
                                    [
                                      [
                                        "object",
                                        {}
                                      ],
                                      [
                                        "object",
                                        {}
                                      ],
                                      [
                                        "object",
                                        {}
                                      ]
                                    ]
                                  ]
                                }
                              ],
                              [
                                "object",
                                {
                                  "matchPatterns": [
                                    "tuple",
                                    [
                                      [
                                        "object",
                                        {}
                                      ]
                                    ]
                                  ]
                                }
                              ],
                              [
                                "object",
                                {
                                  "matchPatterns": [
                                    "tuple",
                                    [
                                      [
                                        "object",
                                        {}
                                      ]
                                    ]
                                  ]
                                }
                              ],
                              [
                                "object",
                                {
                                  "matchPatterns": [
                                    "tuple",
                                    [
                                      [
                                        "object",
                                        {}
                                      ]
                                    ]
                                  ]
                                }
                              ],
                              [
                                "object",
                                {
                                  "matchPatterns": [
                                    "tuple",
                                    [
                                      [
                                        "object",
                                        {}
                                      ]
                                    ]
                                  ]
                                }
                              ],
                              [
                                "object",
                                {
                                  "matchPatterns": [
                                    "tuple",
                                    [
                                      [
                                        "object",
                                        {}
                                      ],
                                      [
                                        "object",
                                        {}
                                      ]
                                    ]
                                  ]
                                }
                              ],
                              [
                                "object",
                                {
                                  "matchPatterns": [
                                    "tuple",
                                    [
                                      [
                                        "object",
                                        {}
                                      ]
                                    ]
                                  ]
                                }
                              ],
                              [
                                "object",
                                {
                                  "matchPatterns": [
                                    "tuple",
                                    [
                                      [
                                        "object",
                                        {}
                                      ],
                                      [
                                        "object",
                                        {}
                                      ],
                                      [
                                        "object",
                                        {}
                                      ],
                                      [
                                        "object",
                                        {}
                                      ],
                                      [
                                        "object",
                                        {}
                                      ],
                                      [
                                        "object",
                                        {}
                                      ],
                                      [
                                        "object",
                                        {}
                                      ],
                                      [
                                        "object",
                                        {}
                                      ],
                                      [
                                        "object",
                                        {}
                                      ],
                                      [
                                        "object",
                                        {}
                                      ],
                                      [
                                        "object",
                                        {}
                                      ],
                                      [
                                        "object",
                                        {}
                                      ],
                                      [
                                        "object",
                                        {}
                                      ],
                                      [
                                        "object",
                                        {}
                                      ],
                                      [
                                        "object",
                                        {}
                                      ],
                                      [
                                        "object",
                                        {}
                                      ]
                                    ]
                                  ]
                                }
                              ],
                              [
                                "object",
                                {
                                  "matchPatterns": [
                                    "tuple",
                                    [
                                      [
                                        "object",
                                        {}
                                      ],
                                      [
                                        "object",
                                        {}
                                      ],
                                      [
                                        "object",
                                        {}
                                      ],
                                      [
                                        "object",
                                        {}
                                      ],
                                      [
                                        "object",
                                        {}
                                      ],
                                      [
                                        "object",
                                        {}
                                      ],
                                      [
                                        "object",
                                        {}
                                      ],
                                      [
                                        "object",
                                        {}
                                      ],
                                      [
                                        "object",
                                        {}
                                      ],
                                      [
                                        "object",
                                        {}
                                      ],
                                      [
                                        "object",
                                        {}
                                      ],
                                      [
                                        "object",
                                        {}
                                      ],
                                      [
                                        "object",
                                        {}
                                      ],
                                      [
                                        "object",
                                        {}
                                      ],
                                      [
                                        "object",
                                        {}
                                      ],
                                      [
                                        "object",
                                        {}
                                      ],
                                      [
                                        "object",
                                        {}
                                      ],
                                      [
                                        "object",
                                        {}
                                      ],
                                      [
                                        "object",
                                        {}
                                      ],
                                      [
                                        "object",
                                        {}
                                      ],
                                      [
                                        "object",
                                        {}
                                      ],
                                      [
                                        "object",
                                        {}
                                      ],
                                      [
                                        "object",
                                        {}
                                      ],
                                      [
                                        "object",
                                        {}
                                      ],
                                      [
                                        "object",
                                        {}
                                      ]
                                    ]
                                  ]
                                }
                              ],
                              [
                                "object",
                                {
                                  "matchPatterns": [
                                    "tuple",
                                    [
                                      [
                                        "object",
                                        {}
                                      ],
                                      [
                                        "object",
                                        {}
                                      ],
                                      [
                                        "object",
                                        {}
                                      ],
                                      [
                                        "object",
                                        {}
                                      ],
                                      [
                                        "object",
                                        {}
                                      ],
                                      [
                                        "object",
                                        {}
                                      ],
                                      [
                                        "object",
                                        {}
                                      ],
                                      [
                                        "object",
                                        {}
                                      ],
                                      [
                                        "object",
                                        {}
                                      ],
                                      [
                                        "object",
                                        {}
                                      ]
                                    ]
                                  ]
                                }
                              ],
                              [
                                "object",
                                {
                                  "matchPatterns": [
                                    "tuple",
                                    [
                                      [
                                        "object",
                                        {}
                                      ],
                                      [
                                        "object",
                                        {}
                                      ],
                                      [
                                        "object",
                                        {}
                                      ],
                                      [
                                        "object",
                                        {}
                                      ],
                                      [
                                        "object",
                                        {}
                                      ],
                                      [
                                        "object",
                                        {}
                                      ],
                                      [
                                        "object",
                                        {}
                                      ],
                                      [
                                        "object",
                                        {}
                                      ],
                                      [
                                        "object",
                                        {}
                                      ],
                                      [
                                        "object",
                                        {}
                                      ],
                                      [
                                        "object",
                                        {}
                                      ],
                                      [
                                        "object",
                                        {}
                                      ],
                                      [
                                        "object",
                                        {}
                                      ],
                                      [
                                        "object",
                                        {}
                                      ],
                                      [
                                        "object",
                                        {}
                                      ],
                                      [
                                        "object",
                                        {}
                                      ],
                                      [
                                        "object",
                                        {}
                                      ],
                                      [
                                        "object",
                                        {}
                                      ],
                                      [
                                        "object",
                                        {}
                                      ],
                                      [
                                        "object",
                                        {}
                                      ],
                                      [
                                        "object",
                                        {}
                                      ],
                                      [
                                        "object",
                                        {}
                                      ],
                                      [
                                        "object",
                                        {}
                                      ],
                                      [
                                        "object",
                                        {}
                                      ],
                                      [
                                        "object",
                                        {}
                                      ]
                                    ]
                                  ]
                                }
                              ],
                              [
                                "object",
                                {
                                  "matchPatterns": [
                                    "tuple",
                                    [
                                      [
                                        "object",
                                        {}
                                      ]
                                    ]
                                  ]
                                }
                              ],
                              [
                                "object",
                                {
                                  "matchPatterns": [
                                    "tuple",
                                    [
                                      [
                                        "object",
                                        {}
                                      ]
                                    ]
                                  ]
                                }
                              ],
                              [
                                "object",
                                {
                                  "matchPatterns": [
                                    "tuple",
                                    [
                                      [
                                        "object",
                                        {}
                                      ],
                                      [
                                        "object",
                                        {}
                                      ],
                                      [
                                        "object",
                                        {}
                                      ],
                                      [
                                        "object",
                                        {}
                                      ]
                                    ]
                                  ]
                                }
                              ],
                              [
                                "object",
                                {
                                  "matchPatterns": [
                                    "tuple",
                                    [
                                      [
                                        "object",
                                        {}
                                      ],
                                      [
                                        "object",
                                        {}
                                      ],
                                      [
                                        "object",
                                        {}
                                      ]
                                    ]
                                  ]
                                }
                              ],
                              [
                                "object",
                                {
                                  "matchPatterns": [
                                    "tuple",
                                    [
                                      [
                                        "object",
                                        {}
                                      ]
                                    ]
                                  ]
                                }
                              ],
                              [
                                "object",
                                {
                                  "matchPatterns": [
                                    "tuple",
                                    [
                                      [
                                        "object",
                                        {}
                                      ]
                                    ]
                                  ]
                                }
                              ],
                              [
                                "object",
                                {
                                  "matchPatterns": [
                                    "tuple",
                                    [
                                      [
                                        "object",
                                        {}
                                      ]
                                    ]
                                  ]
                                }
                              ],
                              [
                                "object",
                                {
                                  "matchPatterns": [
                                    "tuple",
                                    [
                                      [
                                        "object",
                                        {}
                                      ]
                                    ]
                                  ]
                                }
                              ],
                              [
                                "object",
                                {
                                  "matchPatterns": [
                                    "tuple",
                                    [
                                      [
                                        "object",
                                        {}
                                      ]
                                    ]
                                  ]
                                }
                              ],
                              [
                                "object",
                                {
                                  "matchPatterns": [
                                    "tuple",
                                    [
                                      [
                                        "object",
                                        {}
                                      ]
                                    ]
                                  ]
                                }
                              ],
                              [
                                "object",
                                {
                                  "matchPatterns": [
                                    "tuple",
                                    [
                                      [
                                        "object",
                                        {}
                                      ]
                                    ]
                                  ]
                                }
                              ],
                              [
                                "object",
                                {
                                  "matchPatterns": [
                                    "tuple",
                                    [
                                      [
                                        "object",
                                        {}
                                      ]
                                    ]
                                  ]
                                }
                              ],
                              [
                                "object",
                                {
                                  "matchPatterns": [
                                    "tuple",
                                    [
                                      [
                                        "object",
                                        {}
                                      ]
                                    ]
                                  ]
                                }
                              ],
                              [
                                "object",
                                {
                                  "matchPatterns": [
                                    "tuple",
                                    [
                                      [
                                        "object",
                                        {}
                                      ]
                                    ]
                                  ]
                                }
                              ],
                              [
                                "object",
                                {
                                  "matchPatterns": [
                                    "tuple",
                                    [
                                      [
                                        "object",
                                        {}
                                      ]
                                    ]
                                  ]
                                }
                              ],
                              [
                                "object",
                                {
                                  "matchPatterns": [
                                    "tuple",
                                    [
                                      [
                                        "object",
                                        {}
                                      ]
                                    ]
                                  ]
                                }
                              ],
                              [
                                "object",
                                {
                                  "matchPatterns": [
                                    "tuple",
                                    [
                                      [
                                        "object",
                                        {}
                                      ]
                                    ]
                                  ]
                                }
                              ],
                              [
                                "object",
                                {
                                  "matchPatterns": [
                                    "tuple",
                                    [
                                      [
                                        "object",
                                        {}
                                      ]
                                    ]
                                  ]
                                }
                              ],
                              [
                                "object",
                                {
                                  "matchPatterns": [
                                    "tuple",
                                    [
                                      [
                                        "object",
                                        {}
                                      ]
                                    ]
                                  ]
                                }
                              ],
                              [
                                "object",
                                {
                                  "matchPatterns": [
                                    "tuple",
                                    [
                                      [
                                        "object",
                                        {}
                                      ]
                                    ]
                                  ]
                                }
                              ],
                              [
                                "object",
                                {
                                  "matchPatterns": [
                                    "tuple",
                                    [
                                      [
                                        "object",
                                        {}
                                      ]
                                    ]
                                  ]
                                }
                              ],
                              [
                                "object",
                                {
                                  "matchPatterns": [
                                    "tuple",
                                    [
                                      [
                                        "object",
                                        {}
                                      ]
                                    ]
                                  ]
                                }
                              ],
                              [
                                "object",
                                {
                                  "matchPatterns": [
                                    "tuple",
                                    [
                                      [
                                        "object",
                                        {}
                                      ]
                                    ]
                                  ]
                                }
                              ],
                              [
                                "object",
                                {
                                  "matchPatterns": [
                                    "tuple",
                                    [
                                      [
                                        "object",
                                        {}
                                      ]
                                    ]
                                  ]
                                }
                              ],
                              [
                                "object",
                                {
                                  "matchPatterns": [
                                    "tuple",
                                    [
                                      [
                                        "object",
                                        {}
                                      ]
                                    ]
                                  ]
                                }
                              ],
                              [
                                "object",
                                {
                                  "matchPatterns": [
                                    "tuple",
                                    [
                                      [
                                        "object",
                                        {}
                                      ]
                                    ]
                                  ]
                                }
                              ],
                              [
                                "object",
                                {
                                  "matchPatterns": [
                                    "tuple",
                                    [
                                      [
                                        "object",
                                        {}
                                      ]
                                    ]
                                  ]
                                }
                              ],
                              [
                                "object",
                                {
                                  "matchPatterns": [
                                    "tuple",
                                    [
                                      [
                                        "object",
                                        {}
                                      ]
                                    ]
                                  ]
                                }
                              ],
                              [
                                "object",
                                {
                                  "matchPatterns": [
                                    "tuple",
                                    [
                                      [
                                        "object",
                                        {}
                                      ]
                                    ]
                                  ]
                                }
                              ],
                              [
                                "object",
                                {
                                  "matchPatterns": [
                                    "tuple",
                                    [
                                      [
                                        "object",
                                        {}
                                      ]
                                    ]
                                  ]
                                }
                              ],
                              [
                                "object",
                                {
                                  "matchPatterns": [
                                    "tuple",
                                    [
                                      [
                                        "object",
                                        {}
                                      ]
                                    ]
                                  ]
                                }
                              ],
                              [
                                "object",
                                {
                                  "matchPatterns": [
                                    "tuple",
                                    [
                                      [
                                        "object",
                                        {}
                                      ]
                                    ]
                                  ]
                                }
                              ],
                              [
                                "object",
                                {
                                  "matchPatterns": [
                                    "tuple",
                                    [
                                      [
                                        "object",
                                        {}
                                      ]
                                    ]
                                  ]
                                }
                              ],
                              [
                                "object",
                                {
                                  "matchPatterns": [
                                    "tuple",
                                    [
                                      [
                                        "object",
                                        {}
                                      ],
                                      [
                                        "object",
                                        {}
                                      ],
                                      [
                                        "object",
                                        {}
                                      ],
                                      [
                                        "object",
                                        {}
                                      ],
                                      [
                                        "object",
                                        {}
                                      ],
                                      [
                                        "object",
                                        {}
                                      ]
                                    ]
                                  ]
                                }
                              ],
                              [
                                "object",
                                {
                                  "matchPatterns": [
                                    "tuple",
                                    [
                                      [
                                        "object",
                                        {}
                                      ]
                                    ]
                                  ]
                                }
                              ],
                              [
                                "object",
                                {
                                  "matchPatterns": [
                                    "tuple",
                                    [
                                      [
                                        "object",
                                        {}
                                      ],
                                      [
                                        "object",
                                        {}
                                      ],
                                      [
                                        "object",
                                        {}
                                      ]
                                    ]
                                  ]
                                }
                              ],
                              [
                                "object",
                                {
                                  "matchPatterns": [
                                    "tuple",
                                    [
                                      [
                                        "object",
                                        {}
                                      ],
                                      [
                                        "object",
                                        {}
                                      ],
                                      [
                                        "object",
                                        {}
                                      ],
                                      [
                                        "object",
                                        {}
                                      ]
                                    ]
                                  ]
                                }
                              ],
                              [
                                "object",
                                {
                                  "matchPatterns": [
                                    "tuple",
                                    [
                                      [
                                        "object",
                                        {}
                                      ],
                                      [
                                        "object",
                                        {}
                                      ],
                                      [
                                        "object",
                                        {}
                                      ],
                                      [
                                        "object",
                                        {}
                                      ],
                                      [
                                        "object",
                                        {}
                                      ],
                                      [
                                        "object",
                                        {}
                                      ],
                                      [
                                        "object",
                                        {}
                                      ],
                                      [
                                        "object",
                                        {}
                                      ],
                                      [
                                        "object",
                                        {}
                                      ],
                                      [
                                        "object",
                                        {}
                                      ],
                                      [
                                        "object",
                                        {}
                                      ]
                                    ]
                                  ]
                                }
                              ],
                              [
                                "object",
                                {
                                  "matchPatterns": [
                                    "tuple",
                                    [
                                      [
                                        "object",
                                        {}
                                      ]
                                    ]
                                  ]
                                }
                              ],
                              [
                                "object",
                                {
                                  "matchPatterns": [
                                    "tuple",
                                    [
                                      [
                                        "object",
                                        {}
                                      ],
                                      [
                                        "object",
                                        {}
                                      ]
                                    ]
                                  ]
                                }
                              ],
                              [
                                "object",
                                {
                                  "matchPatterns": [
                                    "tuple",
                                    [
                                      [
                                        "object",
                                        {}
                                      ],
                                      [
                                        "object",
                                        {}
                                      ]
                                    ]
                                  ]
                                }
                              ],
                              [
                                "object",
                                {
                                  "matchPatterns": [
                                    "tuple",
                                    [
                                      [
                                        "object",
                                        {}
                                      ]
                                    ]
                                  ]
                                }
                              ],
                              [
                                "object",
                                {
                                  "matchPatterns": [
                                    "tuple",
                                    [
                                      [
                                        "object",
                                        {}
                                      ]
                                    ]
                                  ]
                                }
                              ],
                              [
                                "object",
                                {
                                  "matchPatterns": [
                                    "tuple",
                                    [
                                      [
                                        "object",
                                        {}
                                      ]
                                    ]
                                  ]
                                }
                              ],
                              [
                                "object",
                                {
                                  "matchPatterns": [
                                    "tuple",
                                    [
                                      [
                                        "object",
                                        {}
                                      ],
                                      [
                                        "object",
                                        {}
                                      ],
                                      [
                                        "object",
                                        {}
                                      ],
                                      [
                                        "object",
                                        {}
                                      ],
                                      [
                                        "object",
                                        {}
                                      ],
                                      [
                                        "object",
                                        {}
                                      ]
                                    ]
                                  ]
                                }
                              ],
                              [
                                "object",
                                {
                                  "matchPatterns": [
                                    "tuple",
                                    [
                                      [
                                        "object",
                                        {}
                                      ],
                                      [
                                        "object",
                                        {}
                                      ]
                                    ]
                                  ]
                                }
                              ],
                              [
                                "object",
                                {
                                  "matchPatterns": [
                                    "tuple",
                                    [
                                      [
                                        "object",
                                        {}
                                      ],
                                      [
                                        "object",
                                        {}
                                      ]
                                    ]
                                  ]
                                }
                              ],
                              [
                                "object",
                                {
                                  "matchPatterns": [
                                    "tuple",
                                    [
                                      [
                                        "object",
                                        {}
                                      ],
                                      [
                                        "object",
                                        {}
                                      ]
                                    ]
                                  ]
                                }
                              ],
                              [
                                "object",
                                {
                                  "matchPatterns": [
                                    "tuple",
                                    [
                                      [
                                        "object",
                                        {}
                                      ],
                                      [
                                        "object",
                                        {}
                                      ]
                                    ]
                                  ]
                                }
                              ],
                              [
                                "object",
                                {
                                  "matchPatterns": [
                                    "tuple",
                                    [
                                      [
                                        "object",
                                        {}
                                      ]
                                    ]
                                  ]
                                }
                              ],
                              [
                                "object",
                                {
                                  "matchPatterns": [
                                    "tuple",
                                    [
                                      [
                                        "object",
                                        {}
                                      ]
                                    ]
                                  ]
                                }
                              ],
                              [
                                "object",
                                {
                                  "matchPatterns": [
                                    "tuple",
                                    [
                                      [
                                        "object",
                                        {}
                                      ]
                                    ]
                                  ]
                                }
                              ]
                            ]
                          ]
                        }
                      ],
                      "capabilities": [
                        "tuple",
                        [
                          [
                            "object",
                            {}
                          ],
                          [
                            "object",
                            {}
                          ],
                          [
                            "object",
                            {}
                          ],
                          [
                            "object",
                            {}
                          ],
                          [
                            "object",
                            {}
                          ],
                          [
                            "object",
                            {}
                          ],
                          [
                            "object",
                            {}
                          ],
                          [
                            "object",
                            {}
                          ],
                          [
                            "object",
                            {}
                          ],
                          [
                            "object",
                            {}
                          ],
                          [
                            "object",
                            {}
                          ],
                          [
                            "object",
                            {}
                          ],
                          [
                            "object",
                            {}
                          ]
                        ]
                      ],
                      "dateCreated": "string",
                      "endpoint": "string",
                      "endpoints": [
                        "object",
                        {
                          "AI Foundry API": "string",
                          "Azure AI Model Inference API": "string",
                          "Cohere AI API": "string",
                          "Computer Vision": "string",
                          "Container": "string",
                          "Content Safety": "string",
                          "Content Understanding": "string",
                          "Conversational Language Understanding Authoring": "string",
                          "ConversationalLURuntime": "string",
                          "Custom Question Answering": "string",
                          "Custom Question Answering Authoring": "string",
                          "Custom Text Authoring": "string",
                          "CustomTranslator": "string",
                          "DocumentTranslation": "string",
                          "FormRecognizer": "string",
                          "LUIS": "string",
                          "Language": "string",
                          "Mistral AI API": "string",
                          "OpenAI Dall-E API": "string",
                          "OpenAI Language Model Instance API": "string",
                          "OpenAI Model Scaleset API": "string",
                          "OpenAI Moderations API": "string",
                          "OpenAI Realtime API": "string",
                          "OpenAI Sora API": "string",
                          "OpenAI Whisper API": "string",
                          "QnAMaker": "string",
                          "QuestionAnswering": "string",
                          "Speech Services Audio Content Creation": "string",
                          "Speech Services Batch Avatar": "string",
                          "Speech Services Batch Text to Speech": "string",
                          "Speech Services Custom Avatar": "string",
                          "Speech Services Custom Voice": "string",
                          "Speech Services Custom Voice Trial": "string",
                          "Speech Services Speaker Identification": "string",
                          "Speech Services Speaker Verification": "string",
                          "Speech Services Speech to Text": "string",
                          "Speech Services Speech to Text (Standard)": "string",
                          "Speech Services Speech to Text 2024-05-15-preview": "string",
                          "Speech Services Speech to Text 2024-11-15": "string",
                          "Speech Services Speech to Text v3.2": "string",
                          "Speech Services Speech to Text v3.2_internal.1": "string",
                          "Speech Services Text to Speech (Neural)": "string",
                          "Text Analytics": "string",
                          "TextTranslation": "string",
                          "TextTranslation-Global": "string",
                          "Token": "string",
                          "Token Service API": "string",
                          "Turing": "string",
                          "Video Translation": "string",
                          "Voice Agent Realtime API": "string",
                          "Voice Live Realtime API": "string"
                        }
                      ],
                      "internalId": "string",
                      "isMigrated": "bool",
                      "provisioningState": "string"
                    }
                  ],
                  "tags": [
                    "object",
                    {
                      "environment": "string"
                    }
                  ],
                  "type": "string"
                }
              ]
            },
            "parent_id": "/subscriptions/e32dabfc-1904-4ae7-a543-1db013b3c60c/resourceGroups/rg-assistant",
            "read_headers": null,
            "read_query_parameters": null,
            "replace_triggers_external_values": null,
            "replace_triggers_refs": null,
            "response_export_values": null,
            "retry": null,
            "schema_validation_enabled": false,
            "sensitive_body": null,
            "sensitive_body_version": null,
            "tags": {
              "environment": "development"
            },
            "timeouts": null,
            "type": "Microsoft.CognitiveServices/accounts@2025-06-01",
            "update_headers": null,
            "update_query_parameters": null
          },
          "sensitive_attributes": [],
          "identity_schema_version": 0,
          "private": "eyJzZW5zaXRpdmVfYm9keSI6ImV5Sm9ZWE5vSWpvaVpFTk9UMjFMTDI1VFdTc3hNblpJZW1GelRGaHBjM2Q2YkVkVU5WVklRVGRxUVVkWmEzWnRRM1ZSY3owaWZRPT0ifQ==",
          "dependencies": [
            "azurerm_resource_group.rg"
          ]
        }
      ]
    },
    {
      "mode": "managed",
      "type": "azapi_resource",
      "name": "ai_project_instance",
      "provider": "provider[\"registry.terraform.io/azure/azapi\"]",
      "instances": [
        {
          "schema_version": 2,
          "attributes": {
            "body": {
              "value": {
                "identity": {
                  "type": "SystemAssigned"
                },
                "properties": {
                  "description": "AI Project for project-001 workloads",
                  "displayName": "project-001"
                }
              },
              "type": [
                "object",
                {
                  "identity": [
                    "object",
                    {
                      "type": "string"
                    }
                  ],
                  "properties": [
                    "object",
                    {
                      "description": "string",
                      "displayName": "string"
                    }
                  ]
                }
              ]
            },
            "create_headers": null,
            "create_query_parameters": null,
            "delete_headers": null,
            "delete_query_parameters": null,
            "id": "/subscriptions/e32dabfc-1904-4ae7-a543-1db013b3c60c/resourceGroups/rg-assistant/providers/Microsoft.CognitiveServices/accounts/aif-assistant/projects/project-001",
            "identity": [],
            "ignore_casing": false,
            "ignore_missing_property": true,
            "ignore_null_property": false,
            "location": "westeurope",
            "locks": null,
            "name": "project-001",
            "output": {
              "value": {
                "id": "/subscriptions/e32dabfc-1904-4ae7-a543-1db013b3c60c/resourceGroups/rg-assistant/providers/Microsoft.CognitiveServices/accounts/aif-assistant/projects/project-001",
                "identity": {
                  "principalId": "fc8ff4c1-39e4-498c-b667-df03374f4680",
                  "tenantId": "99153c66-04da-4534-b83f-000d045ea8af"
                },
                "properties": {
                  "endpoints": {
                    "AI Foundry API": "https://aif-assistant.services.ai.azure.com/api/projects/project-001"
                  },
                  "isDefault": true,
                  "provisioningState": "Succeeded"
                },
                "tags": {
                  "environment": "development"
                },
                "type": "Microsoft.CognitiveServices/accounts/projects"
              },
              "type": [
                "object",
                {
                  "id": "string",
                  "identity": [
                    "object",
                    {
                      "principalId": "string",
                      "tenantId": "string"
                    }
                  ],
                  "properties": [
                    "object",
                    {
                      "endpoints": [
                        "object",
                        {
                          "AI Foundry API": "string"
                        }
                      ],
                      "isDefault": "bool",
                      "provisioningState": "string"
                    }
                  ],
                  "tags": [
                    "object",
                    {
                      "environment": "string"
                    }
                  ],
                  "type": "string"
                }
              ]
            },
            "parent_id": "/subscriptions/e32dabfc-1904-4ae7-a543-1db013b3c60c/resourceGroups/rg-assistant/providers/Microsoft.CognitiveServices/accounts/aif-assistant",
            "read_headers": null,
            "read_query_parameters": null,
            "replace_triggers_external_values": null,
            "replace_triggers_refs": null,
            "response_export_values": null,
            "retry": null,
            "schema_validation_enabled": false,
            "sensitive_body": null,
            "sensitive_body_version": null,
            "tags": {
              "environment": "development"
            },
            "timeouts": null,
            "type": "Microsoft.CognitiveServices/accounts/projects@2025-06-01",
            "update_headers": null,
            "update_query_parameters": null
          },
          "sensitive_attributes": [],
          "identity_schema_version": 0,
          "private": "eyJzZW5zaXRpdmVfYm9keSI6ImV5Sm9ZWE5vSWpvaVpFTk9UMjFMTDI1VFdTc3hNblpJZW1GelRGaHBjM2Q2YkVkVU5WVklRVGRxUVVkWmEzWnRRM1ZSY3owaWZRPT0ifQ==",
          "dependencies": [
            "azapi_resource.ai_foundry_instance",
            "azurerm_resource_group.rg"
          ]
        }
      ]
    },
    {
      "mode": "managed",
      "type": "azapi_resource",
      "name": "model_deployment",
      "provider": "provider[\"registry.terraform.io/azure/azapi\"]",
      "instances": [
        {
          "schema_version": 2,
          "attributes": {
            "body": {
              "value": {
                "properties": {
                  "model": {
                    "format": "OpenAI",
                    "name": "gpt-4o",
                    "version": "2024-11-20"
                  },
                  "raiPolicyName": "Microsoft.DefaultV2",
                  "versionUpgradeOption": "NoAutoUpgrade"
                },
                "sku": {
                  "capacity": 100,
                  "name": "DataZoneStandard"
                }
              },
              "type": [
                "object",
                {
                  "properties": [
                    "object",
                    {
                      "model": [
                        "object",
                        {
                          "format": "string",
                          "name": "string",
                          "version": "string"
                        }
                      ],
                      "raiPolicyName": "string",
                      "versionUpgradeOption": "string"
                    }
                  ],
                  "sku": [
                    "object",
                    {
                      "capacity": "number",
                      "name": "string"
                    }
                  ]
                }
              ]
            },
            "create_headers": null,
            "create_query_parameters": null,
            "delete_headers": null,
            "delete_query_parameters": null,
            "id": "/subscriptions/e32dabfc-1904-4ae7-a543-1db013b3c60c/resourceGroups/rg-assistant/providers/Microsoft.CognitiveServices/accounts/aif-assistant/deployments/gpt-4o-model_deployment",
            "identity": [],
            "ignore_casing": false,
            "ignore_missing_property": true,
            "ignore_null_property": false,
            "location": "westeurope",
            "locks": null,
            "name": "gpt-4o-model_deployment",
            "output": {
              "value": {
                "id": "/subscriptions/e32dabfc-1904-4ae7-a543-1db013b3c60c/resourceGroups/rg-assistant/providers/Microsoft.CognitiveServices/accounts/aif-assistant/deployments/gpt-4o-model_deployment",
                "properties": {
                  "capabilities": {
                    "area": "EUR",
                    "assistants": "true",
                    "chatCompletion": "true",
                    "jsonSchemaResponse": "true",
                    "responses": "true"
                  },
                  "provisioningState": "Succeeded",
                  "rateLimits": [
                    {},
                    {}
                  ]
                },
                "tags": {
                  "environment": "development"
                },
                "type": "Microsoft.CognitiveServices/accounts/deployments"
              },
              "type": [
                "object",
                {
                  "id": "string",
                  "properties": [
                    "object",
                    {
                      "capabilities": [
                        "object",
                        {
                          "area": "string",
                          "assistants": "string",
                          "chatCompletion": "string",
                          "jsonSchemaResponse": "string",
                          "responses": "string"
                        }
                      ],
                      "provisioningState": "string",
                      "rateLimits": [
                        "tuple",
                        [
                          [
                            "object",
                            {}
                          ],
                          [
                            "object",
                            {}
                          ]
                        ]
                      ]
                    }
                  ],
                  "tags": [
                    "object",
                    {
                      "environment": "string"
                    }
                  ],
                  "type": "string"
                }
              ]
            },
            "parent_id": "/subscriptions/e32dabfc-1904-4ae7-a543-1db013b3c60c/resourceGroups/rg-assistant/providers/Microsoft.CognitiveServices/accounts/aif-assistant",
            "read_headers": null,
            "read_query_parameters": null,
            "replace_triggers_external_values": null,
            "replace_triggers_refs": null,
            "response_export_values": null,
            "retry": null,
            "schema_validation_enabled": false,
            "sensitive_body": null,
            "sensitive_body_version": null,
            "tags": {
              "environment": "development"
            },
            "timeouts": null,
            "type": "Microsoft.CognitiveServices/accounts/deployments@2025-06-01",
            "update_headers": null,
            "update_query_parameters": null
          },
          "sensitive_attributes": [],
          "identity_schema_version": 0,
          "private": "eyJzZW5zaXRpdmVfYm9keSI6ImV5Sm9ZWE5vSWpvaVpFTk9UMjFMTDI1VFdTc3hNblpJZW1GelRGaHBjM2Q2YkVkVU5WVklRVGRxUVVkWmEzWnRRM1ZSY3owaWZRPT0ifQ==",
          "dependencies": [
            "azapi_resource.ai_foundry_instance",
            "azapi_resource.ai_project_instance",
            "azurerm_resource_group.rg"
          ]
        }
      ]
    },
    {
      "mode": "managed",
      "type": "azurerm_network_security_group",
      "name": "nsg_main",
      "provider": "provider[\"registry.terraform.io/hashicorp/azurerm\"]",
      "instances": [
        {
          "schema_version": 0,
          "attributes": {
            "id": "/subscriptions/e32dabfc-1904-4ae7-a543-1db013b3c60c/resourceGroups/rg-assistant/providers/Microsoft.Network/networkSecurityGroups/var.nsg_main_name",
            "location": "westeurope",
            "name": "var.nsg_main_name",
            "resource_group_name": "rg-assistant",
            "security_rule": [
              {
                "access": "Allow",
                "description": "",
                "destination_address_prefix": "AzureCloud",
                "destination_address_prefixes": [],
                "destination_application_security_group_ids": [],
                "destination_port_range": "443",
                "destination_port_ranges": [],
                "direction": "Outbound",
                "name": "AllowAzureCloud",
                "priority": 1002,
                "protocol": "Tcp",
                "source_address_prefix": "VirtualNetwork",
                "source_address_prefixes": [],
                "source_application_security_group_ids": [],
                "source_port_range": "*",
                "source_port_ranges": []
              },
              {
                "access": "Allow",
                "description": "",
                "destination_address_prefix": "VirtualNetwork",
                "destination_address_prefixes": [],
                "destination_application_security_group_ids": [],
                "destination_port_range": "443",
                "destination_port_ranges": [],
                "direction": "Inbound",
                "name": "AllowVNetHTTPS",
                "priority": 1001,
                "protocol": "Tcp",
                "source_address_prefix": "VirtualNetwork",
                "source_address_prefixes": [],
                "source_application_security_group_ids": [],
                "source_port_range": "*",
                "source_port_ranges": []
              },
              {
                "access": "Deny",
                "description": "",
                "destination_address_prefix": "*",
                "destination_address_prefixes": [],
                "destination_application_security_group_ids": [],
                "destination_port_range": "*",
                "destination_port_ranges": [],
                "direction": "Inbound",
                "name": "DenyAllInbound",
                "priority": 4096,
                "protocol": "*",
                "source_address_prefix": "*",
                "source_address_prefixes": [],
                "source_application_security_group_ids": [],
                "source_port_range": "*",
                "source_port_ranges": []
              }
            ],
            "tags": {
              "environment": "development"
            },
            "timeouts": null
          },
          "sensitive_attributes": [],
          "identity_schema_version": 0,
          "identity": {
            "name": "var.nsg_main_name",
            "resource_group_name": "rg-assistant",
            "subscription_id": "e32dabfc-1904-4ae7-a543-1db013b3c60c"
          },
          "private": "eyJlMmJmYjczMC1lY2FhLTExZTYtOGY4OC0zNDM2M2JjN2M0YzAiOnsiY3JlYXRlIjoxODAwMDAwMDAwMDAwLCJkZWxldGUiOjE4MDAwMDAwMDAwMDAsInJlYWQiOjMwMDAwMDAwMDAwMCwidXBkYXRlIjoxODAwMDAwMDAwMDAwfX0=",
          "dependencies": [
            "azurerm_resource_group.rg"
          ]
        }
      ]
    },
    {
      "mode": "managed",
      "type": "azurerm_resource_group",
      "name": "rg",
      "provider": "provider[\"registry.terraform.io/hashicorp/azurerm\"]",
      "instances": [
        {
          "schema_version": 0,
          "attributes": {
            "id": "/subscriptions/e32dabfc-1904-4ae7-a543-1db013b3c60c/resourceGroups/rg-assistant",
            "location": "westeurope",
            "managed_by": "",
            "name": "rg-assistant",
            "tags": {
              "environment": "development"
            },
            "timeouts": null
          },
          "sensitive_attributes": [],
          "identity_schema_version": 0,
          "private": "eyJlMmJmYjczMC1lY2FhLTExZTYtOGY4OC0zNDM2M2JjN2M0YzAiOnsiY3JlYXRlIjo1NDAwMDAwMDAwMDAwLCJkZWxldGUiOjU0MDAwMDAwMDAwMDAsInJlYWQiOjMwMDAwMDAwMDAwMCwidXBkYXRlIjo1NDAwMDAwMDAwMDAwfX0="
        }
      ]
    },
    {
      "mode": "managed",
      "type": "azurerm_subnet",
      "name": "subnet_agents",
      "provider": "provider[\"registry.terraform.io/hashicorp/azurerm\"]",
      "instances": [
        {
          "schema_version": 0,
          "attributes": {
            "address_prefixes": [
              "10.1.1.0/24"
            ],
            "default_outbound_access_enabled": true,
            "delegation": [],
            "id": "/subscriptions/e32dabfc-1904-4ae7-a543-1db013b3c60c/resourceGroups/rg-assistant/providers/Microsoft.Network/virtualNetworks/vnet_ai_services/subnets/subnet-agents",
            "name": "subnet-agents",
            "private_endpoint_network_policies": "Disabled",
            "private_link_service_network_policies_enabled": true,
            "resource_group_name": "rg-assistant",
            "service_endpoint_policy_ids": [],
            "service_endpoints": [],
            "timeouts": null,
            "virtual_network_name": "vnet_ai_services"
          },
          "sensitive_attributes": [],
          "identity_schema_version": 0,
          "identity": {
            "name": "subnet-agents",
            "resource_group_name": "rg-assistant",
            "subscription_id": "e32dabfc-1904-4ae7-a543-1db013b3c60c",
            "virtual_network_name": "vnet_ai_services"
          },
          "private": "eyJlMmJmYjczMC1lY2FhLTExZTYtOGY4OC0zNDM2M2JjN2M0YzAiOnsiY3JlYXRlIjoxODAwMDAwMDAwMDAwLCJkZWxldGUiOjE4MDAwMDAwMDAwMDAsInJlYWQiOjMwMDAwMDAwMDAwMCwidXBkYXRlIjoxODAwMDAwMDAwMDAwfX0=",
          "dependencies": [
            "azurerm_resource_group.rg",
            "azurerm_virtual_network.vnet_ai_services"
          ]
        }
      ]
    },
    {
      "mode": "managed",
      "type": "azurerm_subnet",
      "name": "subnet_pep",
      "provider": "provider[\"registry.terraform.io/hashicorp/azurerm\"]",
      "instances": [
        {
          "schema_version": 0,
          "attributes": {
            "address_prefixes": [
              "10.1.0.0/24"
            ],
            "default_outbound_access_enabled": true,
            "delegation": [],
            "id": "/subscriptions/e32dabfc-1904-4ae7-a543-1db013b3c60c/resourceGroups/rg-assistant/providers/Microsoft.Network/virtualNetworks/vnet_ai_services/subnets/subnet-pep",
            "name": "subnet-pep",
            "private_endpoint_network_policies": "Disabled",
            "private_link_service_network_policies_enabled": true,
            "resource_group_name": "rg-assistant",
            "service_endpoint_policy_ids": [],
            "service_endpoints": [],
            "timeouts": null,
            "virtual_network_name": "vnet_ai_services"
          },
          "sensitive_attributes": [],
          "identity_schema_version": 0,
          "identity": {
            "name": "subnet-pep",
            "resource_group_name": "rg-assistant",
            "subscription_id": "e32dabfc-1904-4ae7-a543-1db013b3c60c",
            "virtual_network_name": "vnet_ai_services"
          },
          "private": "eyJlMmJmYjczMC1lY2FhLTExZTYtOGY4OC0zNDM2M2JjN2M0YzAiOnsiY3JlYXRlIjoxODAwMDAwMDAwMDAwLCJkZWxldGUiOjE4MDAwMDAwMDAwMDAsInJlYWQiOjMwMDAwMDAwMDAwMCwidXBkYXRlIjoxODAwMDAwMDAwMDAwfX0=",
          "dependencies": [
            "azurerm_resource_group.rg",
            "azurerm_virtual_network.vnet_ai_services"
          ]
        }
      ]
    },
    {
      "mode": "managed",
      "type": "azurerm_subnet_network_security_group_association",
      "name": "nsg_association",
      "provider": "provider[\"registry.terraform.io/hashicorp/azurerm\"]",
      "instances": [
        {
          "schema_version": 0,
          "attributes": {
            "id": "/subscriptions/e32dabfc-1904-4ae7-a543-1db013b3c60c/resourceGroups/rg-assistant/providers/Microsoft.Network/virtualNetworks/vnet_ai_services/subnets/subnet-pep",
            "network_security_group_id": "/subscriptions/e32dabfc-1904-4ae7-a543-1db013b3c60c/resourceGroups/rg-assistant/providers/Microsoft.Network/networkSecurityGroups/var.nsg_main_name",
            "subnet_id": "/subscriptions/e32dabfc-1904-4ae7-a543-1db013b3c60c/resourceGroups/rg-assistant/providers/Microsoft.Network/virtualNetworks/vnet_ai_services/subnets/subnet-pep",
            "timeouts": null
          },
          "sensitive_attributes": [],
          "identity_schema_version": 0,
          "private": "eyJlMmJmYjczMC1lY2FhLTExZTYtOGY4OC0zNDM2M2JjN2M0YzAiOnsiY3JlYXRlIjoxODAwMDAwMDAwMDAwLCJkZWxldGUiOjE4MDAwMDAwMDAwMDAsInJlYWQiOjMwMDAwMDAwMDAwMH19",
          "dependencies": [
            "azurerm_network_security_group.nsg_main",
            "azurerm_resource_group.rg",
            "azurerm_subnet.subnet_pep",
            "azurerm_virtual_network.vnet_ai_services"
          ]
        }
      ]
    },
    {
      "mode": "managed",
      "type": "azurerm_virtual_network",
      "name": "vnet_ai_services",
      "provider": "provider[\"registry.terraform.io/hashicorp/azurerm\"]",
      "instances": [
        {
          "schema_version": 0,
          "attributes": {
            "address_space": [
              "10.1.0.0/22"
            ],
            "bgp_community": "",
            "ddos_protection_plan": [],
            "dns_servers": [],
            "edge_zone": "",
            "encryption": [],
            "flow_timeout_in_minutes": 0,
            "guid": "aeb4e614-7911-4ee7-ac80-42e9953d9723",
            "id": "/subscriptions/e32dabfc-1904-4ae7-a543-1db013b3c60c/resourceGroups/rg-assistant/providers/Microsoft.Network/virtualNetworks/vnet_ai_services",
            "ip_address_pool": [],
            "location": "westeurope",
            "name": "vnet_ai_services",
            "private_endpoint_vnet_policies": "Disabled",
            "resource_group_name": "rg-assistant",
            "subnet": [
              {
                "address_prefixes": [
                  "10.1.0.0/24"
                ],
                "default_outbound_access_enabled": true,
                "delegation": [],
                "id": "/subscriptions/e32dabfc-1904-4ae7-a543-1db013b3c60c/resourceGroups/rg-assistant/providers/Microsoft.Network/virtualNetworks/vnet_ai_services/subnets/subnet-pep",
                "name": "subnet-pep",
                "private_endpoint_network_policies": "Disabled",
                "private_link_service_network_policies_enabled": true,
                "route_table_id": "",
                "security_group": "/subscriptions/e32dabfc-1904-4ae7-a543-1db013b3c60c/resourceGroups/rg-assistant/providers/Microsoft.Network/networkSecurityGroups/var.nsg_main_name",
                "service_endpoint_policy_ids": [],
                "service_endpoints": []
              },
              {
                "address_prefixes": [
                  "10.1.1.0/24"
                ],
                "default_outbound_access_enabled": true,
                "delegation": [],
                "id": "/subscriptions/e32dabfc-1904-4ae7-a543-1db013b3c60c/resourceGroups/rg-assistant/providers/Microsoft.Network/virtualNetworks/vnet_ai_services/subnets/subnet-agents",
                "name": "subnet-agents",
                "private_endpoint_network_policies": "Disabled",
                "private_link_service_network_policies_enabled": true,
                "route_table_id": "",
                "security_group": "/subscriptions/e32dabfc-1904-4ae7-a543-1db013b3c60c/resourceGroups/rg-assistant/providers/Microsoft.Network/networkSecurityGroups/vnet_ai_services-subnet-agents-nsg-westeurope",
                "service_endpoint_policy_ids": [],
                "service_endpoints": []
              }
            ],
            "tags": {
              "environment": "development"
            },
            "timeouts": null
          },
          "sensitive_attributes": [],
          "identity_schema_version": 0,
          "identity": {
            "name": "vnet_ai_services",
            "resource_group_name": "rg-assistant",
            "subscription_id": "e32dabfc-1904-4ae7-a543-1db013b3c60c"
          },
          "private": "eyJlMmJmYjczMC1lY2FhLTExZTYtOGY4OC0zNDM2M2JjN2M0YzAiOnsiY3JlYXRlIjoxODAwMDAwMDAwMDAwLCJkZWxldGUiOjE4MDAwMDAwMDAwMDAsInJlYWQiOjMwMDAwMDAwMDAwMCwidXBkYXRlIjoxODAwMDAwMDAwMDAwfX0=",
          "dependencies": [
            "azurerm_resource_group.rg"
          ]
        }
      ]
    }
  ],
  "check_results": null
}
